Microsoft Visual Studio Solution File, Format Version 12.00
# Visual Studio 2013
Project("{2150E333-8FDC-42A3-9474-1A3956D46DE8}") = "Contracts", "Contracts", "{C077C415-6C00-4677-869B-25287FC75498}"
EndProject
Project("{2150E333-8FDC-42A3-9474-1A3956D46DE8}") = "DAL", "DAL", "{97D95BC9-BF78-4915-8499-38A2042AC330}"
EndProject
Project("{2150E333-8FDC-42A3-9474-1A3956D46DE8}") = "DALCore", "DALCore", "{6DE27FBD-5184-41D0-83A2-4D228A4CC4E0}"
EndProject
Project("{2150E333-8FDC-42A3-9474-1A3956D46DE8}") = "Frameworks", "Frameworks", "{B627375D-D8C2-408C-BEDF-99060EC757BA}"
EndProject
Project("{2150E333-8FDC-42A3-9474-1A3956D46DE8}") = "Services", "Services", "{5BBF6910-72D1-4AF4-B6C5-27FCCAA62A01}"
EndProject
Project("{2150E333-8FDC-42A3-9474-1A3956D46DE8}") = "ServicesCore", "ServicesCore", "{8F612F0F-03B3-42DD-B2BD-84477E8FDEB4}"
EndProject
Project("{2150E333-8FDC-42A3-9474-1A3956D46DE8}") = "UINative", "UINative", "{1C826517-8D2C-41C6-BDC5-0A0DBCD4C166}"
EndProject
Project("{2150E333-8FDC-42A3-9474-1A3956D46DE8}") = "UIWebCore", "UIWebCore", "{5D80620B-4319-48D7-B3E4-F242D0D8895C}"
EndProject
Project("{FAE04EC0-301F-11D3-BF4B-00C04F79EFBC}") = "Elmah.WebApiControllers", "Elmah\WebApiControllers\Elmah.WebApiControllers.csproj", "{780ADD20-E98C-4C8A-9848-B482404D47F1}"
	ProjectSection(ProjectDependencies) = postProject
		{476C6A5A-5797-4655-B24D-A8ED9E69A60A} = {476C6A5A-5797-4655-B24D-A8ED9E69A60A}
		{81CB3FF3-DAF7-477F-8912-DCA370C1085D} = {81CB3FF3-DAF7-477F-8912-DCA370C1085D}
		{5DCD7AFD-DBA3-4655-AA07-C01EA63F267D} = {5DCD7AFD-DBA3-4655-AA07-C01EA63F267D}
		{13CFA7A9-9087-473B-8658-AF80881F919D} = {13CFA7A9-9087-473B-8658-AF80881F919D}
	EndProjectSection
EndProject
Project("{FAE04EC0-301F-11D3-BF4B-00C04F79EFBC}") = "Elmah.Services", "Elmah\Services\Elmah.Services.csproj", "{D6E3B637-9D2A-4590-9749-19C2E5B44857}"
	ProjectSection(ProjectDependencies) = postProject
		{81CB3FF3-DAF7-477F-8912-DCA370C1085D} = {81CB3FF3-DAF7-477F-8912-DCA370C1085D}
		{13CFA7A9-9087-473B-8658-AF80881F919D} = {13CFA7A9-9087-473B-8658-AF80881F919D}
	EndProjectSection
EndProject
Project("{FAE04EC0-301F-11D3-BF4B-00C04F79EFBC}") = "Elmah.RepositoryContracts", "Elmah\RepositoryContracts\Elmah.RepositoryContracts.csproj", "{0B057BC7-4238-4B04-8389-4C0B78BF4386}"
	ProjectSection(ProjectDependencies) = postProject
	EndProjectSection
EndProject
Project("{FAE04EC0-301F-11D3-BF4B-00C04F79EFBC}") = "Elmah.EFCoreRepositories", "Elmah\EFCoreRepositories\Elmah.EFCoreRepositories.csproj", "{DB2D66FC-6322-4C24-93F8-B008FDB9003B}"
	ProjectSection(ProjectDependencies) = postProject
		{81CB3FF3-DAF7-477F-8912-DCA370C1085D} = {81CB3FF3-DAF7-477F-8912-DCA370C1085D}
	EndProjectSection
EndProject
Project("{FAE04EC0-301F-11D3-BF4B-00C04F79EFBC}") = "Elmah.ServiceContracts", "Elmah\ServiceContracts\Elmah.ServiceContracts.csproj", "{92702083-6155-40DF-867F-E63A760E685E}"
	ProjectSection(ProjectDependencies) = postProject
	EndProjectSection
EndProject
Global
	GlobalSection(SolutionConfigurationPlatforms) = preSolution
		Ad-Hoc|Any CPU = Ad-Hoc|Any CPU
		Ad-Hoc|ARM = Ad-Hoc|ARM
		Ad-Hoc|iPhone = Ad-Hoc|iPhone
		Ad-Hoc|iPhoneSimulator = Ad-Hoc|iPhoneSimulator
		Ad-Hoc|Mixed Platforms = Ad-Hoc|Mixed Platforms
		Ad-Hoc|x64 = Ad-Hoc|x64
		Ad-Hoc|x86 = Ad-Hoc|x86
		AppStore|Any CPU = AppStore|Any CPU
		AppStore|ARM = AppStore|ARM
		AppStore|iPhone = AppStore|iPhone
		AppStore|iPhoneSimulator = AppStore|iPhoneSimulator
		AppStore|Mixed Platforms = AppStore|Mixed Platforms
		AppStore|x64 = AppStore|x64
		AppStore|x86 = AppStore|x86
		Debug|Any CPU = Debug|Any CPU
		Debug|ARM = Debug|ARM
		Debug|iPhone = Debug|iPhone
		Debug|iPhoneSimulator = Debug|iPhoneSimulator
		Debug|Mixed Platforms = Debug|Mixed Platforms
		Debug|x64 = Debug|x64
		Debug|x86 = Debug|x86
		Release|Any CPU = Release|Any CPU
		Release|ARM = Release|ARM
		Release|iPhone = Release|iPhone
		Release|iPhoneSimulator = Release|iPhoneSimulator
		Release|Mixed Platforms = Release|Mixed Platforms
		Release|x64 = Release|x64
		Release|x86 = Release|x86
	EndGlobalSection
	GlobalSection(ProjectConfigurationPlatforms) = postSolution
		{780ADD20-E98C-4C8A-9848-B482404D47F1}.Ad-Hoc|Any CPU.ActiveCfg = Release|Any CPU
		{780ADD20-E98C-4C8A-9848-B482404D47F1}.Ad-Hoc|Any CPU.Build.0 = Release|Any CPU
		{780ADD20-E98C-4C8A-9848-B482404D47F1}.Ad-Hoc|ARM.ActiveCfg = Release|Any CPU
		{780ADD20-E98C-4C8A-9848-B482404D47F1}.Ad-Hoc|ARM.Build.0 = Release|Any CPU
		{780ADD20-E98C-4C8A-9848-B482404D47F1}.Ad-Hoc|iPhone.ActiveCfg = Release|Any CPU
		{780ADD20-E98C-4C8A-9848-B482404D47F1}.Ad-Hoc|iPhone.Build.0 = Release|Any CPU
		{780ADD20-E98C-4C8A-9848-B482404D47F1}.Ad-Hoc|iPhoneSimulator.ActiveCfg = Release|Any CPU
		{780ADD20-E98C-4C8A-9848-B482404D47F1}.Ad-Hoc|iPhoneSimulator.Build.0 = Release|Any CPU
		{780ADD20-E98C-4C8A-9848-B482404D47F1}.Ad-Hoc|Mixed Platforms.ActiveCfg = Release|Any CPU
		{780ADD20-E98C-4C8A-9848-B482404D47F1}.Ad-Hoc|Mixed Platforms.Build.0 = Release|Any CPU
		{780ADD20-E98C-4C8A-9848-B482404D47F1}.Ad-Hoc|x64.ActiveCfg = Release|Any CPU
		{780ADD20-E98C-4C8A-9848-B482404D47F1}.Ad-Hoc|x64.Build.0 = Release|Any CPU
		{780ADD20-E98C-4C8A-9848-B482404D47F1}.Ad-Hoc|x86.ActiveCfg = Release|Any CPU
		{780ADD20-E98C-4C8A-9848-B482404D47F1}.Ad-Hoc|x86.Build.0 = Release|Any CPU
		{780ADD20-E98C-4C8A-9848-B482404D47F1}.AppStore|Any CPU.ActiveCfg = Release|Any CPU
		{780ADD20-E98C-4C8A-9848-B482404D47F1}.AppStore|Any CPU.Build.0 = Release|Any CPU
		{780ADD20-E98C-4C8A-9848-B482404D47F1}.AppStore|ARM.ActiveCfg = Release|Any CPU
		{780ADD20-E98C-4C8A-9848-B482404D47F1}.AppStore|ARM.Build.0 = Release|Any CPU
		{780ADD20-E98C-4C8A-9848-B482404D47F1}.AppStore|iPhone.ActiveCfg = Release|Any CPU
		{780ADD20-E98C-4C8A-9848-B482404D47F1}.AppStore|iPhone.Build.0 = Release|Any CPU
		{780ADD20-E98C-4C8A-9848-B482404D47F1}.AppStore|iPhoneSimulator.ActiveCfg = Release|Any CPU
		{780ADD20-E98C-4C8A-9848-B482404D47F1}.AppStore|iPhoneSimulator.Build.0 = Release|Any CPU
		{780ADD20-E98C-4C8A-9848-B482404D47F1}.AppStore|Mixed Platforms.ActiveCfg = Release|Any CPU
		{780ADD20-E98C-4C8A-9848-B482404D47F1}.AppStore|Mixed Platforms.Build.0 = Release|Any CPU
		{780ADD20-E98C-4C8A-9848-B482404D47F1}.AppStore|x64.ActiveCfg = Release|Any CPU
		{780ADD20-E98C-4C8A-9848-B482404D47F1}.AppStore|x64.Build.0 = Release|Any CPU
		{780ADD20-E98C-4C8A-9848-B482404D47F1}.AppStore|x86.ActiveCfg = Release|Any CPU
		{780ADD20-E98C-4C8A-9848-B482404D47F1}.AppStore|x86.Build.0 = Release|Any CPU
		{780ADD20-E98C-4C8A-9848-B482404D47F1}.Debug|Any CPU.ActiveCfg = Debug|Any CPU
		{780ADD20-E98C-4C8A-9848-B482404D47F1}.Debug|Any CPU.Build.0 = Debug|Any CPU
		{780ADD20-E98C-4C8A-9848-B482404D47F1}.Debug|ARM.ActiveCfg = Debug|Any CPU
		{780ADD20-E98C-4C8A-9848-B482404D47F1}.Debug|ARM.Build.0 = Debug|Any CPU
		{780ADD20-E98C-4C8A-9848-B482404D47F1}.Debug|iPhone.ActiveCfg = Debug|Any CPU
		{780ADD20-E98C-4C8A-9848-B482404D47F1}.Debug|iPhone.Build.0 = Debug|Any CPU
		{780ADD20-E98C-4C8A-9848-B482404D47F1}.Debug|iPhoneSimulator.ActiveCfg = Debug|Any CPU
		{780ADD20-E98C-4C8A-9848-B482404D47F1}.Debug|iPhoneSimulator.Build.0 = Debug|Any CPU
		{780ADD20-E98C-4C8A-9848-B482404D47F1}.Debug|Mixed Platforms.ActiveCfg = Debug|Any CPU
		{780ADD20-E98C-4C8A-9848-B482404D47F1}.Debug|Mixed Platforms.Build.0 = Debug|Any CPU
		{780ADD20-E98C-4C8A-9848-B482404D47F1}.Debug|x64.ActiveCfg = Debug|Any CPU
		{780ADD20-E98C-4C8A-9848-B482404D47F1}.Debug|x64.Build.0 = Debug|Any CPU
		{780ADD20-E98C-4C8A-9848-B482404D47F1}.Debug|x86.ActiveCfg = Debug|Any CPU
		{780ADD20-E98C-4C8A-9848-B482404D47F1}.Debug|x86.Build.0 = Debug|Any CPU
		{780ADD20-E98C-4C8A-9848-B482404D47F1}.Release|Any CPU.ActiveCfg = Release|Any CPU
		{780ADD20-E98C-4C8A-9848-B482404D47F1}.Release|Any CPU.Build.0 = Release|Any CPU
		{780ADD20-E98C-4C8A-9848-B482404D47F1}.Release|ARM.ActiveCfg = Release|Any CPU
		{780ADD20-E98C-4C8A-9848-B482404D47F1}.Release|ARM.Build.0 = Release|Any CPU
		{780ADD20-E98C-4C8A-9848-B482404D47F1}.Release|iPhone.ActiveCfg = Release|Any CPU
		{780ADD20-E98C-4C8A-9848-B482404D47F1}.Release|iPhone.Build.0 = Release|Any CPU
		{780ADD20-E98C-4C8A-9848-B482404D47F1}.Release|iPhoneSimulator.ActiveCfg = Release|Any CPU
		{780ADD20-E98C-4C8A-9848-B482404D47F1}.Release|iPhoneSimulator.Build.0 = Release|Any CPU
		{780ADD20-E98C-4C8A-9848-B482404D47F1}.Release|Mixed Platforms.ActiveCfg = Release|Any CPU
		{780ADD20-E98C-4C8A-9848-B482404D47F1}.Release|Mixed Platforms.Build.0 = Release|Any CPU
		{780ADD20-E98C-4C8A-9848-B482404D47F1}.Release|x64.ActiveCfg = Release|Any CPU
		{780ADD20-E98C-4C8A-9848-B482404D47F1}.Release|x64.Build.0 = Release|Any CPU
		{780ADD20-E98C-4C8A-9848-B482404D47F1}.Release|x86.ActiveCfg = Release|Any CPU
		{780ADD20-E98C-4C8A-9848-B482404D47F1}.Release|x86.Build.0 = Release|Any CPU
		{D6E3B637-9D2A-4590-9749-19C2E5B44857}.Ad-Hoc|Any CPU.ActiveCfg = Release|Any CPU
		{D6E3B637-9D2A-4590-9749-19C2E5B44857}.Ad-Hoc|Any CPU.Build.0 = Release|Any CPU
		{D6E3B637-9D2A-4590-9749-19C2E5B44857}.Ad-Hoc|ARM.ActiveCfg = Release|Any CPU
		{D6E3B637-9D2A-4590-9749-19C2E5B44857}.Ad-Hoc|ARM.Build.0 = Release|Any CPU
		{D6E3B637-9D2A-4590-9749-19C2E5B44857}.Ad-Hoc|iPhone.ActiveCfg = Release|Any CPU
		{D6E3B637-9D2A-4590-9749-19C2E5B44857}.Ad-Hoc|iPhone.Build.0 = Release|Any CPU
		{D6E3B637-9D2A-4590-9749-19C2E5B44857}.Ad-Hoc|iPhoneSimulator.ActiveCfg = Release|Any CPU
		{D6E3B637-9D2A-4590-9749-19C2E5B44857}.Ad-Hoc|iPhoneSimulator.Build.0 = Release|Any CPU
		{D6E3B637-9D2A-4590-9749-19C2E5B44857}.Ad-Hoc|Mixed Platforms.ActiveCfg = Release|Any CPU
		{D6E3B637-9D2A-4590-9749-19C2E5B44857}.Ad-Hoc|Mixed Platforms.Build.0 = Release|Any CPU
		{D6E3B637-9D2A-4590-9749-19C2E5B44857}.Ad-Hoc|x64.ActiveCfg = Release|Any CPU
		{D6E3B637-9D2A-4590-9749-19C2E5B44857}.Ad-Hoc|x64.Build.0 = Release|Any CPU
		{D6E3B637-9D2A-4590-9749-19C2E5B44857}.Ad-Hoc|x86.ActiveCfg = Release|Any CPU
		{D6E3B637-9D2A-4590-9749-19C2E5B44857}.Ad-Hoc|x86.Build.0 = Release|Any CPU
		{D6E3B637-9D2A-4590-9749-19C2E5B44857}.AppStore|Any CPU.ActiveCfg = Release|Any CPU
		{D6E3B637-9D2A-4590-9749-19C2E5B44857}.AppStore|Any CPU.Build.0 = Release|Any CPU
		{D6E3B637-9D2A-4590-9749-19C2E5B44857}.AppStore|ARM.ActiveCfg = Release|Any CPU
		{D6E3B637-9D2A-4590-9749-19C2E5B44857}.AppStore|ARM.Build.0 = Release|Any CPU
		{D6E3B637-9D2A-4590-9749-19C2E5B44857}.AppStore|iPhone.ActiveCfg = Release|Any CPU
		{D6E3B637-9D2A-4590-9749-19C2E5B44857}.AppStore|iPhone.Build.0 = Release|Any CPU
		{D6E3B637-9D2A-4590-9749-19C2E5B44857}.AppStore|iPhoneSimulator.ActiveCfg = Release|Any CPU
		{D6E3B637-9D2A-4590-9749-19C2E5B44857}.AppStore|iPhoneSimulator.Build.0 = Release|Any CPU
		{D6E3B637-9D2A-4590-9749-19C2E5B44857}.AppStore|Mixed Platforms.ActiveCfg = Release|Any CPU
		{D6E3B637-9D2A-4590-9749-19C2E5B44857}.AppStore|Mixed Platforms.Build.0 = Release|Any CPU
		{D6E3B637-9D2A-4590-9749-19C2E5B44857}.AppStore|x64.ActiveCfg = Release|Any CPU
		{D6E3B637-9D2A-4590-9749-19C2E5B44857}.AppStore|x64.Build.0 = Release|Any CPU
		{D6E3B637-9D2A-4590-9749-19C2E5B44857}.AppStore|x86.ActiveCfg = Release|Any CPU
		{D6E3B637-9D2A-4590-9749-19C2E5B44857}.AppStore|x86.Build.0 = Release|Any CPU
		{D6E3B637-9D2A-4590-9749-19C2E5B44857}.Debug|Any CPU.ActiveCfg = Debug|Any CPU
		{D6E3B637-9D2A-4590-9749-19C2E5B44857}.Debug|Any CPU.Build.0 = Debug|Any CPU
		{D6E3B637-9D2A-4590-9749-19C2E5B44857}.Debug|ARM.ActiveCfg = Debug|Any CPU
		{D6E3B637-9D2A-4590-9749-19C2E5B44857}.Debug|ARM.Build.0 = Debug|Any CPU
		{D6E3B637-9D2A-4590-9749-19C2E5B44857}.Debug|iPhone.ActiveCfg = Debug|Any CPU
		{D6E3B637-9D2A-4590-9749-19C2E5B44857}.Debug|iPhone.Build.0 = Debug|Any CPU
		{D6E3B637-9D2A-4590-9749-19C2E5B44857}.Debug|iPhoneSimulator.ActiveCfg = Debug|Any CPU
		{D6E3B637-9D2A-4590-9749-19C2E5B44857}.Debug|iPhoneSimulator.Build.0 = Debug|Any CPU
		{D6E3B637-9D2A-4590-9749-19C2E5B44857}.Debug|Mixed Platforms.ActiveCfg = Debug|Any CPU
		{D6E3B637-9D2A-4590-9749-19C2E5B44857}.Debug|Mixed Platforms.Build.0 = Debug|Any CPU
		{D6E3B637-9D2A-4590-9749-19C2E5B44857}.Debug|x64.ActiveCfg = Debug|Any CPU
		{D6E3B637-9D2A-4590-9749-19C2E5B44857}.Debug|x64.Build.0 = Debug|Any CPU
		{D6E3B637-9D2A-4590-9749-19C2E5B44857}.Debug|x86.ActiveCfg = Debug|Any CPU
		{D6E3B637-9D2A-4590-9749-19C2E5B44857}.Debug|x86.Build.0 = Debug|Any CPU
		{D6E3B637-9D2A-4590-9749-19C2E5B44857}.Release|Any CPU.ActiveCfg = Release|Any CPU
		{D6E3B637-9D2A-4590-9749-19C2E5B44857}.Release|Any CPU.Build.0 = Release|Any CPU
		{D6E3B637-9D2A-4590-9749-19C2E5B44857}.Release|ARM.ActiveCfg = Release|Any CPU
		{D6E3B637-9D2A-4590-9749-19C2E5B44857}.Release|ARM.Build.0 = Release|Any CPU
		{D6E3B637-9D2A-4590-9749-19C2E5B44857}.Release|iPhone.ActiveCfg = Release|Any CPU
		{D6E3B637-9D2A-4590-9749-19C2E5B44857}.Release|iPhone.Build.0 = Release|Any CPU
		{D6E3B637-9D2A-4590-9749-19C2E5B44857}.Release|iPhoneSimulator.ActiveCfg = Release|Any CPU
		{D6E3B637-9D2A-4590-9749-19C2E5B44857}.Release|iPhoneSimulator.Build.0 = Release|Any CPU
		{D6E3B637-9D2A-4590-9749-19C2E5B44857}.Release|Mixed Platforms.ActiveCfg = Release|Any CPU
		{D6E3B637-9D2A-4590-9749-19C2E5B44857}.Release|Mixed Platforms.Build.0 = Release|Any CPU
		{D6E3B637-9D2A-4590-9749-19C2E5B44857}.Release|x64.ActiveCfg = Release|Any CPU
		{D6E3B637-9D2A-4590-9749-19C2E5B44857}.Release|x64.Build.0 = Release|Any CPU
		{D6E3B637-9D2A-4590-9749-19C2E5B44857}.Release|x86.ActiveCfg = Release|Any CPU
		{D6E3B637-9D2A-4590-9749-19C2E5B44857}.Release|x86.Build.0 = Release|Any CPU
		{0B057BC7-4238-4B04-8389-4C0B78BF4386}.Ad-Hoc|Any CPU.ActiveCfg = Release|Any CPU
		{0B057BC7-4238-4B04-8389-4C0B78BF4386}.Ad-Hoc|Any CPU.Build.0 = Release|Any CPU
		{0B057BC7-4238-4B04-8389-4C0B78BF4386}.Ad-Hoc|ARM.ActiveCfg = Release|Any CPU
		{0B057BC7-4238-4B04-8389-4C0B78BF4386}.Ad-Hoc|ARM.Build.0 = Release|Any CPU
		{0B057BC7-4238-4B04-8389-4C0B78BF4386}.Ad-Hoc|iPhone.ActiveCfg = Release|Any CPU
		{0B057BC7-4238-4B04-8389-4C0B78BF4386}.Ad-Hoc|iPhone.Build.0 = Release|Any CPU
		{0B057BC7-4238-4B04-8389-4C0B78BF4386}.Ad-Hoc|iPhoneSimulator.ActiveCfg = Release|Any CPU
		{0B057BC7-4238-4B04-8389-4C0B78BF4386}.Ad-Hoc|iPhoneSimulator.Build.0 = Release|Any CPU
		{0B057BC7-4238-4B04-8389-4C0B78BF4386}.Ad-Hoc|Mixed Platforms.ActiveCfg = Release|Any CPU
		{0B057BC7-4238-4B04-8389-4C0B78BF4386}.Ad-Hoc|Mixed Platforms.Build.0 = Release|Any CPU
		{0B057BC7-4238-4B04-8389-4C0B78BF4386}.Ad-Hoc|x64.ActiveCfg = Release|Any CPU
		{0B057BC7-4238-4B04-8389-4C0B78BF4386}.Ad-Hoc|x64.Build.0 = Release|Any CPU
		{0B057BC7-4238-4B04-8389-4C0B78BF4386}.Ad-Hoc|x86.ActiveCfg = Release|Any CPU
		{0B057BC7-4238-4B04-8389-4C0B78BF4386}.Ad-Hoc|x86.Build.0 = Release|Any CPU
		{0B057BC7-4238-4B04-8389-4C0B78BF4386}.AppStore|Any CPU.ActiveCfg = Release|Any CPU
		{0B057BC7-4238-4B04-8389-4C0B78BF4386}.AppStore|Any CPU.Build.0 = Release|Any CPU
		{0B057BC7-4238-4B04-8389-4C0B78BF4386}.AppStore|ARM.ActiveCfg = Release|Any CPU
		{0B057BC7-4238-4B04-8389-4C0B78BF4386}.AppStore|ARM.Build.0 = Release|Any CPU
		{0B057BC7-4238-4B04-8389-4C0B78BF4386}.AppStore|iPhone.ActiveCfg = Release|Any CPU
		{0B057BC7-4238-4B04-8389-4C0B78BF4386}.AppStore|iPhone.Build.0 = Release|Any CPU
		{0B057BC7-4238-4B04-8389-4C0B78BF4386}.AppStore|iPhoneSimulator.ActiveCfg = Release|Any CPU
		{0B057BC7-4238-4B04-8389-4C0B78BF4386}.AppStore|iPhoneSimulator.Build.0 = Release|Any CPU
		{0B057BC7-4238-4B04-8389-4C0B78BF4386}.AppStore|Mixed Platforms.ActiveCfg = Release|Any CPU
		{0B057BC7-4238-4B04-8389-4C0B78BF4386}.AppStore|Mixed Platforms.Build.0 = Release|Any CPU
		{0B057BC7-4238-4B04-8389-4C0B78BF4386}.AppStore|x64.ActiveCfg = Release|Any CPU
		{0B057BC7-4238-4B04-8389-4C0B78BF4386}.AppStore|x64.Build.0 = Release|Any CPU
		{0B057BC7-4238-4B04-8389-4C0B78BF4386}.AppStore|x86.ActiveCfg = Release|Any CPU
		{0B057BC7-4238-4B04-8389-4C0B78BF4386}.AppStore|x86.Build.0 = Release|Any CPU
		{0B057BC7-4238-4B04-8389-4C0B78BF4386}.Debug|Any CPU.ActiveCfg = Debug|Any CPU
		{0B057BC7-4238-4B04-8389-4C0B78BF4386}.Debug|Any CPU.Build.0 = Debug|Any CPU
		{0B057BC7-4238-4B04-8389-4C0B78BF4386}.Debug|ARM.ActiveCfg = Debug|Any CPU
		{0B057BC7-4238-4B04-8389-4C0B78BF4386}.Debug|ARM.Build.0 = Debug|Any CPU
		{0B057BC7-4238-4B04-8389-4C0B78BF4386}.Debug|iPhone.ActiveCfg = Debug|Any CPU
		{0B057BC7-4238-4B04-8389-4C0B78BF4386}.Debug|iPhone.Build.0 = Debug|Any CPU
		{0B057BC7-4238-4B04-8389-4C0B78BF4386}.Debug|iPhoneSimulator.ActiveCfg = Debug|Any CPU
		{0B057BC7-4238-4B04-8389-4C0B78BF4386}.Debug|iPhoneSimulator.Build.0 = Debug|Any CPU
		{0B057BC7-4238-4B04-8389-4C0B78BF4386}.Debug|Mixed Platforms.ActiveCfg = Debug|Any CPU
		{0B057BC7-4238-4B04-8389-4C0B78BF4386}.Debug|Mixed Platforms.Build.0 = Debug|Any CPU
		{0B057BC7-4238-4B04-8389-4C0B78BF4386}.Debug|x64.ActiveCfg = Debug|Any CPU
		{0B057BC7-4238-4B04-8389-4C0B78BF4386}.Debug|x64.Build.0 = Debug|Any CPU
		{0B057BC7-4238-4B04-8389-4C0B78BF4386}.Debug|x86.ActiveCfg = Debug|Any CPU
		{0B057BC7-4238-4B04-8389-4C0B78BF4386}.Debug|x86.Build.0 = Debug|Any CPU
		{0B057BC7-4238-4B04-8389-4C0B78BF4386}.Release|Any CPU.ActiveCfg = Release|Any CPU
		{0B057BC7-4238-4B04-8389-4C0B78BF4386}.Release|Any CPU.Build.0 = Release|Any CPU
		{0B057BC7-4238-4B04-8389-4C0B78BF4386}.Release|ARM.ActiveCfg = Release|Any CPU
		{0B057BC7-4238-4B04-8389-4C0B78BF4386}.Release|ARM.Build.0 = Release|Any CPU
		{0B057BC7-4238-4B04-8389-4C0B78BF4386}.Release|iPhone.ActiveCfg = Release|Any CPU
		{0B057BC7-4238-4B04-8389-4C0B78BF4386}.Release|iPhone.Build.0 = Release|Any CPU
		{0B057BC7-4238-4B04-8389-4C0B78BF4386}.Release|iPhoneSimulator.ActiveCfg = Release|Any CPU
		{0B057BC7-4238-4B04-8389-4C0B78BF4386}.Release|iPhoneSimulator.Build.0 = Release|Any CPU
		{0B057BC7-4238-4B04-8389-4C0B78BF4386}.Release|Mixed Platforms.ActiveCfg = Release|Any CPU
		{0B057BC7-4238-4B04-8389-4C0B78BF4386}.Release|Mixed Platforms.Build.0 = Release|Any CPU
		{0B057BC7-4238-4B04-8389-4C0B78BF4386}.Release|x64.ActiveCfg = Release|Any CPU
		{0B057BC7-4238-4B04-8389-4C0B78BF4386}.Release|x64.Build.0 = Release|Any CPU
		{0B057BC7-4238-4B04-8389-4C0B78BF4386}.Release|x86.ActiveCfg = Release|Any CPU
		{0B057BC7-4238-4B04-8389-4C0B78BF4386}.Release|x86.Build.0 = Release|Any CPU
		{DB2D66FC-6322-4C24-93F8-B008FDB9003B}.Ad-Hoc|Any CPU.ActiveCfg = Release|Any CPU
		{DB2D66FC-6322-4C24-93F8-B008FDB9003B}.Ad-Hoc|Any CPU.Build.0 = Release|Any CPU
		{DB2D66FC-6322-4C24-93F8-B008FDB9003B}.Ad-Hoc|ARM.ActiveCfg = Release|Any CPU
		{DB2D66FC-6322-4C24-93F8-B008FDB9003B}.Ad-Hoc|ARM.Build.0 = Release|Any CPU
		{DB2D66FC-6322-4C24-93F8-B008FDB9003B}.Ad-Hoc|iPhone.ActiveCfg = Release|Any CPU
		{DB2D66FC-6322-4C24-93F8-B008FDB9003B}.Ad-Hoc|iPhone.Build.0 = Release|Any CPU
		{DB2D66FC-6322-4C24-93F8-B008FDB9003B}.Ad-Hoc|iPhoneSimulator.ActiveCfg = Release|Any CPU
		{DB2D66FC-6322-4C24-93F8-B008FDB9003B}.Ad-Hoc|iPhoneSimulator.Build.0 = Release|Any CPU
		{DB2D66FC-6322-4C24-93F8-B008FDB9003B}.Ad-Hoc|Mixed Platforms.ActiveCfg = Release|Any CPU
		{DB2D66FC-6322-4C24-93F8-B008FDB9003B}.Ad-Hoc|Mixed Platforms.Build.0 = Release|Any CPU
		{DB2D66FC-6322-4C24-93F8-B008FDB9003B}.Ad-Hoc|x64.ActiveCfg = Release|Any CPU
		{DB2D66FC-6322-4C24-93F8-B008FDB9003B}.Ad-Hoc|x64.Build.0 = Release|Any CPU
		{DB2D66FC-6322-4C24-93F8-B008FDB9003B}.Ad-Hoc|x86.ActiveCfg = Release|Any CPU
		{DB2D66FC-6322-4C24-93F8-B008FDB9003B}.Ad-Hoc|x86.Build.0 = Release|Any CPU
		{DB2D66FC-6322-4C24-93F8-B008FDB9003B}.AppStore|Any CPU.ActiveCfg = Release|Any CPU
		{DB2D66FC-6322-4C24-93F8-B008FDB9003B}.AppStore|Any CPU.Build.0 = Release|Any CPU
		{DB2D66FC-6322-4C24-93F8-B008FDB9003B}.AppStore|ARM.ActiveCfg = Release|Any CPU
		{DB2D66FC-6322-4C24-93F8-B008FDB9003B}.AppStore|ARM.Build.0 = Release|Any CPU
		{DB2D66FC-6322-4C24-93F8-B008FDB9003B}.AppStore|iPhone.ActiveCfg = Release|Any CPU
		{DB2D66FC-6322-4C24-93F8-B008FDB9003B}.AppStore|iPhone.Build.0 = Release|Any CPU
		{DB2D66FC-6322-4C24-93F8-B008FDB9003B}.AppStore|iPhoneSimulator.ActiveCfg = Release|Any CPU
		{DB2D66FC-6322-4C24-93F8-B008FDB9003B}.AppStore|iPhoneSimulator.Build.0 = Release|Any CPU
		{DB2D66FC-6322-4C24-93F8-B008FDB9003B}.AppStore|Mixed Platforms.ActiveCfg = Release|Any CPU
		{DB2D66FC-6322-4C24-93F8-B008FDB9003B}.AppStore|Mixed Platforms.Build.0 = Release|Any CPU
		{DB2D66FC-6322-4C24-93F8-B008FDB9003B}.AppStore|x64.ActiveCfg = Release|Any CPU
		{DB2D66FC-6322-4C24-93F8-B008FDB9003B}.AppStore|x64.Build.0 = Release|Any CPU
		{DB2D66FC-6322-4C24-93F8-B008FDB9003B}.AppStore|x86.ActiveCfg = Release|Any CPU
		{DB2D66FC-6322-4C24-93F8-B008FDB9003B}.AppStore|x86.Build.0 = Release|Any CPU
		{DB2D66FC-6322-4C24-93F8-B008FDB9003B}.Debug|Any CPU.ActiveCfg = Debug|Any CPU
		{DB2D66FC-6322-4C24-93F8-B008FDB9003B}.Debug|Any CPU.Build.0 = Debug|Any CPU
		{DB2D66FC-6322-4C24-93F8-B008FDB9003B}.Debug|ARM.ActiveCfg = Debug|Any CPU
		{DB2D66FC-6322-4C24-93F8-B008FDB9003B}.Debug|ARM.Build.0 = Debug|Any CPU
		{DB2D66FC-6322-4C24-93F8-B008FDB9003B}.Debug|iPhone.ActiveCfg = Debug|Any CPU
		{DB2D66FC-6322-4C24-93F8-B008FDB9003B}.Debug|iPhone.Build.0 = Debug|Any CPU
		{DB2D66FC-6322-4C24-93F8-B008FDB9003B}.Debug|iPhoneSimulator.ActiveCfg = Debug|Any CPU
		{DB2D66FC-6322-4C24-93F8-B008FDB9003B}.Debug|iPhoneSimulator.Build.0 = Debug|Any CPU
		{DB2D66FC-6322-4C24-93F8-B008FDB9003B}.Debug|Mixed Platforms.ActiveCfg = Debug|Any CPU
		{DB2D66FC-6322-4C24-93F8-B008FDB9003B}.Debug|Mixed Platforms.Build.0 = Debug|Any CPU
		{DB2D66FC-6322-4C24-93F8-B008FDB9003B}.Debug|x64.ActiveCfg = Debug|Any CPU
		{DB2D66FC-6322-4C24-93F8-B008FDB9003B}.Debug|x64.Build.0 = Debug|Any CPU
		{DB2D66FC-6322-4C24-93F8-B008FDB9003B}.Debug|x86.ActiveCfg = Debug|Any CPU
		{DB2D66FC-6322-4C24-93F8-B008FDB9003B}.Debug|x86.Build.0 = Debug|Any CPU
		{DB2D66FC-6322-4C24-93F8-B008FDB9003B}.Release|Any CPU.ActiveCfg = Release|Any CPU
		{DB2D66FC-6322-4C24-93F8-B008FDB9003B}.Release|Any CPU.Build.0 = Release|Any CPU
		{DB2D66FC-6322-4C24-93F8-B008FDB9003B}.Release|ARM.ActiveCfg = Release|Any CPU
		{DB2D66FC-6322-4C24-93F8-B008FDB9003B}.Release|ARM.Build.0 = Release|Any CPU
		{DB2D66FC-6322-4C24-93F8-B008FDB9003B}.Release|iPhone.ActiveCfg = Release|Any CPU
		{DB2D66FC-6322-4C24-93F8-B008FDB9003B}.Release|iPhone.Build.0 = Release|Any CPU
		{DB2D66FC-6322-4C24-93F8-B008FDB9003B}.Release|iPhoneSimulator.ActiveCfg = Release|Any CPU
		{DB2D66FC-6322-4C24-93F8-B008FDB9003B}.Release|iPhoneSimulator.Build.0 = Release|Any CPU
		{DB2D66FC-6322-4C24-93F8-B008FDB9003B}.Release|Mixed Platforms.ActiveCfg = Release|Any CPU
		{DB2D66FC-6322-4C24-93F8-B008FDB9003B}.Release|Mixed Platforms.Build.0 = Release|Any CPU
		{DB2D66FC-6322-4C24-93F8-B008FDB9003B}.Release|x64.ActiveCfg = Release|Any CPU
		{DB2D66FC-6322-4C24-93F8-B008FDB9003B}.Release|x64.Build.0 = Release|Any CPU
		{DB2D66FC-6322-4C24-93F8-B008FDB9003B}.Release|x86.ActiveCfg = Release|Any CPU
		{DB2D66FC-6322-4C24-93F8-B008FDB9003B}.Release|x86.Build.0 = Release|Any CPU
		{92702083-6155-40DF-867F-E63A760E685E}.Ad-Hoc|Any CPU.ActiveCfg = Release|Any CPU
		{92702083-6155-40DF-867F-E63A760E685E}.Ad-Hoc|Any CPU.Build.0 = Release|Any CPU
		{92702083-6155-40DF-867F-E63A760E685E}.Ad-Hoc|ARM.ActiveCfg = Release|Any CPU
		{92702083-6155-40DF-867F-E63A760E685E}.Ad-Hoc|ARM.Build.0 = Release|Any CPU
		{92702083-6155-40DF-867F-E63A760E685E}.Ad-Hoc|iPhone.ActiveCfg = Release|Any CPU
		{92702083-6155-40DF-867F-E63A760E685E}.Ad-Hoc|iPhone.Build.0 = Release|Any CPU
		{92702083-6155-40DF-867F-E63A760E685E}.Ad-Hoc|iPhoneSimulator.ActiveCfg = Release|Any CPU
		{92702083-6155-40DF-867F-E63A760E685E}.Ad-Hoc|iPhoneSimulator.Build.0 = Release|Any CPU
		{92702083-6155-40DF-867F-E63A760E685E}.Ad-Hoc|Mixed Platforms.ActiveCfg = Release|Any CPU
		{92702083-6155-40DF-867F-E63A760E685E}.Ad-Hoc|Mixed Platforms.Build.0 = Release|Any CPU
		{92702083-6155-40DF-867F-E63A760E685E}.Ad-Hoc|x64.ActiveCfg = Release|Any CPU
		{92702083-6155-40DF-867F-E63A760E685E}.Ad-Hoc|x64.Build.0 = Release|Any CPU
		{92702083-6155-40DF-867F-E63A760E685E}.Ad-Hoc|x86.ActiveCfg = Release|Any CPU
		{92702083-6155-40DF-867F-E63A760E685E}.Ad-Hoc|x86.Build.0 = Release|Any CPU
		{92702083-6155-40DF-867F-E63A760E685E}.AppStore|Any CPU.ActiveCfg = Release|Any CPU
		{92702083-6155-40DF-867F-E63A760E685E}.AppStore|Any CPU.Build.0 = Release|Any CPU
		{92702083-6155-40DF-867F-E63A760E685E}.AppStore|ARM.ActiveCfg = Release|Any CPU
		{92702083-6155-40DF-867F-E63A760E685E}.AppStore|ARM.Build.0 = Release|Any CPU
		{92702083-6155-40DF-867F-E63A760E685E}.AppStore|iPhone.ActiveCfg = Release|Any CPU
		{92702083-6155-40DF-867F-E63A760E685E}.AppStore|iPhone.Build.0 = Release|Any CPU
		{92702083-6155-40DF-867F-E63A760E685E}.AppStore|iPhoneSimulator.ActiveCfg = Release|Any CPU
		{92702083-6155-40DF-867F-E63A760E685E}.AppStore|iPhoneSimulator.Build.0 = Release|Any CPU
		{92702083-6155-40DF-867F-E63A760E685E}.AppStore|Mixed Platforms.ActiveCfg = Release|Any CPU
		{92702083-6155-40DF-867F-E63A760E685E}.AppStore|Mixed Platforms.Build.0 = Release|Any CPU
		{92702083-6155-40DF-867F-E63A760E685E}.AppStore|x64.ActiveCfg = Release|Any CPU
		{92702083-6155-40DF-867F-E63A760E685E}.AppStore|x64.Build.0 = Release|Any CPU
		{92702083-6155-40DF-867F-E63A760E685E}.AppStore|x86.ActiveCfg = Release|Any CPU
		{92702083-6155-40DF-867F-E63A760E685E}.AppStore|x86.Build.0 = Release|Any CPU
		{92702083-6155-40DF-867F-E63A760E685E}.Debug|Any CPU.ActiveCfg = Debug|Any CPU
		{92702083-6155-40DF-867F-E63A760E685E}.Debug|Any CPU.Build.0 = Debug|Any CPU
		{92702083-6155-40DF-867F-E63A760E685E}.Debug|ARM.ActiveCfg = Debug|Any CPU
		{92702083-6155-40DF-867F-E63A760E685E}.Debug|ARM.Build.0 = Debug|Any CPU
		{92702083-6155-40DF-867F-E63A760E685E}.Debug|iPhone.ActiveCfg = Debug|Any CPU
		{92702083-6155-40DF-867F-E63A760E685E}.Debug|iPhone.Build.0 = Debug|Any CPU
		{92702083-6155-40DF-867F-E63A760E685E}.Debug|iPhoneSimulator.ActiveCfg = Debug|Any CPU
		{92702083-6155-40DF-867F-E63A760E685E}.Debug|iPhoneSimulator.Build.0 = Debug|Any CPU
		{92702083-6155-40DF-867F-E63A760E685E}.Debug|Mixed Platforms.ActiveCfg = Debug|Any CPU
		{92702083-6155-40DF-867F-E63A760E685E}.Debug|Mixed Platforms.Build.0 = Debug|Any CPU
		{92702083-6155-40DF-867F-E63A760E685E}.Debug|x64.ActiveCfg = Debug|Any CPU
		{92702083-6155-40DF-867F-E63A760E685E}.Debug|x64.Build.0 = Debug|Any CPU
		{92702083-6155-40DF-867F-E63A760E685E}.Debug|x86.ActiveCfg = Debug|Any CPU
		{92702083-6155-40DF-867F-E63A760E685E}.Debug|x86.Build.0 = Debug|Any CPU
		{92702083-6155-40DF-867F-E63A760E685E}.Release|Any CPU.ActiveCfg = Release|Any CPU
		{92702083-6155-40DF-867F-E63A760E685E}.Release|Any CPU.Build.0 = Release|Any CPU
		{92702083-6155-40DF-867F-E63A760E685E}.Release|ARM.ActiveCfg = Release|Any CPU
		{92702083-6155-40DF-867F-E63A760E685E}.Release|ARM.Build.0 = Release|Any CPU
		{92702083-6155-40DF-867F-E63A760E685E}.Release|iPhone.ActiveCfg = Release|Any CPU
		{92702083-6155-40DF-867F-E63A760E685E}.Release|iPhone.Build.0 = Release|Any CPU
		{92702083-6155-40DF-867F-E63A760E685E}.Release|iPhoneSimulator.ActiveCfg = Release|Any CPU
		{92702083-6155-40DF-867F-E63A760E685E}.Release|iPhoneSimulator.Build.0 = Release|Any CPU
		{92702083-6155-40DF-867F-E63A760E685E}.Release|Mixed Platforms.ActiveCfg = Release|Any CPU
		{92702083-6155-40DF-867F-E63A760E685E}.Release|Mixed Platforms.Build.0 = Release|Any CPU
		{92702083-6155-40DF-867F-E63A760E685E}.Release|x64.ActiveCfg = Release|Any CPU
		{92702083-6155-40DF-867F-E63A760E685E}.Release|x64.Build.0 = Release|Any CPU
		{92702083-6155-40DF-867F-E63A760E685E}.Release|x86.ActiveCfg = Release|Any CPU
		{92702083-6155-40DF-867F-E63A760E685E}.Release|x86.Build.0 = Release|Any CPU
	EndGlobalSection
	GlobalSection(SolutionProperties) = preSolution
		HideSolutionNode = FALSE
	EndGlobalSection
	GlobalSection(NestedProjects) = preSolution
	EndGlobalSection
EndGlobal
