Microsoft Visual Studio Solution File, Format Version 12.00
# Visual Studio 15
VisualStudioVersion = 15.0.26228.9
MinimumVisualStudioVersion = 10.0.40219.1
Project("{FAE04EC0-301F-11D3-BF4B-00C04F79EFBC}") = "Elmah.MvcCoreAdmin", "Elmah\MvcCoreAdmin\Elmah.MvcCoreAdmin.csproj", "{28AE2681-8070-44EB-838D-298F7CD5D153}"
EndProject
Project("{FAE04EC0-301F-11D3-BF4B-00C04F79EFBC}") = "Elmah.MvcCoreClient", "Elmah\MvcCoreClient\Elmah.MvcCoreClient.csproj", "{2A99839F-C1DF-4E11-BA64-3EF048F78C83}"
EndProject
Project("{FAE04EC0-301F-11D3-BF4B-00C04F79EFBC}") = "Elmah.Droid", "Elmah\Droid\Elmah.Droid.csproj", "{227E6A8F-71CB-4F9A-9A28-E6D338DDF81A}"
EndProject
Project("{FAE04EC0-301F-11D3-BF4B-00C04F79EFBC}") = "Elmah.iOS", "Elmah\iOS\Elmah.iOS.csproj", "{AEF493A2-ADDB-4189-ACCA-134A3FAECEB8}"
EndProject
Project("{FAE04EC0-301F-11D3-BF4B-00C04F79EFBC}") = "Elmah.UWP", "Elmah\UWP\Elmah.UWP.csproj", "{32611852-7D9B-433C-B316-FC55AACDC142}"
EndProject
Project("{FAE04EC0-301F-11D3-BF4B-00C04F79EFBC}") = "Elmah.UWPAdmin", "Elmah\UWPAdmin\Elmah.UWPAdmin.csproj", "{8331E090-8164-472E-BB36-9FEB0C90FA8C}"
EndProject
Project("{FAE04EC0-301F-11D3-BF4B-00C04F79EFBC}") = "Elmah.UnitTests", "Elmah\UnitTests\Elmah.UnitTests.csproj", "{7223D7F5-8CE3-490D-A9FC-8D70AC99089F}"
EndProject
Project("{FAE04EC0-301F-11D3-BF4B-00C04F79EFBC}") = "Elmah.ReactTS", "Elmah\ReactTS\Elmah.ReactTS.csproj", "{34CD8DEB-E458-4B2A-97F0-A332FE7043E5}"
EndProject
Project("{FAE04EC0-301F-11D3-BF4B-00C04F79EFBC}") = "Elmah.CommonBLLEntities", "Elmah\Contracts\CommonBLLEntities\Elmah.CommonBLLEntities.csproj", "{B7D68F23-2115-4425-A457-9B098FEC0DD5}"
EndProject
Project("{FAE04EC0-301F-11D3-BF4B-00C04F79EFBC}") = "Elmah.DataSourceEntities", "Elmah\Contracts\DataSourceEntities\Elmah.DataSourceEntities.csproj", "{7E182204-32E9-49F7-945C-E1B6356809E5}"
EndProject
Project("{FAE04EC0-301F-11D3-BF4B-00C04F79EFBC}") = "Elmah.EntityContracts", "Elmah\Contracts\EntityContracts\Elmah.EntityContracts.csproj", "{7A295516-06EB-49DC-82D8-DE07BF4081CA}"
EndProject
Project("{FAE04EC0-301F-11D3-BF4B-00C04F79EFBC}") = "Elmah.Resx", "Elmah\Contracts\Resx\Elmah.Resx.csproj", "{57E586A4-7E99-4C52-B22B-A41F78A40F2A}"
EndProject
Project("{FAE04EC0-301F-11D3-BF4B-00C04F79EFBC}") = "Elmah.ViewModelData", "Elmah\Contracts\ViewModelData\Elmah.ViewModelData.csproj", "{352BA655-9A8E-49C1-88AF-D08DE3C4213E}"
EndProject
Project("{FAE04EC0-301F-11D3-BF4B-00C04F79EFBC}") = "Elmah.DALContracts", "Elmah\DAL\DALContracts\Elmah.DALContracts.csproj", "{C96E5B5F-C2CA-4DB8-8E6F-396E95CA06CB}"
EndProject
Project("{FAE04EC0-301F-11D3-BF4B-00C04F79EFBC}") = "Elmah.EFCoreContext", "Elmah\DALCore\EFCoreContext\Elmah.EFCoreContext.csproj", "{2A9DCD56-985B-437E-B0AA-1D0195323F2C}"
EndProject
Project("{FAE04EC0-301F-11D3-BF4B-00C04F79EFBC}") = "Elmah.EFCoreDAL", "Elmah\DALCore\EFCoreDAL\Elmah.EFCoreDAL.csproj", "{756CA332-B393-48B8-9DAD-9AB6D6FBE76F}"
EndProject
Project("{FAE04EC0-301F-11D3-BF4B-00C04F79EFBC}") = "Framework", "Frameworks\Framework\Framework.csproj", "{6D25AA30-C3AF-4AE0-B567-0F2653120CDC}"
EndProject
Project("{FAE04EC0-301F-11D3-BF4B-00C04F79EFBC}") = "FrameworkCore.Services", "Frameworks\FrameworkCore.Services\FrameworkCore.Services.csproj", "{4AA0CE4F-22A7-4202-BA5E-4FCB38096D03}"
EndProject
Project("{FAE04EC0-301F-11D3-BF4B-00C04F79EFBC}") = "Framework.Resx", "Frameworks\Framework.Resx\Framework.Resx.csproj", "{C72B898B-B53B-42D5-9F4F-673F84BB485B}"
EndProject
Project("{FAE04EC0-301F-11D3-BF4B-00C04F79EFBC}") = "Framework.Xamariner", "Frameworks\Framework.Xamariner\Framework.Xamariner.csproj", "{397FFA3D-9A4E-4900-9714-65D16A871613}"
EndProject
Project("{FAE04EC0-301F-11D3-BF4B-00C04F79EFBC}") = "Framework.Xaml", "Frameworks\Framework.Xaml\Framework.Xaml.csproj", "{E5302713-0022-4657-85D8-9620818071DF}"
EndProject
Project("{FAE04EC0-301F-11D3-BF4B-00C04F79EFBC}") = "Elmah.WcfContracts", "Elmah\Services\WcfContracts\Elmah.WcfContracts.csproj", "{2CC2798D-C0CC-4343-8849-94C90C541BCA}"
EndProject
Project("{FAE04EC0-301F-11D3-BF4B-00C04F79EFBC}") = "Elmah.CoreCommonBLL", "Elmah\ServicesCore\CoreCommonBLL\Elmah.CoreCommonBLL.csproj", "{DF8D6B20-E185-4A3F-97F1-5EBB0209AFDC}"
EndProject
Project("{FAE04EC0-301F-11D3-BF4B-00C04F79EFBC}") = "Elmah.MVVMLightViewModels", "Elmah\UINative\MVVMLightViewModels\Elmah.MVVMLightViewModels.csproj", "{C3B6C186-4BD5-4CCB-8D89-DFFE435638D7}"
EndProject
Project("{FAE04EC0-301F-11D3-BF4B-00C04F79EFBC}") = "Elmah.XamarinForms", "Elmah\UINative\XamarinForms\Elmah.XamarinForms.csproj", "{5A287FF0-2660-4B96-8DB1-B5780D7790AF}"
EndProject
Project("{FAE04EC0-301F-11D3-BF4B-00C04F79EFBC}") = "Elmah.XamarinFormsClient", "Elmah\UINative\XamarinFormsClient\Elmah.XamarinFormsClient.csproj", "{6AA2F565-F8C9-4A28-AFB9-1AB85682AB18}"
EndProject
Project("{FAE04EC0-301F-11D3-BF4B-00C04F79EFBC}") = "Elmah.SQLite", "Elmah\UINative\SQLite\Elmah.SQLite.csproj", "{138EC5CC-62A8-4706-82DA-346622976EED}"
EndProject
Project("{FAE04EC0-301F-11D3-BF4B-00C04F79EFBC}") = "Elmah.WebApiClient", "Elmah\UINative\WebApiClient\Elmah.WebApiClient.csproj", "{A301A867-9C5D-4757-B806-27B2332476EA}"
EndProject
Project("{FAE04EC0-301F-11D3-BF4B-00C04F79EFBC}") = "Elmah.AspNetMvcCoreApiController", "Elmah\UIWebCore\AspNetMvcCoreApiController\Elmah.AspNetMvcCoreApiController.csproj", "{22B730C2-7B0E-4E7C-8257-7AAC06FC58D0}"
EndProject
Project("{FAE04EC0-301F-11D3-BF4B-00C04F79EFBC}") = "Elmah.AspNetMvcCoreViewModel", "Elmah\UIWebCore\AspNetMvcCoreViewModel\Elmah.AspNetMvcCoreViewModel.csproj", "{C664FD41-5040-40AE-BCA0-8B761A0D0D9F}"
EndProject
Project("{2150E333-8FDC-42A3-9474-1A3956D46DE8}") = "1.A.1.", "1.A.1.", "{2de48dd9-908a-4881-af27-121dff17f3bb}"
EndProject
Project("{2150E333-8FDC-42A3-9474-1A3956D46DE8}") = "1.A.2.", "1.A.2.", "{23a5519d-158b-4907-941a-baf58bb490ed}"
EndProject
Project("{2150E333-8FDC-42A3-9474-1A3956D46DE8}") = "1.A.3.", "1.A.3.", "{1c9459cf-9218-4c28-8c76-4e10817e5b02}"
EndProject
Project("{2150E333-8FDC-42A3-9474-1A3956D46DE8}") = "1.B.1.", "1.B.1.", "{5adae702-3932-4d63-a7e5-49d8f5687977}"
EndProject
Project("{2150E333-8FDC-42A3-9474-1A3956D46DE8}") = "1.B.2.", "1.B.2.", "{68fce379-e2ea-4f58-8482-bc69257be2d1}"
EndProject
Project("{2150E333-8FDC-42A3-9474-1A3956D46DE8}") = "1.B.3.", "1.B.3.", "{99c00974-2ea1-452b-a45c-dd23d9d2048b}"
EndProject
Project("{2150E333-8FDC-42A3-9474-1A3956D46DE8}") = "1.B.4.", "1.B.4.", "{86978270-9a1c-4b4b-9370-647debfc7639}"
EndProject
Project("{2150E333-8FDC-42A3-9474-1A3956D46DE8}") = "1.C.1.", "1.C.1.", "{135f7894-b51d-48fb-8e5c-6feaa5ceca96}"
EndProject
Project("{2150E333-8FDC-42A3-9474-1A3956D46DE8}") = "1.C.2.", "1.C.2.", "{22081560-52b3-4de3-98d7-b43ac79dec25}"
EndProject
Project("{2150E333-8FDC-42A3-9474-1A3956D46DE8}") = "1.D.1.", "1.D.1.", "{4a621eb1-02e5-4558-bbbf-8694ae854c5d}"
EndProject
Project("{2150E333-8FDC-42A3-9474-1A3956D46DE8}") = "1.D.2.", "1.D.2.", "{bc311bab-2261-4f78-8754-7ed48e00c8f1}"
EndProject
Project("{2150E333-8FDC-42A3-9474-1A3956D46DE8}") = "2.A.1.", "2.A.1.", "{d2ea2239-f0ba-4750-8750-37cd9c231af7}"
EndProject
Project("{2150E333-8FDC-42A3-9474-1A3956D46DE8}") = "2.A.2.", "2.A.2.", "{c12033db-cc34-4950-a0fb-4e368a350d23}"
EndProject
Project("{2150E333-8FDC-42A3-9474-1A3956D46DE8}") = "2.A.3.", "2.A.3.", "{43fa57bd-a4c3-450b-8aed-ee6c09598d0c}"
EndProject
Project("{2150E333-8FDC-42A3-9474-1A3956D46DE8}") = "2.B.1.", "2.B.1.", "{17b3a55e-b199-41ef-b530-232f4b4d0c11}"
EndProject
Project("{2150E333-8FDC-42A3-9474-1A3956D46DE8}") = "2.B.2.", "2.B.2.", "{6d84af1b-527c-4f67-82e9-c9f57a619d0a}"
EndProject
Project("{2150E333-8FDC-42A3-9474-1A3956D46DE8}") = "2.B.3.", "2.B.3.", "{42ef76b9-9968-4c93-bd48-b3c6bd47de35}"
EndProject
Project("{2150E333-8FDC-42A3-9474-1A3956D46DE8}") = "2.B.4.", "2.B.4.", "{e33f19e6-ae29-49a2-9505-65680690a935}"
EndProject
Project("{2150E333-8FDC-42A3-9474-1A3956D46DE8}") = "2.C.1.", "2.C.1.", "{d71dd286-a989-486d-9d9d-66e11e2e8b1f}"
EndProject
Project("{2150E333-8FDC-42A3-9474-1A3956D46DE8}") = "2.C.2.", "2.C.2.", "{e34b5b15-1121-43e5-8390-81d4790504a3}"
EndProject
Project("{2150E333-8FDC-42A3-9474-1A3956D46DE8}") = "2.D.1.", "2.D.1.", "{6adff0ad-d80c-4703-a692-4997477ebde6}"
EndProject
Project("{2150E333-8FDC-42A3-9474-1A3956D46DE8}") = "2.D.2.", "2.D.2.", "{81b8a46d-eb62-4dd2-8b85-6094b2d5ffc9}"
EndProject
Project("{2150E333-8FDC-42A3-9474-1A3956D46DE8}") = "2.Z.1.", "2.Z.1.", "{f17ea7a6-d2c0-470c-b0e9-d08ef598de86}"
EndProject
Project("{2150E333-8FDC-42A3-9474-1A3956D46DE8}") = "2.Z.2.", "2.Z.2.", "{1d4581cb-63fe-4a3b-a636-eeb29962e386}"
EndProject
Project("{2150E333-8FDC-42A3-9474-1A3956D46DE8}") = "2.Z.3.", "2.Z.3.", "{da1cac13-db17-40d7-8dac-ebce6daa48a9}"
EndProject
Global
	GlobalSection(SolutionConfigurationPlatforms) = preSolution
		Debug|Any CPU = Debug|Any CPU
		Release|Any CPU = Release|Any CPU
	EndGlobalSection
	GlobalSection(ProjectConfigurationPlatforms) = postSolution
		{28AE2681-8070-44EB-838D-298F7CD5D153}.Debug|Any CPU.ActiveCfg = Debug|Any CPU
		{28AE2681-8070-44EB-838D-298F7CD5D153}.Debug|Any CPU.Build.0 = Debug|Any CPU
		{28AE2681-8070-44EB-838D-298F7CD5D153}.Release|Any CPU.ActiveCfg = Release|Any CPU
		{28AE2681-8070-44EB-838D-298F7CD5D153}.Debug|Any CPU.Build.0 = Debug|Any CPU
		{2A99839F-C1DF-4E11-BA64-3EF048F78C83}.Debug|Any CPU.ActiveCfg = Debug|Any CPU
		{2A99839F-C1DF-4E11-BA64-3EF048F78C83}.Debug|Any CPU.Build.0 = Debug|Any CPU
		{2A99839F-C1DF-4E11-BA64-3EF048F78C83}.Release|Any CPU.ActiveCfg = Release|Any CPU
		{2A99839F-C1DF-4E11-BA64-3EF048F78C83}.Debug|Any CPU.Build.0 = Debug|Any CPU
		{227E6A8F-71CB-4F9A-9A28-E6D338DDF81A}.Debug|Any CPU.ActiveCfg = Debug|Any CPU
		{227E6A8F-71CB-4F9A-9A28-E6D338DDF81A}.Debug|Any CPU.Build.0 = Debug|Any CPU
		{227E6A8F-71CB-4F9A-9A28-E6D338DDF81A}.Release|Any CPU.ActiveCfg = Release|Any CPU
		{227E6A8F-71CB-4F9A-9A28-E6D338DDF81A}.Debug|Any CPU.Build.0 = Debug|Any CPU
		{AEF493A2-ADDB-4189-ACCA-134A3FAECEB8}.Debug|Any CPU.ActiveCfg = Debug|Any CPU
		{AEF493A2-ADDB-4189-ACCA-134A3FAECEB8}.Debug|Any CPU.Build.0 = Debug|Any CPU
		{AEF493A2-ADDB-4189-ACCA-134A3FAECEB8}.Release|Any CPU.ActiveCfg = Release|Any CPU
		{AEF493A2-ADDB-4189-ACCA-134A3FAECEB8}.Debug|Any CPU.Build.0 = Debug|Any CPU
		{32611852-7D9B-433C-B316-FC55AACDC142}.Debug|Any CPU.ActiveCfg = Debug|Any CPU
		{32611852-7D9B-433C-B316-FC55AACDC142}.Debug|Any CPU.Build.0 = Debug|Any CPU
		{32611852-7D9B-433C-B316-FC55AACDC142}.Release|Any CPU.ActiveCfg = Release|Any CPU
		{32611852-7D9B-433C-B316-FC55AACDC142}.Debug|Any CPU.Build.0 = Debug|Any CPU
		{8331E090-8164-472E-BB36-9FEB0C90FA8C}.Debug|Any CPU.ActiveCfg = Debug|Any CPU
		{8331E090-8164-472E-BB36-9FEB0C90FA8C}.Debug|Any CPU.Build.0 = Debug|Any CPU
		{8331E090-8164-472E-BB36-9FEB0C90FA8C}.Release|Any CPU.ActiveCfg = Release|Any CPU
		{8331E090-8164-472E-BB36-9FEB0C90FA8C}.Debug|Any CPU.Build.0 = Debug|Any CPU
		{7223D7F5-8CE3-490D-A9FC-8D70AC99089F}.Debug|Any CPU.ActiveCfg = Debug|Any CPU
		{7223D7F5-8CE3-490D-A9FC-8D70AC99089F}.Debug|Any CPU.Build.0 = Debug|Any CPU
		{7223D7F5-8CE3-490D-A9FC-8D70AC99089F}.Release|Any CPU.ActiveCfg = Release|Any CPU
		{7223D7F5-8CE3-490D-A9FC-8D70AC99089F}.Debug|Any CPU.Build.0 = Debug|Any CPU
		{34CD8DEB-E458-4B2A-97F0-A332FE7043E5}.Debug|Any CPU.ActiveCfg = Debug|Any CPU
		{34CD8DEB-E458-4B2A-97F0-A332FE7043E5}.Debug|Any CPU.Build.0 = Debug|Any CPU
		{34CD8DEB-E458-4B2A-97F0-A332FE7043E5}.Release|Any CPU.ActiveCfg = Release|Any CPU
		{34CD8DEB-E458-4B2A-97F0-A332FE7043E5}.Debug|Any CPU.Build.0 = Debug|Any CPU
		{B7D68F23-2115-4425-A457-9B098FEC0DD5}.Debug|Any CPU.ActiveCfg = Debug|Any CPU
		{B7D68F23-2115-4425-A457-9B098FEC0DD5}.Debug|Any CPU.Build.0 = Debug|Any CPU
		{B7D68F23-2115-4425-A457-9B098FEC0DD5}.Release|Any CPU.ActiveCfg = Release|Any CPU
		{B7D68F23-2115-4425-A457-9B098FEC0DD5}.Debug|Any CPU.Build.0 = Debug|Any CPU
		{7E182204-32E9-49F7-945C-E1B6356809E5}.Debug|Any CPU.ActiveCfg = Debug|Any CPU
		{7E182204-32E9-49F7-945C-E1B6356809E5}.Debug|Any CPU.Build.0 = Debug|Any CPU
		{7E182204-32E9-49F7-945C-E1B6356809E5}.Release|Any CPU.ActiveCfg = Release|Any CPU
		{7E182204-32E9-49F7-945C-E1B6356809E5}.Debug|Any CPU.Build.0 = Debug|Any CPU
		{7A295516-06EB-49DC-82D8-DE07BF4081CA}.Debug|Any CPU.ActiveCfg = Debug|Any CPU
		{7A295516-06EB-49DC-82D8-DE07BF4081CA}.Debug|Any CPU.Build.0 = Debug|Any CPU
		{7A295516-06EB-49DC-82D8-DE07BF4081CA}.Release|Any CPU.ActiveCfg = Release|Any CPU
		{7A295516-06EB-49DC-82D8-DE07BF4081CA}.Debug|Any CPU.Build.0 = Debug|Any CPU
		{57E586A4-7E99-4C52-B22B-A41F78A40F2A}.Debug|Any CPU.ActiveCfg = Debug|Any CPU
		{57E586A4-7E99-4C52-B22B-A41F78A40F2A}.Debug|Any CPU.Build.0 = Debug|Any CPU
		{57E586A4-7E99-4C52-B22B-A41F78A40F2A}.Release|Any CPU.ActiveCfg = Release|Any CPU
		{57E586A4-7E99-4C52-B22B-A41F78A40F2A}.Debug|Any CPU.Build.0 = Debug|Any CPU
		{352BA655-9A8E-49C1-88AF-D08DE3C4213E}.Debug|Any CPU.ActiveCfg = Debug|Any CPU
		{352BA655-9A8E-49C1-88AF-D08DE3C4213E}.Debug|Any CPU.Build.0 = Debug|Any CPU
		{352BA655-9A8E-49C1-88AF-D08DE3C4213E}.Release|Any CPU.ActiveCfg = Release|Any CPU
		{352BA655-9A8E-49C1-88AF-D08DE3C4213E}.Debug|Any CPU.Build.0 = Debug|Any CPU
		{C96E5B5F-C2CA-4DB8-8E6F-396E95CA06CB}.Debug|Any CPU.ActiveCfg = Debug|Any CPU
		{C96E5B5F-C2CA-4DB8-8E6F-396E95CA06CB}.Debug|Any CPU.Build.0 = Debug|Any CPU
		{C96E5B5F-C2CA-4DB8-8E6F-396E95CA06CB}.Release|Any CPU.ActiveCfg = Release|Any CPU
		{C96E5B5F-C2CA-4DB8-8E6F-396E95CA06CB}.Debug|Any CPU.Build.0 = Debug|Any CPU
		{2A9DCD56-985B-437E-B0AA-1D0195323F2C}.Debug|Any CPU.ActiveCfg = Debug|Any CPU
		{2A9DCD56-985B-437E-B0AA-1D0195323F2C}.Debug|Any CPU.Build.0 = Debug|Any CPU
		{2A9DCD56-985B-437E-B0AA-1D0195323F2C}.Release|Any CPU.ActiveCfg = Release|Any CPU
		{2A9DCD56-985B-437E-B0AA-1D0195323F2C}.Debug|Any CPU.Build.0 = Debug|Any CPU
		{756CA332-B393-48B8-9DAD-9AB6D6FBE76F}.Debug|Any CPU.ActiveCfg = Debug|Any CPU
		{756CA332-B393-48B8-9DAD-9AB6D6FBE76F}.Debug|Any CPU.Build.0 = Debug|Any CPU
		{756CA332-B393-48B8-9DAD-9AB6D6FBE76F}.Release|Any CPU.ActiveCfg = Release|Any CPU
		{756CA332-B393-48B8-9DAD-9AB6D6FBE76F}.Debug|Any CPU.Build.0 = Debug|Any CPU
		{6D25AA30-C3AF-4AE0-B567-0F2653120CDC}.Debug|Any CPU.ActiveCfg = Debug|Any CPU
		{6D25AA30-C3AF-4AE0-B567-0F2653120CDC}.Debug|Any CPU.Build.0 = Debug|Any CPU
		{6D25AA30-C3AF-4AE0-B567-0F2653120CDC}.Release|Any CPU.ActiveCfg = Release|Any CPU
		{6D25AA30-C3AF-4AE0-B567-0F2653120CDC}.Debug|Any CPU.Build.0 = Debug|Any CPU
		{4AA0CE4F-22A7-4202-BA5E-4FCB38096D03}.Debug|Any CPU.ActiveCfg = Debug|Any CPU
		{4AA0CE4F-22A7-4202-BA5E-4FCB38096D03}.Debug|Any CPU.Build.0 = Debug|Any CPU
		{4AA0CE4F-22A7-4202-BA5E-4FCB38096D03}.Release|Any CPU.ActiveCfg = Release|Any CPU
		{4AA0CE4F-22A7-4202-BA5E-4FCB38096D03}.Debug|Any CPU.Build.0 = Debug|Any CPU
		{C72B898B-B53B-42D5-9F4F-673F84BB485B}.Debug|Any CPU.ActiveCfg = Debug|Any CPU
		{C72B898B-B53B-42D5-9F4F-673F84BB485B}.Debug|Any CPU.Build.0 = Debug|Any CPU
		{C72B898B-B53B-42D5-9F4F-673F84BB485B}.Release|Any CPU.ActiveCfg = Release|Any CPU
		{C72B898B-B53B-42D5-9F4F-673F84BB485B}.Debug|Any CPU.Build.0 = Debug|Any CPU
		{397FFA3D-9A4E-4900-9714-65D16A871613}.Debug|Any CPU.ActiveCfg = Debug|Any CPU
		{397FFA3D-9A4E-4900-9714-65D16A871613}.Debug|Any CPU.Build.0 = Debug|Any CPU
		{397FFA3D-9A4E-4900-9714-65D16A871613}.Release|Any CPU.ActiveCfg = Release|Any CPU
		{397FFA3D-9A4E-4900-9714-65D16A871613}.Debug|Any CPU.Build.0 = Debug|Any CPU
		{E5302713-0022-4657-85D8-9620818071DF}.Debug|Any CPU.ActiveCfg = Debug|Any CPU
		{E5302713-0022-4657-85D8-9620818071DF}.Debug|Any CPU.Build.0 = Debug|Any CPU
		{E5302713-0022-4657-85D8-9620818071DF}.Release|Any CPU.ActiveCfg = Release|Any CPU
		{E5302713-0022-4657-85D8-9620818071DF}.Debug|Any CPU.Build.0 = Debug|Any CPU
		{2CC2798D-C0CC-4343-8849-94C90C541BCA}.Debug|Any CPU.ActiveCfg = Debug|Any CPU
		{2CC2798D-C0CC-4343-8849-94C90C541BCA}.Debug|Any CPU.Build.0 = Debug|Any CPU
		{2CC2798D-C0CC-4343-8849-94C90C541BCA}.Release|Any CPU.ActiveCfg = Release|Any CPU
		{2CC2798D-C0CC-4343-8849-94C90C541BCA}.Debug|Any CPU.Build.0 = Debug|Any CPU
		{DF8D6B20-E185-4A3F-97F1-5EBB0209AFDC}.Debug|Any CPU.ActiveCfg = Debug|Any CPU
		{DF8D6B20-E185-4A3F-97F1-5EBB0209AFDC}.Debug|Any CPU.Build.0 = Debug|Any CPU
		{DF8D6B20-E185-4A3F-97F1-5EBB0209AFDC}.Release|Any CPU.ActiveCfg = Release|Any CPU
		{DF8D6B20-E185-4A3F-97F1-5EBB0209AFDC}.Debug|Any CPU.Build.0 = Debug|Any CPU
		{C3B6C186-4BD5-4CCB-8D89-DFFE435638D7}.Debug|Any CPU.ActiveCfg = Debug|Any CPU
		{C3B6C186-4BD5-4CCB-8D89-DFFE435638D7}.Debug|Any CPU.Build.0 = Debug|Any CPU
		{C3B6C186-4BD5-4CCB-8D89-DFFE435638D7}.Release|Any CPU.ActiveCfg = Release|Any CPU
		{C3B6C186-4BD5-4CCB-8D89-DFFE435638D7}.Debug|Any CPU.Build.0 = Debug|Any CPU
		{5A287FF0-2660-4B96-8DB1-B5780D7790AF}.Debug|Any CPU.ActiveCfg = Debug|Any CPU
		{5A287FF0-2660-4B96-8DB1-B5780D7790AF}.Debug|Any CPU.Build.0 = Debug|Any CPU
		{5A287FF0-2660-4B96-8DB1-B5780D7790AF}.Release|Any CPU.ActiveCfg = Release|Any CPU
		{5A287FF0-2660-4B96-8DB1-B5780D7790AF}.Debug|Any CPU.Build.0 = Debug|Any CPU
		{6AA2F565-F8C9-4A28-AFB9-1AB85682AB18}.Debug|Any CPU.ActiveCfg = Debug|Any CPU
		{6AA2F565-F8C9-4A28-AFB9-1AB85682AB18}.Debug|Any CPU.Build.0 = Debug|Any CPU
		{6AA2F565-F8C9-4A28-AFB9-1AB85682AB18}.Release|Any CPU.ActiveCfg = Release|Any CPU
		{6AA2F565-F8C9-4A28-AFB9-1AB85682AB18}.Debug|Any CPU.Build.0 = Debug|Any CPU
		{138EC5CC-62A8-4706-82DA-346622976EED}.Debug|Any CPU.ActiveCfg = Debug|Any CPU
		{138EC5CC-62A8-4706-82DA-346622976EED}.Debug|Any CPU.Build.0 = Debug|Any CPU
		{138EC5CC-62A8-4706-82DA-346622976EED}.Release|Any CPU.ActiveCfg = Release|Any CPU
		{138EC5CC-62A8-4706-82DA-346622976EED}.Debug|Any CPU.Build.0 = Debug|Any CPU
		{A301A867-9C5D-4757-B806-27B2332476EA}.Debug|Any CPU.ActiveCfg = Debug|Any CPU
		{A301A867-9C5D-4757-B806-27B2332476EA}.Debug|Any CPU.Build.0 = Debug|Any CPU
		{A301A867-9C5D-4757-B806-27B2332476EA}.Release|Any CPU.ActiveCfg = Release|Any CPU
		{A301A867-9C5D-4757-B806-27B2332476EA}.Debug|Any CPU.Build.0 = Debug|Any CPU
		{22B730C2-7B0E-4E7C-8257-7AAC06FC58D0}.Debug|Any CPU.ActiveCfg = Debug|Any CPU
		{22B730C2-7B0E-4E7C-8257-7AAC06FC58D0}.Debug|Any CPU.Build.0 = Debug|Any CPU
		{22B730C2-7B0E-4E7C-8257-7AAC06FC58D0}.Release|Any CPU.ActiveCfg = Release|Any CPU
		{22B730C2-7B0E-4E7C-8257-7AAC06FC58D0}.Debug|Any CPU.Build.0 = Debug|Any CPU
		{C664FD41-5040-40AE-BCA0-8B761A0D0D9F}.Debug|Any CPU.ActiveCfg = Debug|Any CPU
		{C664FD41-5040-40AE-BCA0-8B761A0D0D9F}.Debug|Any CPU.Build.0 = Debug|Any CPU
		{C664FD41-5040-40AE-BCA0-8B761A0D0D9F}.Release|Any CPU.ActiveCfg = Release|Any CPU
		{C664FD41-5040-40AE-BCA0-8B761A0D0D9F}.Debug|Any CPU.Build.0 = Debug|Any CPU
	EndGlobalSection
	GlobalSection(SolutionProperties) = preSolution
		HideSolutionNode = FALSE
	EndGlobalSection
	GlobalSection(NestedProjects) = preSolution
		{6d25aa30-c3af-4ae0-b567-0f2653120cdc} = {2de48dd9-908a-4881-af27-121dff17f3bb}
		{4aa0ce4f-22a7-4202-ba5e-4fcb38096d03} = {2de48dd9-908a-4881-af27-121dff17f3bb}
		{c72b898b-b53b-42d5-9f4f-673f84bb485b} = {23a5519d-158b-4907-941a-baf58bb490ed}
		{397ffa3d-9a4e-4900-9714-65d16a871613} = {4a621eb1-02e5-4558-bbbf-8694ae854c5d}
		{e5302713-0022-4657-85d8-9620818071df} = {4a621eb1-02e5-4558-bbbf-8694ae854c5d}
		{c96e5b5f-c2ca-4db8-8e6f-396e95ca06cb} = {d2ea2239-f0ba-4750-8750-37cd9c231af7}
		{2a9dcd56-985b-437e-b0aa-1d0195323f2c} = {d2ea2239-f0ba-4750-8750-37cd9c231af7}
		{756ca332-b393-48b8-9dad-9ab6d6fbe76f} = {d2ea2239-f0ba-4750-8750-37cd9c231af7}
		{57e586a4-7e99-4c52-b22b-a41f78a40f2a} = {c12033db-cc34-4950-a0fb-4e368a350d23}
		{34cd8deb-e458-4b2a-97f0-a332fe7043e5} = {6d84af1b-527c-4f67-82e9-c9f57a619d0a}
		{352ba655-9a8e-49c1-88af-d08de3c4213e} = {6d84af1b-527c-4f67-82e9-c9f57a619d0a}
		{2cc2798d-c0cc-4343-8849-94c90c541bca} = {6d84af1b-527c-4f67-82e9-c9f57a619d0a}
		{df8d6b20-e185-4a3f-97f1-5ebb0209afdc} = {6d84af1b-527c-4f67-82e9-c9f57a619d0a}
		{a301a867-9c5d-4757-b806-27b2332476ea} = {6d84af1b-527c-4f67-82e9-c9f57a619d0a}
		{b7d68f23-2115-4425-a457-9b098fec0dd5} = {42ef76b9-9968-4c93-bd48-b3c6bd47de35}
		{7e182204-32e9-49f7-945c-e1b6356809e5} = {42ef76b9-9968-4c93-bd48-b3c6bd47de35}
		{7a295516-06eb-49dc-82d8-de07bf4081ca} = {42ef76b9-9968-4c93-bd48-b3c6bd47de35}
		{c3b6c186-4bd5-4ccb-8d89-dffe435638d7} = {6adff0ad-d80c-4703-a692-4997477ebde6}
		{5a287ff0-2660-4b96-8db1-b5780d7790af} = {6adff0ad-d80c-4703-a692-4997477ebde6}
		{6aa2f565-f8c9-4a28-afb9-1ab85682ab18} = {6adff0ad-d80c-4703-a692-4997477ebde6}
		{22b730c2-7b0e-4e7c-8257-7aac06fc58d0} = {6adff0ad-d80c-4703-a692-4997477ebde6}
		{c664fd41-5040-40ae-bca0-8b761a0d0d9f} = {6adff0ad-d80c-4703-a692-4997477ebde6}
		{28ae2681-8070-44eb-838d-298f7cd5d153} = {81b8a46d-eb62-4dd2-8b85-6094b2d5ffc9}
		{2a99839f-c1df-4e11-ba64-3ef048f78c83} = {81b8a46d-eb62-4dd2-8b85-6094b2d5ffc9}
		{227e6a8f-71cb-4f9a-9a28-e6d338ddf81a} = {81b8a46d-eb62-4dd2-8b85-6094b2d5ffc9}
		{aef493a2-addb-4189-acca-134a3faeceb8} = {81b8a46d-eb62-4dd2-8b85-6094b2d5ffc9}
		{32611852-7d9b-433c-b316-fc55aacdc142} = {81b8a46d-eb62-4dd2-8b85-6094b2d5ffc9}
		{8331e090-8164-472e-bb36-9feb0c90fa8c} = {81b8a46d-eb62-4dd2-8b85-6094b2d5ffc9}
		{7223d7f5-8ce3-490d-a9fc-8d70ac99089f} = {81b8a46d-eb62-4dd2-8b85-6094b2d5ffc9}
		{138ec5cc-62a8-4706-82da-346622976eed} = {81b8a46d-eb62-4dd2-8b85-6094b2d5ffc9}

    EndGlobal
EndGlobalSection

