Microsoft Visual Studio Solution File, Format Version 12.00
# Visual Studio 2013
Project("{2150E333-8FDC-42A3-9474-1A3956D46DE8}") = "Frameworks", "Frameworks", "{B627375D-D8C2-408C-BEDF-99060EC757BA}"
EndProject
Project("{FAE04EC0-301F-11D3-BF4B-00C04F79EFBC}") = "Elmah.WebApiControllers", "Elmah\WebApiControllers\Elmah.WebApiControllers.csproj", "{669B324C-BB79-473D-818D-30A1D3A582EB}"
	ProjectSection(ProjectDependencies) = postProject
		{3E0E8479-2099-44F8-A5A7-569A1E45A7A8} = {3E0E8479-2099-44F8-A5A7-569A1E45A7A8}
		{D90CA62C-A6A3-40C9-9C2C-32D12FBEB874} = {D90CA62C-A6A3-40C9-9C2C-32D12FBEB874}
		{BFAFDE29-25F7-45D7-B2AE-5925E63E2CF4} = {BFAFDE29-25F7-45D7-B2AE-5925E63E2CF4}
		{B41FBD14-BD68-425E-83D8-1B7C81EF8800} = {B41FBD14-BD68-425E-83D8-1B7C81EF8800}
		{204C4FD4-FBDA-45E2-B52D-6814A44042F0} = {204C4FD4-FBDA-45E2-B52D-6814A44042F0}
		{6D25AA30-C3AF-4AE0-B567-0F2653120CDC} = {6D25AA30-C3AF-4AE0-B567-0F2653120CDC}
		{6A636986-699B-46CD-84BA-D62DD9EEC538} = {6A636986-699B-46CD-84BA-D62DD9EEC538}
		{7BCC12CD-3167-4C5C-864E-470FB78A618B} = {7BCC12CD-3167-4C5C-864E-470FB78A618B}
	EndProjectSection
EndProject
Project("{FAE04EC0-301F-11D3-BF4B-00C04F79EFBC}") = "Elmah.WebApiApp", "Elmah\WebApiApp\Elmah.WebApiApp.csproj", "{4393A996-0A64-47B2-9BD5-E2673996998D}"
	ProjectSection(ProjectDependencies) = postProject
		{669B324C-BB79-473D-818D-30A1D3A582EB} = {669B324C-BB79-473D-818D-30A1D3A582EB}
		{3E0E8479-2099-44F8-A5A7-569A1E45A7A8} = {3E0E8479-2099-44F8-A5A7-569A1E45A7A8}
		{D90CA62C-A6A3-40C9-9C2C-32D12FBEB874} = {D90CA62C-A6A3-40C9-9C2C-32D12FBEB874}
		{BFAFDE29-25F7-45D7-B2AE-5925E63E2CF4} = {BFAFDE29-25F7-45D7-B2AE-5925E63E2CF4}
		{B41FBD14-BD68-425E-83D8-1B7C81EF8800} = {B41FBD14-BD68-425E-83D8-1B7C81EF8800}
		{204C4FD4-FBDA-45E2-B52D-6814A44042F0} = {204C4FD4-FBDA-45E2-B52D-6814A44042F0}
		{6D25AA30-C3AF-4AE0-B567-0F2653120CDC} = {6D25AA30-C3AF-4AE0-B567-0F2653120CDC}
		{6A636986-699B-46CD-84BA-D62DD9EEC538} = {6A636986-699B-46CD-84BA-D62DD9EEC538}
		{7BCC12CD-3167-4C5C-864E-470FB78A618B} = {7BCC12CD-3167-4C5C-864E-470FB78A618B}
	EndProjectSection
EndProject
Project("{FAE04EC0-301F-11D3-BF4B-00C04F79EFBC}") = "Elmah.Services", "Elmah\Services\Elmah.Services.csproj", "{3E0E8479-2099-44F8-A5A7-569A1E45A7A8}"
	ProjectSection(ProjectDependencies) = postProject
		{D90CA62C-A6A3-40C9-9C2C-32D12FBEB874} = {D90CA62C-A6A3-40C9-9C2C-32D12FBEB874}
		{BFAFDE29-25F7-45D7-B2AE-5925E63E2CF4} = {BFAFDE29-25F7-45D7-B2AE-5925E63E2CF4}
		{6D25AA30-C3AF-4AE0-B567-0F2653120CDC} = {6D25AA30-C3AF-4AE0-B567-0F2653120CDC}
		{6A636986-699B-46CD-84BA-D62DD9EEC538} = {6A636986-699B-46CD-84BA-D62DD9EEC538}
		{7BCC12CD-3167-4C5C-864E-470FB78A618B} = {7BCC12CD-3167-4C5C-864E-470FB78A618B}
	EndProjectSection
EndProject
Project("{FAE04EC0-301F-11D3-BF4B-00C04F79EFBC}") = "Elmah.RepositoryContracts", "Elmah\RepositoryContracts\Elmah.RepositoryContracts.csproj", "{D90CA62C-A6A3-40C9-9C2C-32D12FBEB874}"
	ProjectSection(ProjectDependencies) = postProject
		{BFAFDE29-25F7-45D7-B2AE-5925E63E2CF4} = {BFAFDE29-25F7-45D7-B2AE-5925E63E2CF4}
		{6D25AA30-C3AF-4AE0-B567-0F2653120CDC} = {6D25AA30-C3AF-4AE0-B567-0F2653120CDC}
	EndProjectSection
EndProject
Project("{FAE04EC0-301F-11D3-BF4B-00C04F79EFBC}") = "Elmah.ModelContracts", "Elmah\ModelContracts\Elmah.ModelContracts.csproj", "{F16078A8-5076-4741-95AA-17CC9FBC0C61}"
EndProject
Project("{FAE04EC0-301F-11D3-BF4B-00C04F79EFBC}") = "Elmah.Models", "Elmah\Models\Elmah.Models.csproj", "{BFAFDE29-25F7-45D7-B2AE-5925E63E2CF4}"
	ProjectSection(ProjectDependencies) = postProject
		{6D25AA30-C3AF-4AE0-B567-0F2653120CDC} = {6D25AA30-C3AF-4AE0-B567-0F2653120CDC}
		{6A636986-699B-46CD-84BA-D62DD9EEC538} = {6A636986-699B-46CD-84BA-D62DD9EEC538}
		{F16078A8-5076-4741-95AA-17CC9FBC0C61} = {F16078A8-5076-4741-95AA-17CC9FBC0C61}
	EndProjectSection
EndProject
Project("{FAE04EC0-301F-11D3-BF4B-00C04F79EFBC}") = "Elmah.EFCoreContext", "Elmah\EFCoreContext\Elmah.EFCoreContext.csproj", "{B41FBD14-BD68-425E-83D8-1B7C81EF8800}"
	ProjectSection(ProjectDependencies) = postProject
		{6D25AA30-C3AF-4AE0-B567-0F2653120CDC} = {6D25AA30-C3AF-4AE0-B567-0F2653120CDC}
		{F16078A8-5076-4741-95AA-17CC9FBC0C61} = {F16078A8-5076-4741-95AA-17CC9FBC0C61}
	EndProjectSection
EndProject
Project("{FAE04EC0-301F-11D3-BF4B-00C04F79EFBC}") = "Elmah.EFCoreRepositories", "Elmah\EFCoreRepositories\Elmah.EFCoreRepositories.csproj", "{204C4FD4-FBDA-45E2-B52D-6814A44042F0}"
	ProjectSection(ProjectDependencies) = postProject
		{D90CA62C-A6A3-40C9-9C2C-32D12FBEB874} = {D90CA62C-A6A3-40C9-9C2C-32D12FBEB874}
		{BFAFDE29-25F7-45D7-B2AE-5925E63E2CF4} = {BFAFDE29-25F7-45D7-B2AE-5925E63E2CF4}
		{F16078A8-5076-4741-95AA-17CC9FBC0C61} = {F16078A8-5076-4741-95AA-17CC9FBC0C61}
		{B41FBD14-BD68-425E-83D8-1B7C81EF8800} = {B41FBD14-BD68-425E-83D8-1B7C81EF8800}
		{6D25AA30-C3AF-4AE0-B567-0F2653120CDC} = {6D25AA30-C3AF-4AE0-B567-0F2653120CDC}
	EndProjectSection
EndProject
Project("{FAE04EC0-301F-11D3-BF4B-00C04F79EFBC}") = "Elmah.Resx", "Elmah\Resx\Elmah.Resx.csproj", "{6A636986-699B-46CD-84BA-D62DD9EEC538}"
EndProject
Project("{FAE04EC0-301F-11D3-BF4B-00C04F79EFBC}") = "Elmah.ServiceContracts", "Elmah\ServiceContracts\Elmah.ServiceContracts.csproj", "{7BCC12CD-3167-4C5C-864E-470FB78A618B}"
	ProjectSection(ProjectDependencies) = postProject
		{BFAFDE29-25F7-45D7-B2AE-5925E63E2CF4} = {BFAFDE29-25F7-45D7-B2AE-5925E63E2CF4}
		{6D25AA30-C3AF-4AE0-B567-0F2653120CDC} = {6D25AA30-C3AF-4AE0-B567-0F2653120CDC}
	EndProjectSection
EndProject
Project("{FAE04EC0-301F-11D3-BF4B-00C04F79EFBC}") = "Framework", "Frameworks\Framework\Framework.csproj", "{6D25AA30-C3AF-4AE0-B567-0F2653120CDC}"
EndProject

Global
	GlobalSection(SolutionConfigurationPlatforms) = preSolution
		Ad-Hoc|Any CPU = Ad-Hoc|Any CPU
		Ad-Hoc|ARM = Ad-Hoc|ARM
		Ad-Hoc|iPhone = Ad-Hoc|iPhone
		Ad-Hoc|iPhoneSimulator = Ad-Hoc|iPhoneSimulator
		Ad-Hoc|Mixed Platforms = Ad-Hoc|Mixed Platforms
		Ad-Hoc|x64 = Ad-Hoc|x64
		Ad-Hoc|x86 = Ad-Hoc|x86
		AppStore|Any CPU = AppStore|Any CPU
		AppStore|ARM = AppStore|ARM
		AppStore|iPhone = AppStore|iPhone
		AppStore|iPhoneSimulator = AppStore|iPhoneSimulator
		AppStore|Mixed Platforms = AppStore|Mixed Platforms
		AppStore|x64 = AppStore|x64
		AppStore|x86 = AppStore|x86
		Debug|Any CPU = Debug|Any CPU
		Debug|ARM = Debug|ARM
		Debug|iPhone = Debug|iPhone
		Debug|iPhoneSimulator = Debug|iPhoneSimulator
		Debug|Mixed Platforms = Debug|Mixed Platforms
		Debug|x64 = Debug|x64
		Debug|x86 = Debug|x86
		Release|Any CPU = Release|Any CPU
		Release|ARM = Release|ARM
		Release|iPhone = Release|iPhone
		Release|iPhoneSimulator = Release|iPhoneSimulator
		Release|Mixed Platforms = Release|Mixed Platforms
		Release|x64 = Release|x64
		Release|x86 = Release|x86
	EndGlobalSection
	GlobalSection(ProjectConfigurationPlatforms) = postSolution
		{669B324C-BB79-473D-818D-30A1D3A582EB}.Ad-Hoc|Any CPU.ActiveCfg = Release|Any CPU
		{669B324C-BB79-473D-818D-30A1D3A582EB}.Ad-Hoc|Any CPU.Build.0 = Release|Any CPU
		{669B324C-BB79-473D-818D-30A1D3A582EB}.Ad-Hoc|ARM.ActiveCfg = Release|Any CPU
		{669B324C-BB79-473D-818D-30A1D3A582EB}.Ad-Hoc|ARM.Build.0 = Release|Any CPU
		{669B324C-BB79-473D-818D-30A1D3A582EB}.Ad-Hoc|iPhone.ActiveCfg = Release|Any CPU
		{669B324C-BB79-473D-818D-30A1D3A582EB}.Ad-Hoc|iPhone.Build.0 = Release|Any CPU
		{669B324C-BB79-473D-818D-30A1D3A582EB}.Ad-Hoc|iPhoneSimulator.ActiveCfg = Release|Any CPU
		{669B324C-BB79-473D-818D-30A1D3A582EB}.Ad-Hoc|iPhoneSimulator.Build.0 = Release|Any CPU
		{669B324C-BB79-473D-818D-30A1D3A582EB}.Ad-Hoc|Mixed Platforms.ActiveCfg = Release|Any CPU
		{669B324C-BB79-473D-818D-30A1D3A582EB}.Ad-Hoc|Mixed Platforms.Build.0 = Release|Any CPU
		{669B324C-BB79-473D-818D-30A1D3A582EB}.Ad-Hoc|x64.ActiveCfg = Release|Any CPU
		{669B324C-BB79-473D-818D-30A1D3A582EB}.Ad-Hoc|x64.Build.0 = Release|Any CPU
		{669B324C-BB79-473D-818D-30A1D3A582EB}.Ad-Hoc|x86.ActiveCfg = Release|Any CPU
		{669B324C-BB79-473D-818D-30A1D3A582EB}.Ad-Hoc|x86.Build.0 = Release|Any CPU
		{669B324C-BB79-473D-818D-30A1D3A582EB}.AppStore|Any CPU.ActiveCfg = Release|Any CPU
		{669B324C-BB79-473D-818D-30A1D3A582EB}.AppStore|Any CPU.Build.0 = Release|Any CPU
		{669B324C-BB79-473D-818D-30A1D3A582EB}.AppStore|ARM.ActiveCfg = Release|Any CPU
		{669B324C-BB79-473D-818D-30A1D3A582EB}.AppStore|ARM.Build.0 = Release|Any CPU
		{669B324C-BB79-473D-818D-30A1D3A582EB}.AppStore|iPhone.ActiveCfg = Release|Any CPU
		{669B324C-BB79-473D-818D-30A1D3A582EB}.AppStore|iPhone.Build.0 = Release|Any CPU
		{669B324C-BB79-473D-818D-30A1D3A582EB}.AppStore|iPhoneSimulator.ActiveCfg = Release|Any CPU
		{669B324C-BB79-473D-818D-30A1D3A582EB}.AppStore|iPhoneSimulator.Build.0 = Release|Any CPU
		{669B324C-BB79-473D-818D-30A1D3A582EB}.AppStore|Mixed Platforms.ActiveCfg = Release|Any CPU
		{669B324C-BB79-473D-818D-30A1D3A582EB}.AppStore|Mixed Platforms.Build.0 = Release|Any CPU
		{669B324C-BB79-473D-818D-30A1D3A582EB}.AppStore|x64.ActiveCfg = Release|Any CPU
		{669B324C-BB79-473D-818D-30A1D3A582EB}.AppStore|x64.Build.0 = Release|Any CPU
		{669B324C-BB79-473D-818D-30A1D3A582EB}.AppStore|x86.ActiveCfg = Release|Any CPU
		{669B324C-BB79-473D-818D-30A1D3A582EB}.AppStore|x86.Build.0 = Release|Any CPU
		{669B324C-BB79-473D-818D-30A1D3A582EB}.Debug|Any CPU.ActiveCfg = Debug|Any CPU
		{669B324C-BB79-473D-818D-30A1D3A582EB}.Debug|Any CPU.Build.0 = Debug|Any CPU
		{669B324C-BB79-473D-818D-30A1D3A582EB}.Debug|ARM.ActiveCfg = Debug|Any CPU
		{669B324C-BB79-473D-818D-30A1D3A582EB}.Debug|ARM.Build.0 = Debug|Any CPU
		{669B324C-BB79-473D-818D-30A1D3A582EB}.Debug|iPhone.ActiveCfg = Debug|Any CPU
		{669B324C-BB79-473D-818D-30A1D3A582EB}.Debug|iPhone.Build.0 = Debug|Any CPU
		{669B324C-BB79-473D-818D-30A1D3A582EB}.Debug|iPhoneSimulator.ActiveCfg = Debug|Any CPU
		{669B324C-BB79-473D-818D-30A1D3A582EB}.Debug|iPhoneSimulator.Build.0 = Debug|Any CPU
		{669B324C-BB79-473D-818D-30A1D3A582EB}.Debug|Mixed Platforms.ActiveCfg = Debug|Any CPU
		{669B324C-BB79-473D-818D-30A1D3A582EB}.Debug|Mixed Platforms.Build.0 = Debug|Any CPU
		{669B324C-BB79-473D-818D-30A1D3A582EB}.Debug|x64.ActiveCfg = Debug|Any CPU
		{669B324C-BB79-473D-818D-30A1D3A582EB}.Debug|x64.Build.0 = Debug|Any CPU
		{669B324C-BB79-473D-818D-30A1D3A582EB}.Debug|x86.ActiveCfg = Debug|Any CPU
		{669B324C-BB79-473D-818D-30A1D3A582EB}.Debug|x86.Build.0 = Debug|Any CPU
		{669B324C-BB79-473D-818D-30A1D3A582EB}.Release|Any CPU.ActiveCfg = Release|Any CPU
		{669B324C-BB79-473D-818D-30A1D3A582EB}.Release|Any CPU.Build.0 = Release|Any CPU
		{669B324C-BB79-473D-818D-30A1D3A582EB}.Release|ARM.ActiveCfg = Release|Any CPU
		{669B324C-BB79-473D-818D-30A1D3A582EB}.Release|ARM.Build.0 = Release|Any CPU
		{669B324C-BB79-473D-818D-30A1D3A582EB}.Release|iPhone.ActiveCfg = Release|Any CPU
		{669B324C-BB79-473D-818D-30A1D3A582EB}.Release|iPhone.Build.0 = Release|Any CPU
		{669B324C-BB79-473D-818D-30A1D3A582EB}.Release|iPhoneSimulator.ActiveCfg = Release|Any CPU
		{669B324C-BB79-473D-818D-30A1D3A582EB}.Release|iPhoneSimulator.Build.0 = Release|Any CPU
		{669B324C-BB79-473D-818D-30A1D3A582EB}.Release|Mixed Platforms.ActiveCfg = Release|Any CPU
		{669B324C-BB79-473D-818D-30A1D3A582EB}.Release|Mixed Platforms.Build.0 = Release|Any CPU
		{669B324C-BB79-473D-818D-30A1D3A582EB}.Release|x64.ActiveCfg = Release|Any CPU
		{669B324C-BB79-473D-818D-30A1D3A582EB}.Release|x64.Build.0 = Release|Any CPU
		{669B324C-BB79-473D-818D-30A1D3A582EB}.Release|x86.ActiveCfg = Release|Any CPU
		{669B324C-BB79-473D-818D-30A1D3A582EB}.Release|x86.Build.0 = Release|Any CPU
		{4393A996-0A64-47B2-9BD5-E2673996998D}.Ad-Hoc|Any CPU.ActiveCfg = Release|Any CPU
		{4393A996-0A64-47B2-9BD5-E2673996998D}.Ad-Hoc|Any CPU.Build.0 = Release|Any CPU
		{4393A996-0A64-47B2-9BD5-E2673996998D}.Ad-Hoc|ARM.ActiveCfg = Release|Any CPU
		{4393A996-0A64-47B2-9BD5-E2673996998D}.Ad-Hoc|ARM.Build.0 = Release|Any CPU
		{4393A996-0A64-47B2-9BD5-E2673996998D}.Ad-Hoc|iPhone.ActiveCfg = Release|Any CPU
		{4393A996-0A64-47B2-9BD5-E2673996998D}.Ad-Hoc|iPhone.Build.0 = Release|Any CPU
		{4393A996-0A64-47B2-9BD5-E2673996998D}.Ad-Hoc|iPhoneSimulator.ActiveCfg = Release|Any CPU
		{4393A996-0A64-47B2-9BD5-E2673996998D}.Ad-Hoc|iPhoneSimulator.Build.0 = Release|Any CPU
		{4393A996-0A64-47B2-9BD5-E2673996998D}.Ad-Hoc|Mixed Platforms.ActiveCfg = Release|Any CPU
		{4393A996-0A64-47B2-9BD5-E2673996998D}.Ad-Hoc|Mixed Platforms.Build.0 = Release|Any CPU
		{4393A996-0A64-47B2-9BD5-E2673996998D}.Ad-Hoc|x64.ActiveCfg = Release|Any CPU
		{4393A996-0A64-47B2-9BD5-E2673996998D}.Ad-Hoc|x64.Build.0 = Release|Any CPU
		{4393A996-0A64-47B2-9BD5-E2673996998D}.Ad-Hoc|x86.ActiveCfg = Release|Any CPU
		{4393A996-0A64-47B2-9BD5-E2673996998D}.Ad-Hoc|x86.Build.0 = Release|Any CPU
		{4393A996-0A64-47B2-9BD5-E2673996998D}.AppStore|Any CPU.ActiveCfg = Release|Any CPU
		{4393A996-0A64-47B2-9BD5-E2673996998D}.AppStore|Any CPU.Build.0 = Release|Any CPU
		{4393A996-0A64-47B2-9BD5-E2673996998D}.AppStore|ARM.ActiveCfg = Release|Any CPU
		{4393A996-0A64-47B2-9BD5-E2673996998D}.AppStore|ARM.Build.0 = Release|Any CPU
		{4393A996-0A64-47B2-9BD5-E2673996998D}.AppStore|iPhone.ActiveCfg = Release|Any CPU
		{4393A996-0A64-47B2-9BD5-E2673996998D}.AppStore|iPhone.Build.0 = Release|Any CPU
		{4393A996-0A64-47B2-9BD5-E2673996998D}.AppStore|iPhoneSimulator.ActiveCfg = Release|Any CPU
		{4393A996-0A64-47B2-9BD5-E2673996998D}.AppStore|iPhoneSimulator.Build.0 = Release|Any CPU
		{4393A996-0A64-47B2-9BD5-E2673996998D}.AppStore|Mixed Platforms.ActiveCfg = Release|Any CPU
		{4393A996-0A64-47B2-9BD5-E2673996998D}.AppStore|Mixed Platforms.Build.0 = Release|Any CPU
		{4393A996-0A64-47B2-9BD5-E2673996998D}.AppStore|x64.ActiveCfg = Release|Any CPU
		{4393A996-0A64-47B2-9BD5-E2673996998D}.AppStore|x64.Build.0 = Release|Any CPU
		{4393A996-0A64-47B2-9BD5-E2673996998D}.AppStore|x86.ActiveCfg = Release|Any CPU
		{4393A996-0A64-47B2-9BD5-E2673996998D}.AppStore|x86.Build.0 = Release|Any CPU
		{4393A996-0A64-47B2-9BD5-E2673996998D}.Debug|Any CPU.ActiveCfg = Debug|Any CPU
		{4393A996-0A64-47B2-9BD5-E2673996998D}.Debug|Any CPU.Build.0 = Debug|Any CPU
		{4393A996-0A64-47B2-9BD5-E2673996998D}.Debug|ARM.ActiveCfg = Debug|Any CPU
		{4393A996-0A64-47B2-9BD5-E2673996998D}.Debug|ARM.Build.0 = Debug|Any CPU
		{4393A996-0A64-47B2-9BD5-E2673996998D}.Debug|iPhone.ActiveCfg = Debug|Any CPU
		{4393A996-0A64-47B2-9BD5-E2673996998D}.Debug|iPhone.Build.0 = Debug|Any CPU
		{4393A996-0A64-47B2-9BD5-E2673996998D}.Debug|iPhoneSimulator.ActiveCfg = Debug|Any CPU
		{4393A996-0A64-47B2-9BD5-E2673996998D}.Debug|iPhoneSimulator.Build.0 = Debug|Any CPU
		{4393A996-0A64-47B2-9BD5-E2673996998D}.Debug|Mixed Platforms.ActiveCfg = Debug|Any CPU
		{4393A996-0A64-47B2-9BD5-E2673996998D}.Debug|Mixed Platforms.Build.0 = Debug|Any CPU
		{4393A996-0A64-47B2-9BD5-E2673996998D}.Debug|x64.ActiveCfg = Debug|Any CPU
		{4393A996-0A64-47B2-9BD5-E2673996998D}.Debug|x64.Build.0 = Debug|Any CPU
		{4393A996-0A64-47B2-9BD5-E2673996998D}.Debug|x86.ActiveCfg = Debug|Any CPU
		{4393A996-0A64-47B2-9BD5-E2673996998D}.Debug|x86.Build.0 = Debug|Any CPU
		{4393A996-0A64-47B2-9BD5-E2673996998D}.Release|Any CPU.ActiveCfg = Release|Any CPU
		{4393A996-0A64-47B2-9BD5-E2673996998D}.Release|Any CPU.Build.0 = Release|Any CPU
		{4393A996-0A64-47B2-9BD5-E2673996998D}.Release|ARM.ActiveCfg = Release|Any CPU
		{4393A996-0A64-47B2-9BD5-E2673996998D}.Release|ARM.Build.0 = Release|Any CPU
		{4393A996-0A64-47B2-9BD5-E2673996998D}.Release|iPhone.ActiveCfg = Release|Any CPU
		{4393A996-0A64-47B2-9BD5-E2673996998D}.Release|iPhone.Build.0 = Release|Any CPU
		{4393A996-0A64-47B2-9BD5-E2673996998D}.Release|iPhoneSimulator.ActiveCfg = Release|Any CPU
		{4393A996-0A64-47B2-9BD5-E2673996998D}.Release|iPhoneSimulator.Build.0 = Release|Any CPU
		{4393A996-0A64-47B2-9BD5-E2673996998D}.Release|Mixed Platforms.ActiveCfg = Release|Any CPU
		{4393A996-0A64-47B2-9BD5-E2673996998D}.Release|Mixed Platforms.Build.0 = Release|Any CPU
		{4393A996-0A64-47B2-9BD5-E2673996998D}.Release|x64.ActiveCfg = Release|Any CPU
		{4393A996-0A64-47B2-9BD5-E2673996998D}.Release|x64.Build.0 = Release|Any CPU
		{4393A996-0A64-47B2-9BD5-E2673996998D}.Release|x86.ActiveCfg = Release|Any CPU
		{4393A996-0A64-47B2-9BD5-E2673996998D}.Release|x86.Build.0 = Release|Any CPU
		{3E0E8479-2099-44F8-A5A7-569A1E45A7A8}.Ad-Hoc|Any CPU.ActiveCfg = Release|Any CPU
		{3E0E8479-2099-44F8-A5A7-569A1E45A7A8}.Ad-Hoc|Any CPU.Build.0 = Release|Any CPU
		{3E0E8479-2099-44F8-A5A7-569A1E45A7A8}.Ad-Hoc|ARM.ActiveCfg = Release|Any CPU
		{3E0E8479-2099-44F8-A5A7-569A1E45A7A8}.Ad-Hoc|ARM.Build.0 = Release|Any CPU
		{3E0E8479-2099-44F8-A5A7-569A1E45A7A8}.Ad-Hoc|iPhone.ActiveCfg = Release|Any CPU
		{3E0E8479-2099-44F8-A5A7-569A1E45A7A8}.Ad-Hoc|iPhone.Build.0 = Release|Any CPU
		{3E0E8479-2099-44F8-A5A7-569A1E45A7A8}.Ad-Hoc|iPhoneSimulator.ActiveCfg = Release|Any CPU
		{3E0E8479-2099-44F8-A5A7-569A1E45A7A8}.Ad-Hoc|iPhoneSimulator.Build.0 = Release|Any CPU
		{3E0E8479-2099-44F8-A5A7-569A1E45A7A8}.Ad-Hoc|Mixed Platforms.ActiveCfg = Release|Any CPU
		{3E0E8479-2099-44F8-A5A7-569A1E45A7A8}.Ad-Hoc|Mixed Platforms.Build.0 = Release|Any CPU
		{3E0E8479-2099-44F8-A5A7-569A1E45A7A8}.Ad-Hoc|x64.ActiveCfg = Release|Any CPU
		{3E0E8479-2099-44F8-A5A7-569A1E45A7A8}.Ad-Hoc|x64.Build.0 = Release|Any CPU
		{3E0E8479-2099-44F8-A5A7-569A1E45A7A8}.Ad-Hoc|x86.ActiveCfg = Release|Any CPU
		{3E0E8479-2099-44F8-A5A7-569A1E45A7A8}.Ad-Hoc|x86.Build.0 = Release|Any CPU
		{3E0E8479-2099-44F8-A5A7-569A1E45A7A8}.AppStore|Any CPU.ActiveCfg = Release|Any CPU
		{3E0E8479-2099-44F8-A5A7-569A1E45A7A8}.AppStore|Any CPU.Build.0 = Release|Any CPU
		{3E0E8479-2099-44F8-A5A7-569A1E45A7A8}.AppStore|ARM.ActiveCfg = Release|Any CPU
		{3E0E8479-2099-44F8-A5A7-569A1E45A7A8}.AppStore|ARM.Build.0 = Release|Any CPU
		{3E0E8479-2099-44F8-A5A7-569A1E45A7A8}.AppStore|iPhone.ActiveCfg = Release|Any CPU
		{3E0E8479-2099-44F8-A5A7-569A1E45A7A8}.AppStore|iPhone.Build.0 = Release|Any CPU
		{3E0E8479-2099-44F8-A5A7-569A1E45A7A8}.AppStore|iPhoneSimulator.ActiveCfg = Release|Any CPU
		{3E0E8479-2099-44F8-A5A7-569A1E45A7A8}.AppStore|iPhoneSimulator.Build.0 = Release|Any CPU
		{3E0E8479-2099-44F8-A5A7-569A1E45A7A8}.AppStore|Mixed Platforms.ActiveCfg = Release|Any CPU
		{3E0E8479-2099-44F8-A5A7-569A1E45A7A8}.AppStore|Mixed Platforms.Build.0 = Release|Any CPU
		{3E0E8479-2099-44F8-A5A7-569A1E45A7A8}.AppStore|x64.ActiveCfg = Release|Any CPU
		{3E0E8479-2099-44F8-A5A7-569A1E45A7A8}.AppStore|x64.Build.0 = Release|Any CPU
		{3E0E8479-2099-44F8-A5A7-569A1E45A7A8}.AppStore|x86.ActiveCfg = Release|Any CPU
		{3E0E8479-2099-44F8-A5A7-569A1E45A7A8}.AppStore|x86.Build.0 = Release|Any CPU
		{3E0E8479-2099-44F8-A5A7-569A1E45A7A8}.Debug|Any CPU.ActiveCfg = Debug|Any CPU
		{3E0E8479-2099-44F8-A5A7-569A1E45A7A8}.Debug|Any CPU.Build.0 = Debug|Any CPU
		{3E0E8479-2099-44F8-A5A7-569A1E45A7A8}.Debug|ARM.ActiveCfg = Debug|Any CPU
		{3E0E8479-2099-44F8-A5A7-569A1E45A7A8}.Debug|ARM.Build.0 = Debug|Any CPU
		{3E0E8479-2099-44F8-A5A7-569A1E45A7A8}.Debug|iPhone.ActiveCfg = Debug|Any CPU
		{3E0E8479-2099-44F8-A5A7-569A1E45A7A8}.Debug|iPhone.Build.0 = Debug|Any CPU
		{3E0E8479-2099-44F8-A5A7-569A1E45A7A8}.Debug|iPhoneSimulator.ActiveCfg = Debug|Any CPU
		{3E0E8479-2099-44F8-A5A7-569A1E45A7A8}.Debug|iPhoneSimulator.Build.0 = Debug|Any CPU
		{3E0E8479-2099-44F8-A5A7-569A1E45A7A8}.Debug|Mixed Platforms.ActiveCfg = Debug|Any CPU
		{3E0E8479-2099-44F8-A5A7-569A1E45A7A8}.Debug|Mixed Platforms.Build.0 = Debug|Any CPU
		{3E0E8479-2099-44F8-A5A7-569A1E45A7A8}.Debug|x64.ActiveCfg = Debug|Any CPU
		{3E0E8479-2099-44F8-A5A7-569A1E45A7A8}.Debug|x64.Build.0 = Debug|Any CPU
		{3E0E8479-2099-44F8-A5A7-569A1E45A7A8}.Debug|x86.ActiveCfg = Debug|Any CPU
		{3E0E8479-2099-44F8-A5A7-569A1E45A7A8}.Debug|x86.Build.0 = Debug|Any CPU
		{3E0E8479-2099-44F8-A5A7-569A1E45A7A8}.Release|Any CPU.ActiveCfg = Release|Any CPU
		{3E0E8479-2099-44F8-A5A7-569A1E45A7A8}.Release|Any CPU.Build.0 = Release|Any CPU
		{3E0E8479-2099-44F8-A5A7-569A1E45A7A8}.Release|ARM.ActiveCfg = Release|Any CPU
		{3E0E8479-2099-44F8-A5A7-569A1E45A7A8}.Release|ARM.Build.0 = Release|Any CPU
		{3E0E8479-2099-44F8-A5A7-569A1E45A7A8}.Release|iPhone.ActiveCfg = Release|Any CPU
		{3E0E8479-2099-44F8-A5A7-569A1E45A7A8}.Release|iPhone.Build.0 = Release|Any CPU
		{3E0E8479-2099-44F8-A5A7-569A1E45A7A8}.Release|iPhoneSimulator.ActiveCfg = Release|Any CPU
		{3E0E8479-2099-44F8-A5A7-569A1E45A7A8}.Release|iPhoneSimulator.Build.0 = Release|Any CPU
		{3E0E8479-2099-44F8-A5A7-569A1E45A7A8}.Release|Mixed Platforms.ActiveCfg = Release|Any CPU
		{3E0E8479-2099-44F8-A5A7-569A1E45A7A8}.Release|Mixed Platforms.Build.0 = Release|Any CPU
		{3E0E8479-2099-44F8-A5A7-569A1E45A7A8}.Release|x64.ActiveCfg = Release|Any CPU
		{3E0E8479-2099-44F8-A5A7-569A1E45A7A8}.Release|x64.Build.0 = Release|Any CPU
		{3E0E8479-2099-44F8-A5A7-569A1E45A7A8}.Release|x86.ActiveCfg = Release|Any CPU
		{3E0E8479-2099-44F8-A5A7-569A1E45A7A8}.Release|x86.Build.0 = Release|Any CPU
		{D90CA62C-A6A3-40C9-9C2C-32D12FBEB874}.Ad-Hoc|Any CPU.ActiveCfg = Release|Any CPU
		{D90CA62C-A6A3-40C9-9C2C-32D12FBEB874}.Ad-Hoc|Any CPU.Build.0 = Release|Any CPU
		{D90CA62C-A6A3-40C9-9C2C-32D12FBEB874}.Ad-Hoc|ARM.ActiveCfg = Release|Any CPU
		{D90CA62C-A6A3-40C9-9C2C-32D12FBEB874}.Ad-Hoc|ARM.Build.0 = Release|Any CPU
		{D90CA62C-A6A3-40C9-9C2C-32D12FBEB874}.Ad-Hoc|iPhone.ActiveCfg = Release|Any CPU
		{D90CA62C-A6A3-40C9-9C2C-32D12FBEB874}.Ad-Hoc|iPhone.Build.0 = Release|Any CPU
		{D90CA62C-A6A3-40C9-9C2C-32D12FBEB874}.Ad-Hoc|iPhoneSimulator.ActiveCfg = Release|Any CPU
		{D90CA62C-A6A3-40C9-9C2C-32D12FBEB874}.Ad-Hoc|iPhoneSimulator.Build.0 = Release|Any CPU
		{D90CA62C-A6A3-40C9-9C2C-32D12FBEB874}.Ad-Hoc|Mixed Platforms.ActiveCfg = Release|Any CPU
		{D90CA62C-A6A3-40C9-9C2C-32D12FBEB874}.Ad-Hoc|Mixed Platforms.Build.0 = Release|Any CPU
		{D90CA62C-A6A3-40C9-9C2C-32D12FBEB874}.Ad-Hoc|x64.ActiveCfg = Release|Any CPU
		{D90CA62C-A6A3-40C9-9C2C-32D12FBEB874}.Ad-Hoc|x64.Build.0 = Release|Any CPU
		{D90CA62C-A6A3-40C9-9C2C-32D12FBEB874}.Ad-Hoc|x86.ActiveCfg = Release|Any CPU
		{D90CA62C-A6A3-40C9-9C2C-32D12FBEB874}.Ad-Hoc|x86.Build.0 = Release|Any CPU
		{D90CA62C-A6A3-40C9-9C2C-32D12FBEB874}.AppStore|Any CPU.ActiveCfg = Release|Any CPU
		{D90CA62C-A6A3-40C9-9C2C-32D12FBEB874}.AppStore|Any CPU.Build.0 = Release|Any CPU
		{D90CA62C-A6A3-40C9-9C2C-32D12FBEB874}.AppStore|ARM.ActiveCfg = Release|Any CPU
		{D90CA62C-A6A3-40C9-9C2C-32D12FBEB874}.AppStore|ARM.Build.0 = Release|Any CPU
		{D90CA62C-A6A3-40C9-9C2C-32D12FBEB874}.AppStore|iPhone.ActiveCfg = Release|Any CPU
		{D90CA62C-A6A3-40C9-9C2C-32D12FBEB874}.AppStore|iPhone.Build.0 = Release|Any CPU
		{D90CA62C-A6A3-40C9-9C2C-32D12FBEB874}.AppStore|iPhoneSimulator.ActiveCfg = Release|Any CPU
		{D90CA62C-A6A3-40C9-9C2C-32D12FBEB874}.AppStore|iPhoneSimulator.Build.0 = Release|Any CPU
		{D90CA62C-A6A3-40C9-9C2C-32D12FBEB874}.AppStore|Mixed Platforms.ActiveCfg = Release|Any CPU
		{D90CA62C-A6A3-40C9-9C2C-32D12FBEB874}.AppStore|Mixed Platforms.Build.0 = Release|Any CPU
		{D90CA62C-A6A3-40C9-9C2C-32D12FBEB874}.AppStore|x64.ActiveCfg = Release|Any CPU
		{D90CA62C-A6A3-40C9-9C2C-32D12FBEB874}.AppStore|x64.Build.0 = Release|Any CPU
		{D90CA62C-A6A3-40C9-9C2C-32D12FBEB874}.AppStore|x86.ActiveCfg = Release|Any CPU
		{D90CA62C-A6A3-40C9-9C2C-32D12FBEB874}.AppStore|x86.Build.0 = Release|Any CPU
		{D90CA62C-A6A3-40C9-9C2C-32D12FBEB874}.Debug|Any CPU.ActiveCfg = Debug|Any CPU
		{D90CA62C-A6A3-40C9-9C2C-32D12FBEB874}.Debug|Any CPU.Build.0 = Debug|Any CPU
		{D90CA62C-A6A3-40C9-9C2C-32D12FBEB874}.Debug|ARM.ActiveCfg = Debug|Any CPU
		{D90CA62C-A6A3-40C9-9C2C-32D12FBEB874}.Debug|ARM.Build.0 = Debug|Any CPU
		{D90CA62C-A6A3-40C9-9C2C-32D12FBEB874}.Debug|iPhone.ActiveCfg = Debug|Any CPU
		{D90CA62C-A6A3-40C9-9C2C-32D12FBEB874}.Debug|iPhone.Build.0 = Debug|Any CPU
		{D90CA62C-A6A3-40C9-9C2C-32D12FBEB874}.Debug|iPhoneSimulator.ActiveCfg = Debug|Any CPU
		{D90CA62C-A6A3-40C9-9C2C-32D12FBEB874}.Debug|iPhoneSimulator.Build.0 = Debug|Any CPU
		{D90CA62C-A6A3-40C9-9C2C-32D12FBEB874}.Debug|Mixed Platforms.ActiveCfg = Debug|Any CPU
		{D90CA62C-A6A3-40C9-9C2C-32D12FBEB874}.Debug|Mixed Platforms.Build.0 = Debug|Any CPU
		{D90CA62C-A6A3-40C9-9C2C-32D12FBEB874}.Debug|x64.ActiveCfg = Debug|Any CPU
		{D90CA62C-A6A3-40C9-9C2C-32D12FBEB874}.Debug|x64.Build.0 = Debug|Any CPU
		{D90CA62C-A6A3-40C9-9C2C-32D12FBEB874}.Debug|x86.ActiveCfg = Debug|Any CPU
		{D90CA62C-A6A3-40C9-9C2C-32D12FBEB874}.Debug|x86.Build.0 = Debug|Any CPU
		{D90CA62C-A6A3-40C9-9C2C-32D12FBEB874}.Release|Any CPU.ActiveCfg = Release|Any CPU
		{D90CA62C-A6A3-40C9-9C2C-32D12FBEB874}.Release|Any CPU.Build.0 = Release|Any CPU
		{D90CA62C-A6A3-40C9-9C2C-32D12FBEB874}.Release|ARM.ActiveCfg = Release|Any CPU
		{D90CA62C-A6A3-40C9-9C2C-32D12FBEB874}.Release|ARM.Build.0 = Release|Any CPU
		{D90CA62C-A6A3-40C9-9C2C-32D12FBEB874}.Release|iPhone.ActiveCfg = Release|Any CPU
		{D90CA62C-A6A3-40C9-9C2C-32D12FBEB874}.Release|iPhone.Build.0 = Release|Any CPU
		{D90CA62C-A6A3-40C9-9C2C-32D12FBEB874}.Release|iPhoneSimulator.ActiveCfg = Release|Any CPU
		{D90CA62C-A6A3-40C9-9C2C-32D12FBEB874}.Release|iPhoneSimulator.Build.0 = Release|Any CPU
		{D90CA62C-A6A3-40C9-9C2C-32D12FBEB874}.Release|Mixed Platforms.ActiveCfg = Release|Any CPU
		{D90CA62C-A6A3-40C9-9C2C-32D12FBEB874}.Release|Mixed Platforms.Build.0 = Release|Any CPU
		{D90CA62C-A6A3-40C9-9C2C-32D12FBEB874}.Release|x64.ActiveCfg = Release|Any CPU
		{D90CA62C-A6A3-40C9-9C2C-32D12FBEB874}.Release|x64.Build.0 = Release|Any CPU
		{D90CA62C-A6A3-40C9-9C2C-32D12FBEB874}.Release|x86.ActiveCfg = Release|Any CPU
		{D90CA62C-A6A3-40C9-9C2C-32D12FBEB874}.Release|x86.Build.0 = Release|Any CPU
		{F16078A8-5076-4741-95AA-17CC9FBC0C61}.Ad-Hoc|Any CPU.ActiveCfg = Release|Any CPU
		{F16078A8-5076-4741-95AA-17CC9FBC0C61}.Ad-Hoc|Any CPU.Build.0 = Release|Any CPU
		{F16078A8-5076-4741-95AA-17CC9FBC0C61}.Ad-Hoc|ARM.ActiveCfg = Release|Any CPU
		{F16078A8-5076-4741-95AA-17CC9FBC0C61}.Ad-Hoc|ARM.Build.0 = Release|Any CPU
		{F16078A8-5076-4741-95AA-17CC9FBC0C61}.Ad-Hoc|iPhone.ActiveCfg = Release|Any CPU
		{F16078A8-5076-4741-95AA-17CC9FBC0C61}.Ad-Hoc|iPhone.Build.0 = Release|Any CPU
		{F16078A8-5076-4741-95AA-17CC9FBC0C61}.Ad-Hoc|iPhoneSimulator.ActiveCfg = Release|Any CPU
		{F16078A8-5076-4741-95AA-17CC9FBC0C61}.Ad-Hoc|iPhoneSimulator.Build.0 = Release|Any CPU
		{F16078A8-5076-4741-95AA-17CC9FBC0C61}.Ad-Hoc|Mixed Platforms.ActiveCfg = Release|Any CPU
		{F16078A8-5076-4741-95AA-17CC9FBC0C61}.Ad-Hoc|Mixed Platforms.Build.0 = Release|Any CPU
		{F16078A8-5076-4741-95AA-17CC9FBC0C61}.Ad-Hoc|x64.ActiveCfg = Release|Any CPU
		{F16078A8-5076-4741-95AA-17CC9FBC0C61}.Ad-Hoc|x64.Build.0 = Release|Any CPU
		{F16078A8-5076-4741-95AA-17CC9FBC0C61}.Ad-Hoc|x86.ActiveCfg = Release|Any CPU
		{F16078A8-5076-4741-95AA-17CC9FBC0C61}.Ad-Hoc|x86.Build.0 = Release|Any CPU
		{F16078A8-5076-4741-95AA-17CC9FBC0C61}.AppStore|Any CPU.ActiveCfg = Release|Any CPU
		{F16078A8-5076-4741-95AA-17CC9FBC0C61}.AppStore|Any CPU.Build.0 = Release|Any CPU
		{F16078A8-5076-4741-95AA-17CC9FBC0C61}.AppStore|ARM.ActiveCfg = Release|Any CPU
		{F16078A8-5076-4741-95AA-17CC9FBC0C61}.AppStore|ARM.Build.0 = Release|Any CPU
		{F16078A8-5076-4741-95AA-17CC9FBC0C61}.AppStore|iPhone.ActiveCfg = Release|Any CPU
		{F16078A8-5076-4741-95AA-17CC9FBC0C61}.AppStore|iPhone.Build.0 = Release|Any CPU
		{F16078A8-5076-4741-95AA-17CC9FBC0C61}.AppStore|iPhoneSimulator.ActiveCfg = Release|Any CPU
		{F16078A8-5076-4741-95AA-17CC9FBC0C61}.AppStore|iPhoneSimulator.Build.0 = Release|Any CPU
		{F16078A8-5076-4741-95AA-17CC9FBC0C61}.AppStore|Mixed Platforms.ActiveCfg = Release|Any CPU
		{F16078A8-5076-4741-95AA-17CC9FBC0C61}.AppStore|Mixed Platforms.Build.0 = Release|Any CPU
		{F16078A8-5076-4741-95AA-17CC9FBC0C61}.AppStore|x64.ActiveCfg = Release|Any CPU
		{F16078A8-5076-4741-95AA-17CC9FBC0C61}.AppStore|x64.Build.0 = Release|Any CPU
		{F16078A8-5076-4741-95AA-17CC9FBC0C61}.AppStore|x86.ActiveCfg = Release|Any CPU
		{F16078A8-5076-4741-95AA-17CC9FBC0C61}.AppStore|x86.Build.0 = Release|Any CPU
		{F16078A8-5076-4741-95AA-17CC9FBC0C61}.Debug|Any CPU.ActiveCfg = Debug|Any CPU
		{F16078A8-5076-4741-95AA-17CC9FBC0C61}.Debug|Any CPU.Build.0 = Debug|Any CPU
		{F16078A8-5076-4741-95AA-17CC9FBC0C61}.Debug|ARM.ActiveCfg = Debug|Any CPU
		{F16078A8-5076-4741-95AA-17CC9FBC0C61}.Debug|ARM.Build.0 = Debug|Any CPU
		{F16078A8-5076-4741-95AA-17CC9FBC0C61}.Debug|iPhone.ActiveCfg = Debug|Any CPU
		{F16078A8-5076-4741-95AA-17CC9FBC0C61}.Debug|iPhone.Build.0 = Debug|Any CPU
		{F16078A8-5076-4741-95AA-17CC9FBC0C61}.Debug|iPhoneSimulator.ActiveCfg = Debug|Any CPU
		{F16078A8-5076-4741-95AA-17CC9FBC0C61}.Debug|iPhoneSimulator.Build.0 = Debug|Any CPU
		{F16078A8-5076-4741-95AA-17CC9FBC0C61}.Debug|Mixed Platforms.ActiveCfg = Debug|Any CPU
		{F16078A8-5076-4741-95AA-17CC9FBC0C61}.Debug|Mixed Platforms.Build.0 = Debug|Any CPU
		{F16078A8-5076-4741-95AA-17CC9FBC0C61}.Debug|x64.ActiveCfg = Debug|Any CPU
		{F16078A8-5076-4741-95AA-17CC9FBC0C61}.Debug|x64.Build.0 = Debug|Any CPU
		{F16078A8-5076-4741-95AA-17CC9FBC0C61}.Debug|x86.ActiveCfg = Debug|Any CPU
		{F16078A8-5076-4741-95AA-17CC9FBC0C61}.Debug|x86.Build.0 = Debug|Any CPU
		{F16078A8-5076-4741-95AA-17CC9FBC0C61}.Release|Any CPU.ActiveCfg = Release|Any CPU
		{F16078A8-5076-4741-95AA-17CC9FBC0C61}.Release|Any CPU.Build.0 = Release|Any CPU
		{F16078A8-5076-4741-95AA-17CC9FBC0C61}.Release|ARM.ActiveCfg = Release|Any CPU
		{F16078A8-5076-4741-95AA-17CC9FBC0C61}.Release|ARM.Build.0 = Release|Any CPU
		{F16078A8-5076-4741-95AA-17CC9FBC0C61}.Release|iPhone.ActiveCfg = Release|Any CPU
		{F16078A8-5076-4741-95AA-17CC9FBC0C61}.Release|iPhone.Build.0 = Release|Any CPU
		{F16078A8-5076-4741-95AA-17CC9FBC0C61}.Release|iPhoneSimulator.ActiveCfg = Release|Any CPU
		{F16078A8-5076-4741-95AA-17CC9FBC0C61}.Release|iPhoneSimulator.Build.0 = Release|Any CPU
		{F16078A8-5076-4741-95AA-17CC9FBC0C61}.Release|Mixed Platforms.ActiveCfg = Release|Any CPU
		{F16078A8-5076-4741-95AA-17CC9FBC0C61}.Release|Mixed Platforms.Build.0 = Release|Any CPU
		{F16078A8-5076-4741-95AA-17CC9FBC0C61}.Release|x64.ActiveCfg = Release|Any CPU
		{F16078A8-5076-4741-95AA-17CC9FBC0C61}.Release|x64.Build.0 = Release|Any CPU
		{F16078A8-5076-4741-95AA-17CC9FBC0C61}.Release|x86.ActiveCfg = Release|Any CPU
		{F16078A8-5076-4741-95AA-17CC9FBC0C61}.Release|x86.Build.0 = Release|Any CPU
		{BFAFDE29-25F7-45D7-B2AE-5925E63E2CF4}.Ad-Hoc|Any CPU.ActiveCfg = Release|Any CPU
		{BFAFDE29-25F7-45D7-B2AE-5925E63E2CF4}.Ad-Hoc|Any CPU.Build.0 = Release|Any CPU
		{BFAFDE29-25F7-45D7-B2AE-5925E63E2CF4}.Ad-Hoc|ARM.ActiveCfg = Release|Any CPU
		{BFAFDE29-25F7-45D7-B2AE-5925E63E2CF4}.Ad-Hoc|ARM.Build.0 = Release|Any CPU
		{BFAFDE29-25F7-45D7-B2AE-5925E63E2CF4}.Ad-Hoc|iPhone.ActiveCfg = Release|Any CPU
		{BFAFDE29-25F7-45D7-B2AE-5925E63E2CF4}.Ad-Hoc|iPhone.Build.0 = Release|Any CPU
		{BFAFDE29-25F7-45D7-B2AE-5925E63E2CF4}.Ad-Hoc|iPhoneSimulator.ActiveCfg = Release|Any CPU
		{BFAFDE29-25F7-45D7-B2AE-5925E63E2CF4}.Ad-Hoc|iPhoneSimulator.Build.0 = Release|Any CPU
		{BFAFDE29-25F7-45D7-B2AE-5925E63E2CF4}.Ad-Hoc|Mixed Platforms.ActiveCfg = Release|Any CPU
		{BFAFDE29-25F7-45D7-B2AE-5925E63E2CF4}.Ad-Hoc|Mixed Platforms.Build.0 = Release|Any CPU
		{BFAFDE29-25F7-45D7-B2AE-5925E63E2CF4}.Ad-Hoc|x64.ActiveCfg = Release|Any CPU
		{BFAFDE29-25F7-45D7-B2AE-5925E63E2CF4}.Ad-Hoc|x64.Build.0 = Release|Any CPU
		{BFAFDE29-25F7-45D7-B2AE-5925E63E2CF4}.Ad-Hoc|x86.ActiveCfg = Release|Any CPU
		{BFAFDE29-25F7-45D7-B2AE-5925E63E2CF4}.Ad-Hoc|x86.Build.0 = Release|Any CPU
		{BFAFDE29-25F7-45D7-B2AE-5925E63E2CF4}.AppStore|Any CPU.ActiveCfg = Release|Any CPU
		{BFAFDE29-25F7-45D7-B2AE-5925E63E2CF4}.AppStore|Any CPU.Build.0 = Release|Any CPU
		{BFAFDE29-25F7-45D7-B2AE-5925E63E2CF4}.AppStore|ARM.ActiveCfg = Release|Any CPU
		{BFAFDE29-25F7-45D7-B2AE-5925E63E2CF4}.AppStore|ARM.Build.0 = Release|Any CPU
		{BFAFDE29-25F7-45D7-B2AE-5925E63E2CF4}.AppStore|iPhone.ActiveCfg = Release|Any CPU
		{BFAFDE29-25F7-45D7-B2AE-5925E63E2CF4}.AppStore|iPhone.Build.0 = Release|Any CPU
		{BFAFDE29-25F7-45D7-B2AE-5925E63E2CF4}.AppStore|iPhoneSimulator.ActiveCfg = Release|Any CPU
		{BFAFDE29-25F7-45D7-B2AE-5925E63E2CF4}.AppStore|iPhoneSimulator.Build.0 = Release|Any CPU
		{BFAFDE29-25F7-45D7-B2AE-5925E63E2CF4}.AppStore|Mixed Platforms.ActiveCfg = Release|Any CPU
		{BFAFDE29-25F7-45D7-B2AE-5925E63E2CF4}.AppStore|Mixed Platforms.Build.0 = Release|Any CPU
		{BFAFDE29-25F7-45D7-B2AE-5925E63E2CF4}.AppStore|x64.ActiveCfg = Release|Any CPU
		{BFAFDE29-25F7-45D7-B2AE-5925E63E2CF4}.AppStore|x64.Build.0 = Release|Any CPU
		{BFAFDE29-25F7-45D7-B2AE-5925E63E2CF4}.AppStore|x86.ActiveCfg = Release|Any CPU
		{BFAFDE29-25F7-45D7-B2AE-5925E63E2CF4}.AppStore|x86.Build.0 = Release|Any CPU
		{BFAFDE29-25F7-45D7-B2AE-5925E63E2CF4}.Debug|Any CPU.ActiveCfg = Debug|Any CPU
		{BFAFDE29-25F7-45D7-B2AE-5925E63E2CF4}.Debug|Any CPU.Build.0 = Debug|Any CPU
		{BFAFDE29-25F7-45D7-B2AE-5925E63E2CF4}.Debug|ARM.ActiveCfg = Debug|Any CPU
		{BFAFDE29-25F7-45D7-B2AE-5925E63E2CF4}.Debug|ARM.Build.0 = Debug|Any CPU
		{BFAFDE29-25F7-45D7-B2AE-5925E63E2CF4}.Debug|iPhone.ActiveCfg = Debug|Any CPU
		{BFAFDE29-25F7-45D7-B2AE-5925E63E2CF4}.Debug|iPhone.Build.0 = Debug|Any CPU
		{BFAFDE29-25F7-45D7-B2AE-5925E63E2CF4}.Debug|iPhoneSimulator.ActiveCfg = Debug|Any CPU
		{BFAFDE29-25F7-45D7-B2AE-5925E63E2CF4}.Debug|iPhoneSimulator.Build.0 = Debug|Any CPU
		{BFAFDE29-25F7-45D7-B2AE-5925E63E2CF4}.Debug|Mixed Platforms.ActiveCfg = Debug|Any CPU
		{BFAFDE29-25F7-45D7-B2AE-5925E63E2CF4}.Debug|Mixed Platforms.Build.0 = Debug|Any CPU
		{BFAFDE29-25F7-45D7-B2AE-5925E63E2CF4}.Debug|x64.ActiveCfg = Debug|Any CPU
		{BFAFDE29-25F7-45D7-B2AE-5925E63E2CF4}.Debug|x64.Build.0 = Debug|Any CPU
		{BFAFDE29-25F7-45D7-B2AE-5925E63E2CF4}.Debug|x86.ActiveCfg = Debug|Any CPU
		{BFAFDE29-25F7-45D7-B2AE-5925E63E2CF4}.Debug|x86.Build.0 = Debug|Any CPU
		{BFAFDE29-25F7-45D7-B2AE-5925E63E2CF4}.Release|Any CPU.ActiveCfg = Release|Any CPU
		{BFAFDE29-25F7-45D7-B2AE-5925E63E2CF4}.Release|Any CPU.Build.0 = Release|Any CPU
		{BFAFDE29-25F7-45D7-B2AE-5925E63E2CF4}.Release|ARM.ActiveCfg = Release|Any CPU
		{BFAFDE29-25F7-45D7-B2AE-5925E63E2CF4}.Release|ARM.Build.0 = Release|Any CPU
		{BFAFDE29-25F7-45D7-B2AE-5925E63E2CF4}.Release|iPhone.ActiveCfg = Release|Any CPU
		{BFAFDE29-25F7-45D7-B2AE-5925E63E2CF4}.Release|iPhone.Build.0 = Release|Any CPU
		{BFAFDE29-25F7-45D7-B2AE-5925E63E2CF4}.Release|iPhoneSimulator.ActiveCfg = Release|Any CPU
		{BFAFDE29-25F7-45D7-B2AE-5925E63E2CF4}.Release|iPhoneSimulator.Build.0 = Release|Any CPU
		{BFAFDE29-25F7-45D7-B2AE-5925E63E2CF4}.Release|Mixed Platforms.ActiveCfg = Release|Any CPU
		{BFAFDE29-25F7-45D7-B2AE-5925E63E2CF4}.Release|Mixed Platforms.Build.0 = Release|Any CPU
		{BFAFDE29-25F7-45D7-B2AE-5925E63E2CF4}.Release|x64.ActiveCfg = Release|Any CPU
		{BFAFDE29-25F7-45D7-B2AE-5925E63E2CF4}.Release|x64.Build.0 = Release|Any CPU
		{BFAFDE29-25F7-45D7-B2AE-5925E63E2CF4}.Release|x86.ActiveCfg = Release|Any CPU
		{BFAFDE29-25F7-45D7-B2AE-5925E63E2CF4}.Release|x86.Build.0 = Release|Any CPU
		{B41FBD14-BD68-425E-83D8-1B7C81EF8800}.Ad-Hoc|Any CPU.ActiveCfg = Release|Any CPU
		{B41FBD14-BD68-425E-83D8-1B7C81EF8800}.Ad-Hoc|Any CPU.Build.0 = Release|Any CPU
		{B41FBD14-BD68-425E-83D8-1B7C81EF8800}.Ad-Hoc|ARM.ActiveCfg = Release|Any CPU
		{B41FBD14-BD68-425E-83D8-1B7C81EF8800}.Ad-Hoc|ARM.Build.0 = Release|Any CPU
		{B41FBD14-BD68-425E-83D8-1B7C81EF8800}.Ad-Hoc|iPhone.ActiveCfg = Release|Any CPU
		{B41FBD14-BD68-425E-83D8-1B7C81EF8800}.Ad-Hoc|iPhone.Build.0 = Release|Any CPU
		{B41FBD14-BD68-425E-83D8-1B7C81EF8800}.Ad-Hoc|iPhoneSimulator.ActiveCfg = Release|Any CPU
		{B41FBD14-BD68-425E-83D8-1B7C81EF8800}.Ad-Hoc|iPhoneSimulator.Build.0 = Release|Any CPU
		{B41FBD14-BD68-425E-83D8-1B7C81EF8800}.Ad-Hoc|Mixed Platforms.ActiveCfg = Release|Any CPU
		{B41FBD14-BD68-425E-83D8-1B7C81EF8800}.Ad-Hoc|Mixed Platforms.Build.0 = Release|Any CPU
		{B41FBD14-BD68-425E-83D8-1B7C81EF8800}.Ad-Hoc|x64.ActiveCfg = Release|Any CPU
		{B41FBD14-BD68-425E-83D8-1B7C81EF8800}.Ad-Hoc|x64.Build.0 = Release|Any CPU
		{B41FBD14-BD68-425E-83D8-1B7C81EF8800}.Ad-Hoc|x86.ActiveCfg = Release|Any CPU
		{B41FBD14-BD68-425E-83D8-1B7C81EF8800}.Ad-Hoc|x86.Build.0 = Release|Any CPU
		{B41FBD14-BD68-425E-83D8-1B7C81EF8800}.AppStore|Any CPU.ActiveCfg = Release|Any CPU
		{B41FBD14-BD68-425E-83D8-1B7C81EF8800}.AppStore|Any CPU.Build.0 = Release|Any CPU
		{B41FBD14-BD68-425E-83D8-1B7C81EF8800}.AppStore|ARM.ActiveCfg = Release|Any CPU
		{B41FBD14-BD68-425E-83D8-1B7C81EF8800}.AppStore|ARM.Build.0 = Release|Any CPU
		{B41FBD14-BD68-425E-83D8-1B7C81EF8800}.AppStore|iPhone.ActiveCfg = Release|Any CPU
		{B41FBD14-BD68-425E-83D8-1B7C81EF8800}.AppStore|iPhone.Build.0 = Release|Any CPU
		{B41FBD14-BD68-425E-83D8-1B7C81EF8800}.AppStore|iPhoneSimulator.ActiveCfg = Release|Any CPU
		{B41FBD14-BD68-425E-83D8-1B7C81EF8800}.AppStore|iPhoneSimulator.Build.0 = Release|Any CPU
		{B41FBD14-BD68-425E-83D8-1B7C81EF8800}.AppStore|Mixed Platforms.ActiveCfg = Release|Any CPU
		{B41FBD14-BD68-425E-83D8-1B7C81EF8800}.AppStore|Mixed Platforms.Build.0 = Release|Any CPU
		{B41FBD14-BD68-425E-83D8-1B7C81EF8800}.AppStore|x64.ActiveCfg = Release|Any CPU
		{B41FBD14-BD68-425E-83D8-1B7C81EF8800}.AppStore|x64.Build.0 = Release|Any CPU
		{B41FBD14-BD68-425E-83D8-1B7C81EF8800}.AppStore|x86.ActiveCfg = Release|Any CPU
		{B41FBD14-BD68-425E-83D8-1B7C81EF8800}.AppStore|x86.Build.0 = Release|Any CPU
		{B41FBD14-BD68-425E-83D8-1B7C81EF8800}.Debug|Any CPU.ActiveCfg = Debug|Any CPU
		{B41FBD14-BD68-425E-83D8-1B7C81EF8800}.Debug|Any CPU.Build.0 = Debug|Any CPU
		{B41FBD14-BD68-425E-83D8-1B7C81EF8800}.Debug|ARM.ActiveCfg = Debug|Any CPU
		{B41FBD14-BD68-425E-83D8-1B7C81EF8800}.Debug|ARM.Build.0 = Debug|Any CPU
		{B41FBD14-BD68-425E-83D8-1B7C81EF8800}.Debug|iPhone.ActiveCfg = Debug|Any CPU
		{B41FBD14-BD68-425E-83D8-1B7C81EF8800}.Debug|iPhone.Build.0 = Debug|Any CPU
		{B41FBD14-BD68-425E-83D8-1B7C81EF8800}.Debug|iPhoneSimulator.ActiveCfg = Debug|Any CPU
		{B41FBD14-BD68-425E-83D8-1B7C81EF8800}.Debug|iPhoneSimulator.Build.0 = Debug|Any CPU
		{B41FBD14-BD68-425E-83D8-1B7C81EF8800}.Debug|Mixed Platforms.ActiveCfg = Debug|Any CPU
		{B41FBD14-BD68-425E-83D8-1B7C81EF8800}.Debug|Mixed Platforms.Build.0 = Debug|Any CPU
		{B41FBD14-BD68-425E-83D8-1B7C81EF8800}.Debug|x64.ActiveCfg = Debug|Any CPU
		{B41FBD14-BD68-425E-83D8-1B7C81EF8800}.Debug|x64.Build.0 = Debug|Any CPU
		{B41FBD14-BD68-425E-83D8-1B7C81EF8800}.Debug|x86.ActiveCfg = Debug|Any CPU
		{B41FBD14-BD68-425E-83D8-1B7C81EF8800}.Debug|x86.Build.0 = Debug|Any CPU
		{B41FBD14-BD68-425E-83D8-1B7C81EF8800}.Release|Any CPU.ActiveCfg = Release|Any CPU
		{B41FBD14-BD68-425E-83D8-1B7C81EF8800}.Release|Any CPU.Build.0 = Release|Any CPU
		{B41FBD14-BD68-425E-83D8-1B7C81EF8800}.Release|ARM.ActiveCfg = Release|Any CPU
		{B41FBD14-BD68-425E-83D8-1B7C81EF8800}.Release|ARM.Build.0 = Release|Any CPU
		{B41FBD14-BD68-425E-83D8-1B7C81EF8800}.Release|iPhone.ActiveCfg = Release|Any CPU
		{B41FBD14-BD68-425E-83D8-1B7C81EF8800}.Release|iPhone.Build.0 = Release|Any CPU
		{B41FBD14-BD68-425E-83D8-1B7C81EF8800}.Release|iPhoneSimulator.ActiveCfg = Release|Any CPU
		{B41FBD14-BD68-425E-83D8-1B7C81EF8800}.Release|iPhoneSimulator.Build.0 = Release|Any CPU
		{B41FBD14-BD68-425E-83D8-1B7C81EF8800}.Release|Mixed Platforms.ActiveCfg = Release|Any CPU
		{B41FBD14-BD68-425E-83D8-1B7C81EF8800}.Release|Mixed Platforms.Build.0 = Release|Any CPU
		{B41FBD14-BD68-425E-83D8-1B7C81EF8800}.Release|x64.ActiveCfg = Release|Any CPU
		{B41FBD14-BD68-425E-83D8-1B7C81EF8800}.Release|x64.Build.0 = Release|Any CPU
		{B41FBD14-BD68-425E-83D8-1B7C81EF8800}.Release|x86.ActiveCfg = Release|Any CPU
		{B41FBD14-BD68-425E-83D8-1B7C81EF8800}.Release|x86.Build.0 = Release|Any CPU
		{204C4FD4-FBDA-45E2-B52D-6814A44042F0}.Ad-Hoc|Any CPU.ActiveCfg = Release|Any CPU
		{204C4FD4-FBDA-45E2-B52D-6814A44042F0}.Ad-Hoc|Any CPU.Build.0 = Release|Any CPU
		{204C4FD4-FBDA-45E2-B52D-6814A44042F0}.Ad-Hoc|ARM.ActiveCfg = Release|Any CPU
		{204C4FD4-FBDA-45E2-B52D-6814A44042F0}.Ad-Hoc|ARM.Build.0 = Release|Any CPU
		{204C4FD4-FBDA-45E2-B52D-6814A44042F0}.Ad-Hoc|iPhone.ActiveCfg = Release|Any CPU
		{204C4FD4-FBDA-45E2-B52D-6814A44042F0}.Ad-Hoc|iPhone.Build.0 = Release|Any CPU
		{204C4FD4-FBDA-45E2-B52D-6814A44042F0}.Ad-Hoc|iPhoneSimulator.ActiveCfg = Release|Any CPU
		{204C4FD4-FBDA-45E2-B52D-6814A44042F0}.Ad-Hoc|iPhoneSimulator.Build.0 = Release|Any CPU
		{204C4FD4-FBDA-45E2-B52D-6814A44042F0}.Ad-Hoc|Mixed Platforms.ActiveCfg = Release|Any CPU
		{204C4FD4-FBDA-45E2-B52D-6814A44042F0}.Ad-Hoc|Mixed Platforms.Build.0 = Release|Any CPU
		{204C4FD4-FBDA-45E2-B52D-6814A44042F0}.Ad-Hoc|x64.ActiveCfg = Release|Any CPU
		{204C4FD4-FBDA-45E2-B52D-6814A44042F0}.Ad-Hoc|x64.Build.0 = Release|Any CPU
		{204C4FD4-FBDA-45E2-B52D-6814A44042F0}.Ad-Hoc|x86.ActiveCfg = Release|Any CPU
		{204C4FD4-FBDA-45E2-B52D-6814A44042F0}.Ad-Hoc|x86.Build.0 = Release|Any CPU
		{204C4FD4-FBDA-45E2-B52D-6814A44042F0}.AppStore|Any CPU.ActiveCfg = Release|Any CPU
		{204C4FD4-FBDA-45E2-B52D-6814A44042F0}.AppStore|Any CPU.Build.0 = Release|Any CPU
		{204C4FD4-FBDA-45E2-B52D-6814A44042F0}.AppStore|ARM.ActiveCfg = Release|Any CPU
		{204C4FD4-FBDA-45E2-B52D-6814A44042F0}.AppStore|ARM.Build.0 = Release|Any CPU
		{204C4FD4-FBDA-45E2-B52D-6814A44042F0}.AppStore|iPhone.ActiveCfg = Release|Any CPU
		{204C4FD4-FBDA-45E2-B52D-6814A44042F0}.AppStore|iPhone.Build.0 = Release|Any CPU
		{204C4FD4-FBDA-45E2-B52D-6814A44042F0}.AppStore|iPhoneSimulator.ActiveCfg = Release|Any CPU
		{204C4FD4-FBDA-45E2-B52D-6814A44042F0}.AppStore|iPhoneSimulator.Build.0 = Release|Any CPU
		{204C4FD4-FBDA-45E2-B52D-6814A44042F0}.AppStore|Mixed Platforms.ActiveCfg = Release|Any CPU
		{204C4FD4-FBDA-45E2-B52D-6814A44042F0}.AppStore|Mixed Platforms.Build.0 = Release|Any CPU
		{204C4FD4-FBDA-45E2-B52D-6814A44042F0}.AppStore|x64.ActiveCfg = Release|Any CPU
		{204C4FD4-FBDA-45E2-B52D-6814A44042F0}.AppStore|x64.Build.0 = Release|Any CPU
		{204C4FD4-FBDA-45E2-B52D-6814A44042F0}.AppStore|x86.ActiveCfg = Release|Any CPU
		{204C4FD4-FBDA-45E2-B52D-6814A44042F0}.AppStore|x86.Build.0 = Release|Any CPU
		{204C4FD4-FBDA-45E2-B52D-6814A44042F0}.Debug|Any CPU.ActiveCfg = Debug|Any CPU
		{204C4FD4-FBDA-45E2-B52D-6814A44042F0}.Debug|Any CPU.Build.0 = Debug|Any CPU
		{204C4FD4-FBDA-45E2-B52D-6814A44042F0}.Debug|ARM.ActiveCfg = Debug|Any CPU
		{204C4FD4-FBDA-45E2-B52D-6814A44042F0}.Debug|ARM.Build.0 = Debug|Any CPU
		{204C4FD4-FBDA-45E2-B52D-6814A44042F0}.Debug|iPhone.ActiveCfg = Debug|Any CPU
		{204C4FD4-FBDA-45E2-B52D-6814A44042F0}.Debug|iPhone.Build.0 = Debug|Any CPU
		{204C4FD4-FBDA-45E2-B52D-6814A44042F0}.Debug|iPhoneSimulator.ActiveCfg = Debug|Any CPU
		{204C4FD4-FBDA-45E2-B52D-6814A44042F0}.Debug|iPhoneSimulator.Build.0 = Debug|Any CPU
		{204C4FD4-FBDA-45E2-B52D-6814A44042F0}.Debug|Mixed Platforms.ActiveCfg = Debug|Any CPU
		{204C4FD4-FBDA-45E2-B52D-6814A44042F0}.Debug|Mixed Platforms.Build.0 = Debug|Any CPU
		{204C4FD4-FBDA-45E2-B52D-6814A44042F0}.Debug|x64.ActiveCfg = Debug|Any CPU
		{204C4FD4-FBDA-45E2-B52D-6814A44042F0}.Debug|x64.Build.0 = Debug|Any CPU
		{204C4FD4-FBDA-45E2-B52D-6814A44042F0}.Debug|x86.ActiveCfg = Debug|Any CPU
		{204C4FD4-FBDA-45E2-B52D-6814A44042F0}.Debug|x86.Build.0 = Debug|Any CPU
		{204C4FD4-FBDA-45E2-B52D-6814A44042F0}.Release|Any CPU.ActiveCfg = Release|Any CPU
		{204C4FD4-FBDA-45E2-B52D-6814A44042F0}.Release|Any CPU.Build.0 = Release|Any CPU
		{204C4FD4-FBDA-45E2-B52D-6814A44042F0}.Release|ARM.ActiveCfg = Release|Any CPU
		{204C4FD4-FBDA-45E2-B52D-6814A44042F0}.Release|ARM.Build.0 = Release|Any CPU
		{204C4FD4-FBDA-45E2-B52D-6814A44042F0}.Release|iPhone.ActiveCfg = Release|Any CPU
		{204C4FD4-FBDA-45E2-B52D-6814A44042F0}.Release|iPhone.Build.0 = Release|Any CPU
		{204C4FD4-FBDA-45E2-B52D-6814A44042F0}.Release|iPhoneSimulator.ActiveCfg = Release|Any CPU
		{204C4FD4-FBDA-45E2-B52D-6814A44042F0}.Release|iPhoneSimulator.Build.0 = Release|Any CPU
		{204C4FD4-FBDA-45E2-B52D-6814A44042F0}.Release|Mixed Platforms.ActiveCfg = Release|Any CPU
		{204C4FD4-FBDA-45E2-B52D-6814A44042F0}.Release|Mixed Platforms.Build.0 = Release|Any CPU
		{204C4FD4-FBDA-45E2-B52D-6814A44042F0}.Release|x64.ActiveCfg = Release|Any CPU
		{204C4FD4-FBDA-45E2-B52D-6814A44042F0}.Release|x64.Build.0 = Release|Any CPU
		{204C4FD4-FBDA-45E2-B52D-6814A44042F0}.Release|x86.ActiveCfg = Release|Any CPU
		{204C4FD4-FBDA-45E2-B52D-6814A44042F0}.Release|x86.Build.0 = Release|Any CPU
		{6A636986-699B-46CD-84BA-D62DD9EEC538}.Ad-Hoc|Any CPU.ActiveCfg = Release|Any CPU
		{6A636986-699B-46CD-84BA-D62DD9EEC538}.Ad-Hoc|Any CPU.Build.0 = Release|Any CPU
		{6A636986-699B-46CD-84BA-D62DD9EEC538}.Ad-Hoc|ARM.ActiveCfg = Release|Any CPU
		{6A636986-699B-46CD-84BA-D62DD9EEC538}.Ad-Hoc|ARM.Build.0 = Release|Any CPU
		{6A636986-699B-46CD-84BA-D62DD9EEC538}.Ad-Hoc|iPhone.ActiveCfg = Release|Any CPU
		{6A636986-699B-46CD-84BA-D62DD9EEC538}.Ad-Hoc|iPhone.Build.0 = Release|Any CPU
		{6A636986-699B-46CD-84BA-D62DD9EEC538}.Ad-Hoc|iPhoneSimulator.ActiveCfg = Release|Any CPU
		{6A636986-699B-46CD-84BA-D62DD9EEC538}.Ad-Hoc|iPhoneSimulator.Build.0 = Release|Any CPU
		{6A636986-699B-46CD-84BA-D62DD9EEC538}.Ad-Hoc|Mixed Platforms.ActiveCfg = Release|Any CPU
		{6A636986-699B-46CD-84BA-D62DD9EEC538}.Ad-Hoc|Mixed Platforms.Build.0 = Release|Any CPU
		{6A636986-699B-46CD-84BA-D62DD9EEC538}.Ad-Hoc|x64.ActiveCfg = Release|Any CPU
		{6A636986-699B-46CD-84BA-D62DD9EEC538}.Ad-Hoc|x64.Build.0 = Release|Any CPU
		{6A636986-699B-46CD-84BA-D62DD9EEC538}.Ad-Hoc|x86.ActiveCfg = Release|Any CPU
		{6A636986-699B-46CD-84BA-D62DD9EEC538}.Ad-Hoc|x86.Build.0 = Release|Any CPU
		{6A636986-699B-46CD-84BA-D62DD9EEC538}.AppStore|Any CPU.ActiveCfg = Release|Any CPU
		{6A636986-699B-46CD-84BA-D62DD9EEC538}.AppStore|Any CPU.Build.0 = Release|Any CPU
		{6A636986-699B-46CD-84BA-D62DD9EEC538}.AppStore|ARM.ActiveCfg = Release|Any CPU
		{6A636986-699B-46CD-84BA-D62DD9EEC538}.AppStore|ARM.Build.0 = Release|Any CPU
		{6A636986-699B-46CD-84BA-D62DD9EEC538}.AppStore|iPhone.ActiveCfg = Release|Any CPU
		{6A636986-699B-46CD-84BA-D62DD9EEC538}.AppStore|iPhone.Build.0 = Release|Any CPU
		{6A636986-699B-46CD-84BA-D62DD9EEC538}.AppStore|iPhoneSimulator.ActiveCfg = Release|Any CPU
		{6A636986-699B-46CD-84BA-D62DD9EEC538}.AppStore|iPhoneSimulator.Build.0 = Release|Any CPU
		{6A636986-699B-46CD-84BA-D62DD9EEC538}.AppStore|Mixed Platforms.ActiveCfg = Release|Any CPU
		{6A636986-699B-46CD-84BA-D62DD9EEC538}.AppStore|Mixed Platforms.Build.0 = Release|Any CPU
		{6A636986-699B-46CD-84BA-D62DD9EEC538}.AppStore|x64.ActiveCfg = Release|Any CPU
		{6A636986-699B-46CD-84BA-D62DD9EEC538}.AppStore|x64.Build.0 = Release|Any CPU
		{6A636986-699B-46CD-84BA-D62DD9EEC538}.AppStore|x86.ActiveCfg = Release|Any CPU
		{6A636986-699B-46CD-84BA-D62DD9EEC538}.AppStore|x86.Build.0 = Release|Any CPU
		{6A636986-699B-46CD-84BA-D62DD9EEC538}.Debug|Any CPU.ActiveCfg = Debug|Any CPU
		{6A636986-699B-46CD-84BA-D62DD9EEC538}.Debug|Any CPU.Build.0 = Debug|Any CPU
		{6A636986-699B-46CD-84BA-D62DD9EEC538}.Debug|ARM.ActiveCfg = Debug|Any CPU
		{6A636986-699B-46CD-84BA-D62DD9EEC538}.Debug|ARM.Build.0 = Debug|Any CPU
		{6A636986-699B-46CD-84BA-D62DD9EEC538}.Debug|iPhone.ActiveCfg = Debug|Any CPU
		{6A636986-699B-46CD-84BA-D62DD9EEC538}.Debug|iPhone.Build.0 = Debug|Any CPU
		{6A636986-699B-46CD-84BA-D62DD9EEC538}.Debug|iPhoneSimulator.ActiveCfg = Debug|Any CPU
		{6A636986-699B-46CD-84BA-D62DD9EEC538}.Debug|iPhoneSimulator.Build.0 = Debug|Any CPU
		{6A636986-699B-46CD-84BA-D62DD9EEC538}.Debug|Mixed Platforms.ActiveCfg = Debug|Any CPU
		{6A636986-699B-46CD-84BA-D62DD9EEC538}.Debug|Mixed Platforms.Build.0 = Debug|Any CPU
		{6A636986-699B-46CD-84BA-D62DD9EEC538}.Debug|x64.ActiveCfg = Debug|Any CPU
		{6A636986-699B-46CD-84BA-D62DD9EEC538}.Debug|x64.Build.0 = Debug|Any CPU
		{6A636986-699B-46CD-84BA-D62DD9EEC538}.Debug|x86.ActiveCfg = Debug|Any CPU
		{6A636986-699B-46CD-84BA-D62DD9EEC538}.Debug|x86.Build.0 = Debug|Any CPU
		{6A636986-699B-46CD-84BA-D62DD9EEC538}.Release|Any CPU.ActiveCfg = Release|Any CPU
		{6A636986-699B-46CD-84BA-D62DD9EEC538}.Release|Any CPU.Build.0 = Release|Any CPU
		{6A636986-699B-46CD-84BA-D62DD9EEC538}.Release|ARM.ActiveCfg = Release|Any CPU
		{6A636986-699B-46CD-84BA-D62DD9EEC538}.Release|ARM.Build.0 = Release|Any CPU
		{6A636986-699B-46CD-84BA-D62DD9EEC538}.Release|iPhone.ActiveCfg = Release|Any CPU
		{6A636986-699B-46CD-84BA-D62DD9EEC538}.Release|iPhone.Build.0 = Release|Any CPU
		{6A636986-699B-46CD-84BA-D62DD9EEC538}.Release|iPhoneSimulator.ActiveCfg = Release|Any CPU
		{6A636986-699B-46CD-84BA-D62DD9EEC538}.Release|iPhoneSimulator.Build.0 = Release|Any CPU
		{6A636986-699B-46CD-84BA-D62DD9EEC538}.Release|Mixed Platforms.ActiveCfg = Release|Any CPU
		{6A636986-699B-46CD-84BA-D62DD9EEC538}.Release|Mixed Platforms.Build.0 = Release|Any CPU
		{6A636986-699B-46CD-84BA-D62DD9EEC538}.Release|x64.ActiveCfg = Release|Any CPU
		{6A636986-699B-46CD-84BA-D62DD9EEC538}.Release|x64.Build.0 = Release|Any CPU
		{6A636986-699B-46CD-84BA-D62DD9EEC538}.Release|x86.ActiveCfg = Release|Any CPU
		{6A636986-699B-46CD-84BA-D62DD9EEC538}.Release|x86.Build.0 = Release|Any CPU
		{7BCC12CD-3167-4C5C-864E-470FB78A618B}.Ad-Hoc|Any CPU.ActiveCfg = Release|Any CPU
		{7BCC12CD-3167-4C5C-864E-470FB78A618B}.Ad-Hoc|Any CPU.Build.0 = Release|Any CPU
		{7BCC12CD-3167-4C5C-864E-470FB78A618B}.Ad-Hoc|ARM.ActiveCfg = Release|Any CPU
		{7BCC12CD-3167-4C5C-864E-470FB78A618B}.Ad-Hoc|ARM.Build.0 = Release|Any CPU
		{7BCC12CD-3167-4C5C-864E-470FB78A618B}.Ad-Hoc|iPhone.ActiveCfg = Release|Any CPU
		{7BCC12CD-3167-4C5C-864E-470FB78A618B}.Ad-Hoc|iPhone.Build.0 = Release|Any CPU
		{7BCC12CD-3167-4C5C-864E-470FB78A618B}.Ad-Hoc|iPhoneSimulator.ActiveCfg = Release|Any CPU
		{7BCC12CD-3167-4C5C-864E-470FB78A618B}.Ad-Hoc|iPhoneSimulator.Build.0 = Release|Any CPU
		{7BCC12CD-3167-4C5C-864E-470FB78A618B}.Ad-Hoc|Mixed Platforms.ActiveCfg = Release|Any CPU
		{7BCC12CD-3167-4C5C-864E-470FB78A618B}.Ad-Hoc|Mixed Platforms.Build.0 = Release|Any CPU
		{7BCC12CD-3167-4C5C-864E-470FB78A618B}.Ad-Hoc|x64.ActiveCfg = Release|Any CPU
		{7BCC12CD-3167-4C5C-864E-470FB78A618B}.Ad-Hoc|x64.Build.0 = Release|Any CPU
		{7BCC12CD-3167-4C5C-864E-470FB78A618B}.Ad-Hoc|x86.ActiveCfg = Release|Any CPU
		{7BCC12CD-3167-4C5C-864E-470FB78A618B}.Ad-Hoc|x86.Build.0 = Release|Any CPU
		{7BCC12CD-3167-4C5C-864E-470FB78A618B}.AppStore|Any CPU.ActiveCfg = Release|Any CPU
		{7BCC12CD-3167-4C5C-864E-470FB78A618B}.AppStore|Any CPU.Build.0 = Release|Any CPU
		{7BCC12CD-3167-4C5C-864E-470FB78A618B}.AppStore|ARM.ActiveCfg = Release|Any CPU
		{7BCC12CD-3167-4C5C-864E-470FB78A618B}.AppStore|ARM.Build.0 = Release|Any CPU
		{7BCC12CD-3167-4C5C-864E-470FB78A618B}.AppStore|iPhone.ActiveCfg = Release|Any CPU
		{7BCC12CD-3167-4C5C-864E-470FB78A618B}.AppStore|iPhone.Build.0 = Release|Any CPU
		{7BCC12CD-3167-4C5C-864E-470FB78A618B}.AppStore|iPhoneSimulator.ActiveCfg = Release|Any CPU
		{7BCC12CD-3167-4C5C-864E-470FB78A618B}.AppStore|iPhoneSimulator.Build.0 = Release|Any CPU
		{7BCC12CD-3167-4C5C-864E-470FB78A618B}.AppStore|Mixed Platforms.ActiveCfg = Release|Any CPU
		{7BCC12CD-3167-4C5C-864E-470FB78A618B}.AppStore|Mixed Platforms.Build.0 = Release|Any CPU
		{7BCC12CD-3167-4C5C-864E-470FB78A618B}.AppStore|x64.ActiveCfg = Release|Any CPU
		{7BCC12CD-3167-4C5C-864E-470FB78A618B}.AppStore|x64.Build.0 = Release|Any CPU
		{7BCC12CD-3167-4C5C-864E-470FB78A618B}.AppStore|x86.ActiveCfg = Release|Any CPU
		{7BCC12CD-3167-4C5C-864E-470FB78A618B}.AppStore|x86.Build.0 = Release|Any CPU
		{7BCC12CD-3167-4C5C-864E-470FB78A618B}.Debug|Any CPU.ActiveCfg = Debug|Any CPU
		{7BCC12CD-3167-4C5C-864E-470FB78A618B}.Debug|Any CPU.Build.0 = Debug|Any CPU
		{7BCC12CD-3167-4C5C-864E-470FB78A618B}.Debug|ARM.ActiveCfg = Debug|Any CPU
		{7BCC12CD-3167-4C5C-864E-470FB78A618B}.Debug|ARM.Build.0 = Debug|Any CPU
		{7BCC12CD-3167-4C5C-864E-470FB78A618B}.Debug|iPhone.ActiveCfg = Debug|Any CPU
		{7BCC12CD-3167-4C5C-864E-470FB78A618B}.Debug|iPhone.Build.0 = Debug|Any CPU
		{7BCC12CD-3167-4C5C-864E-470FB78A618B}.Debug|iPhoneSimulator.ActiveCfg = Debug|Any CPU
		{7BCC12CD-3167-4C5C-864E-470FB78A618B}.Debug|iPhoneSimulator.Build.0 = Debug|Any CPU
		{7BCC12CD-3167-4C5C-864E-470FB78A618B}.Debug|Mixed Platforms.ActiveCfg = Debug|Any CPU
		{7BCC12CD-3167-4C5C-864E-470FB78A618B}.Debug|Mixed Platforms.Build.0 = Debug|Any CPU
		{7BCC12CD-3167-4C5C-864E-470FB78A618B}.Debug|x64.ActiveCfg = Debug|Any CPU
		{7BCC12CD-3167-4C5C-864E-470FB78A618B}.Debug|x64.Build.0 = Debug|Any CPU
		{7BCC12CD-3167-4C5C-864E-470FB78A618B}.Debug|x86.ActiveCfg = Debug|Any CPU
		{7BCC12CD-3167-4C5C-864E-470FB78A618B}.Debug|x86.Build.0 = Debug|Any CPU
		{7BCC12CD-3167-4C5C-864E-470FB78A618B}.Release|Any CPU.ActiveCfg = Release|Any CPU
		{7BCC12CD-3167-4C5C-864E-470FB78A618B}.Release|Any CPU.Build.0 = Release|Any CPU
		{7BCC12CD-3167-4C5C-864E-470FB78A618B}.Release|ARM.ActiveCfg = Release|Any CPU
		{7BCC12CD-3167-4C5C-864E-470FB78A618B}.Release|ARM.Build.0 = Release|Any CPU
		{7BCC12CD-3167-4C5C-864E-470FB78A618B}.Release|iPhone.ActiveCfg = Release|Any CPU
		{7BCC12CD-3167-4C5C-864E-470FB78A618B}.Release|iPhone.Build.0 = Release|Any CPU
		{7BCC12CD-3167-4C5C-864E-470FB78A618B}.Release|iPhoneSimulator.ActiveCfg = Release|Any CPU
		{7BCC12CD-3167-4C5C-864E-470FB78A618B}.Release|iPhoneSimulator.Build.0 = Release|Any CPU
		{7BCC12CD-3167-4C5C-864E-470FB78A618B}.Release|Mixed Platforms.ActiveCfg = Release|Any CPU
		{7BCC12CD-3167-4C5C-864E-470FB78A618B}.Release|Mixed Platforms.Build.0 = Release|Any CPU
		{7BCC12CD-3167-4C5C-864E-470FB78A618B}.Release|x64.ActiveCfg = Release|Any CPU
		{7BCC12CD-3167-4C5C-864E-470FB78A618B}.Release|x64.Build.0 = Release|Any CPU
		{7BCC12CD-3167-4C5C-864E-470FB78A618B}.Release|x86.ActiveCfg = Release|Any CPU
		{7BCC12CD-3167-4C5C-864E-470FB78A618B}.Release|x86.Build.0 = Release|Any CPU
		{6D25AA30-C3AF-4AE0-B567-0F2653120CDC}.Ad-Hoc|Any CPU.ActiveCfg = Release|Any CPU
		{6D25AA30-C3AF-4AE0-B567-0F2653120CDC}.Ad-Hoc|Any CPU.Build.0 = Release|Any CPU
		{6D25AA30-C3AF-4AE0-B567-0F2653120CDC}.Ad-Hoc|ARM.ActiveCfg = Release|Any CPU
		{6D25AA30-C3AF-4AE0-B567-0F2653120CDC}.Ad-Hoc|ARM.Build.0 = Release|Any CPU
		{6D25AA30-C3AF-4AE0-B567-0F2653120CDC}.Ad-Hoc|iPhone.ActiveCfg = Release|Any CPU
		{6D25AA30-C3AF-4AE0-B567-0F2653120CDC}.Ad-Hoc|iPhone.Build.0 = Release|Any CPU
		{6D25AA30-C3AF-4AE0-B567-0F2653120CDC}.Ad-Hoc|iPhoneSimulator.ActiveCfg = Release|Any CPU
		{6D25AA30-C3AF-4AE0-B567-0F2653120CDC}.Ad-Hoc|iPhoneSimulator.Build.0 = Release|Any CPU
		{6D25AA30-C3AF-4AE0-B567-0F2653120CDC}.Ad-Hoc|Mixed Platforms.ActiveCfg = Release|Any CPU
		{6D25AA30-C3AF-4AE0-B567-0F2653120CDC}.Ad-Hoc|Mixed Platforms.Build.0 = Release|Any CPU
		{6D25AA30-C3AF-4AE0-B567-0F2653120CDC}.Ad-Hoc|x64.ActiveCfg = Release|Any CPU
		{6D25AA30-C3AF-4AE0-B567-0F2653120CDC}.Ad-Hoc|x64.Build.0 = Release|Any CPU
		{6D25AA30-C3AF-4AE0-B567-0F2653120CDC}.Ad-Hoc|x86.ActiveCfg = Release|Any CPU
		{6D25AA30-C3AF-4AE0-B567-0F2653120CDC}.Ad-Hoc|x86.Build.0 = Release|Any CPU
		{6D25AA30-C3AF-4AE0-B567-0F2653120CDC}.AppStore|Any CPU.ActiveCfg = Release|Any CPU
		{6D25AA30-C3AF-4AE0-B567-0F2653120CDC}.AppStore|Any CPU.Build.0 = Release|Any CPU
		{6D25AA30-C3AF-4AE0-B567-0F2653120CDC}.AppStore|ARM.ActiveCfg = Release|Any CPU
		{6D25AA30-C3AF-4AE0-B567-0F2653120CDC}.AppStore|ARM.Build.0 = Release|Any CPU
		{6D25AA30-C3AF-4AE0-B567-0F2653120CDC}.AppStore|iPhone.ActiveCfg = Release|Any CPU
		{6D25AA30-C3AF-4AE0-B567-0F2653120CDC}.AppStore|iPhone.Build.0 = Release|Any CPU
		{6D25AA30-C3AF-4AE0-B567-0F2653120CDC}.AppStore|iPhoneSimulator.ActiveCfg = Release|Any CPU
		{6D25AA30-C3AF-4AE0-B567-0F2653120CDC}.AppStore|iPhoneSimulator.Build.0 = Release|Any CPU
		{6D25AA30-C3AF-4AE0-B567-0F2653120CDC}.AppStore|Mixed Platforms.ActiveCfg = Release|Any CPU
		{6D25AA30-C3AF-4AE0-B567-0F2653120CDC}.AppStore|Mixed Platforms.Build.0 = Release|Any CPU
		{6D25AA30-C3AF-4AE0-B567-0F2653120CDC}.AppStore|x64.ActiveCfg = Release|Any CPU
		{6D25AA30-C3AF-4AE0-B567-0F2653120CDC}.AppStore|x64.Build.0 = Release|Any CPU
		{6D25AA30-C3AF-4AE0-B567-0F2653120CDC}.AppStore|x86.ActiveCfg = Release|Any CPU
		{6D25AA30-C3AF-4AE0-B567-0F2653120CDC}.AppStore|x86.Build.0 = Release|Any CPU
		{6D25AA30-C3AF-4AE0-B567-0F2653120CDC}.Debug|Any CPU.ActiveCfg = Debug|Any CPU
		{6D25AA30-C3AF-4AE0-B567-0F2653120CDC}.Debug|Any CPU.Build.0 = Debug|Any CPU
		{6D25AA30-C3AF-4AE0-B567-0F2653120CDC}.Debug|ARM.ActiveCfg = Debug|Any CPU
		{6D25AA30-C3AF-4AE0-B567-0F2653120CDC}.Debug|ARM.Build.0 = Debug|Any CPU
		{6D25AA30-C3AF-4AE0-B567-0F2653120CDC}.Debug|iPhone.ActiveCfg = Debug|Any CPU
		{6D25AA30-C3AF-4AE0-B567-0F2653120CDC}.Debug|iPhone.Build.0 = Debug|Any CPU
		{6D25AA30-C3AF-4AE0-B567-0F2653120CDC}.Debug|iPhoneSimulator.ActiveCfg = Debug|Any CPU
		{6D25AA30-C3AF-4AE0-B567-0F2653120CDC}.Debug|iPhoneSimulator.Build.0 = Debug|Any CPU
		{6D25AA30-C3AF-4AE0-B567-0F2653120CDC}.Debug|Mixed Platforms.ActiveCfg = Debug|Any CPU
		{6D25AA30-C3AF-4AE0-B567-0F2653120CDC}.Debug|Mixed Platforms.Build.0 = Debug|Any CPU
		{6D25AA30-C3AF-4AE0-B567-0F2653120CDC}.Debug|x64.ActiveCfg = Debug|Any CPU
		{6D25AA30-C3AF-4AE0-B567-0F2653120CDC}.Debug|x64.Build.0 = Debug|Any CPU
		{6D25AA30-C3AF-4AE0-B567-0F2653120CDC}.Debug|x86.ActiveCfg = Debug|Any CPU
		{6D25AA30-C3AF-4AE0-B567-0F2653120CDC}.Debug|x86.Build.0 = Debug|Any CPU
		{6D25AA30-C3AF-4AE0-B567-0F2653120CDC}.Release|Any CPU.ActiveCfg = Release|Any CPU
		{6D25AA30-C3AF-4AE0-B567-0F2653120CDC}.Release|Any CPU.Build.0 = Release|Any CPU
		{6D25AA30-C3AF-4AE0-B567-0F2653120CDC}.Release|ARM.ActiveCfg = Release|Any CPU
		{6D25AA30-C3AF-4AE0-B567-0F2653120CDC}.Release|ARM.Build.0 = Release|Any CPU
		{6D25AA30-C3AF-4AE0-B567-0F2653120CDC}.Release|iPhone.ActiveCfg = Release|Any CPU
		{6D25AA30-C3AF-4AE0-B567-0F2653120CDC}.Release|iPhone.Build.0 = Release|Any CPU
		{6D25AA30-C3AF-4AE0-B567-0F2653120CDC}.Release|iPhoneSimulator.ActiveCfg = Release|Any CPU
		{6D25AA30-C3AF-4AE0-B567-0F2653120CDC}.Release|iPhoneSimulator.Build.0 = Release|Any CPU
		{6D25AA30-C3AF-4AE0-B567-0F2653120CDC}.Release|Mixed Platforms.ActiveCfg = Release|Any CPU
		{6D25AA30-C3AF-4AE0-B567-0F2653120CDC}.Release|Mixed Platforms.Build.0 = Release|Any CPU
		{6D25AA30-C3AF-4AE0-B567-0F2653120CDC}.Release|x64.ActiveCfg = Release|Any CPU
		{6D25AA30-C3AF-4AE0-B567-0F2653120CDC}.Release|x64.Build.0 = Release|Any CPU
		{6D25AA30-C3AF-4AE0-B567-0F2653120CDC}.Release|x86.ActiveCfg = Release|Any CPU
		{6D25AA30-C3AF-4AE0-B567-0F2653120CDC}.Release|x86.Build.0 = Release|Any CPU

	EndGlobalSection
	GlobalSection(SolutionProperties) = preSolution
		HideSolutionNode = FALSE
	EndGlobalSection
	GlobalSection(NestedProjects) = preSolution
		{6D25AA30-C3AF-4AE0-B567-0F2653120CDC} = {B627375D-D8C2-408C-BEDF-99060EC757BA}

	EndGlobalSection
EndGlobal
