Microsoft Visual Studio Solution File, Format Version 12.00
# Visual Studio 2013
Project("{2150E333-8FDC-42A3-9474-1A3956D46DE8}") = "Frameworks", "Frameworks", "{B627375D-D8C2-408C-BEDF-99060EC757BA}"
EndProject
Project("{FAE04EC0-301F-11D3-BF4B-00C04F79EFBC}") = "Elmah.WebApiControllers", "Elmah\WebApiControllers\Elmah.WebApiControllers.csproj", "{5CF8F04B-3C21-487B-9760-9479EF2D44B5}"
	ProjectSection(ProjectDependencies) = postProject
		{0E202C61-22C1-4679-B91C-03A940C025B7} = {0E202C61-22C1-4679-B91C-03A940C025B7}
		{398B602B-2A1A-47D0-8E08-DC7BD39C8391} = {398B602B-2A1A-47D0-8E08-DC7BD39C8391}
		{D2040BFA-F8D2-43C8-AB0F-B5A4A1258EFF} = {D2040BFA-F8D2-43C8-AB0F-B5A4A1258EFF}
		{5BB894B0-B3EE-4085-BBD9-3CF243FD57EA} = {5BB894B0-B3EE-4085-BBD9-3CF243FD57EA}
	EndProjectSection
EndProject
Project("{FAE04EC0-301F-11D3-BF4B-00C04F79EFBC}") = "Elmah.Services", "Elmah\Services\Elmah.Services.csproj", "{0E202C61-22C1-4679-B91C-03A940C025B7}"
	ProjectSection(ProjectDependencies) = postProject
		{398B602B-2A1A-47D0-8E08-DC7BD39C8391} = {398B602B-2A1A-47D0-8E08-DC7BD39C8391}
		{5BB894B0-B3EE-4085-BBD9-3CF243FD57EA} = {5BB894B0-B3EE-4085-BBD9-3CF243FD57EA}
	EndProjectSection
EndProject
Project("{FAE04EC0-301F-11D3-BF4B-00C04F79EFBC}") = "Elmah.RepositoryContracts", "Elmah\RepositoryContracts\Elmah.RepositoryContracts.csproj", "{398B602B-2A1A-47D0-8E08-DC7BD39C8391}"
	ProjectSection(ProjectDependencies) = postProject
	EndProjectSection
EndProject
Project("{FAE04EC0-301F-11D3-BF4B-00C04F79EFBC}") = "Elmah.ModelContracts", "Elmah\ModelContracts\Elmah.ModelContracts.csproj", "{60CD7610-3E66-41C8-A233-21A33AD3E21F}"
EndProject
Project("{FAE04EC0-301F-11D3-BF4B-00C04F79EFBC}") = "Elmah.Models", "Elmah\Models\Elmah.Models.csproj", "{BBEF46AF-CA4A-410F-93EF-5F6CE23C8CB0}"
	ProjectSection(ProjectDependencies) = postProject
		{6D25AA30-C3AF-4AE0-B567-0F2653120CDC} = {6D25AA30-C3AF-4AE0-B567-0F2653120CDC}
		{426BC868-968D-46F0-A44F-0AFA36CAD51D} = {426BC868-968D-46F0-A44F-0AFA36CAD51D}
	EndProjectSection
EndProject
Project("{FAE04EC0-301F-11D3-BF4B-00C04F79EFBC}") = "Elmah.EFCoreContext", "Elmah\EFCoreContext\Elmah.EFCoreContext.csproj", "{5251AF9C-1AF7-4841-A487-043B9EE892EF}"
	ProjectSection(ProjectDependencies) = postProject
		{60CD7610-3E66-41C8-A233-21A33AD3E21F} = {60CD7610-3E66-41C8-A233-21A33AD3E21F}
	EndProjectSection
EndProject
Project("{FAE04EC0-301F-11D3-BF4B-00C04F79EFBC}") = "Elmah.EFCoreRepositories", "Elmah\EFCoreRepositories\Elmah.EFCoreRepositories.csproj", "{D2040BFA-F8D2-43C8-AB0F-B5A4A1258EFF}"
	ProjectSection(ProjectDependencies) = postProject
		{398B602B-2A1A-47D0-8E08-DC7BD39C8391} = {398B602B-2A1A-47D0-8E08-DC7BD39C8391}
	EndProjectSection
EndProject
Project("{FAE04EC0-301F-11D3-BF4B-00C04F79EFBC}") = "Elmah.Resx", "Elmah\Resx\Elmah.Resx.csproj", "{426BC868-968D-46F0-A44F-0AFA36CAD51D}"
EndProject
Project("{FAE04EC0-301F-11D3-BF4B-00C04F79EFBC}") = "Elmah.ServiceContracts", "Elmah\ServiceContracts\Elmah.ServiceContracts.csproj", "{5BB894B0-B3EE-4085-BBD9-3CF243FD57EA}"
	ProjectSection(ProjectDependencies) = postProject
	EndProjectSection
EndProject
Project("{FAE04EC0-301F-11D3-BF4B-00C04F79EFBC}") = "Framework", "Frameworks\Framework\Framework.csproj", "{6D25AA30-C3AF-4AE0-B567-0F2653120CDC}"
EndProject

Global
	GlobalSection(SolutionConfigurationPlatforms) = preSolution
		Ad-Hoc|Any CPU = Ad-Hoc|Any CPU
		Ad-Hoc|ARM = Ad-Hoc|ARM
		Ad-Hoc|iPhone = Ad-Hoc|iPhone
		Ad-Hoc|iPhoneSimulator = Ad-Hoc|iPhoneSimulator
		Ad-Hoc|Mixed Platforms = Ad-Hoc|Mixed Platforms
		Ad-Hoc|x64 = Ad-Hoc|x64
		Ad-Hoc|x86 = Ad-Hoc|x86
		AppStore|Any CPU = AppStore|Any CPU
		AppStore|ARM = AppStore|ARM
		AppStore|iPhone = AppStore|iPhone
		AppStore|iPhoneSimulator = AppStore|iPhoneSimulator
		AppStore|Mixed Platforms = AppStore|Mixed Platforms
		AppStore|x64 = AppStore|x64
		AppStore|x86 = AppStore|x86
		Debug|Any CPU = Debug|Any CPU
		Debug|ARM = Debug|ARM
		Debug|iPhone = Debug|iPhone
		Debug|iPhoneSimulator = Debug|iPhoneSimulator
		Debug|Mixed Platforms = Debug|Mixed Platforms
		Debug|x64 = Debug|x64
		Debug|x86 = Debug|x86
		Release|Any CPU = Release|Any CPU
		Release|ARM = Release|ARM
		Release|iPhone = Release|iPhone
		Release|iPhoneSimulator = Release|iPhoneSimulator
		Release|Mixed Platforms = Release|Mixed Platforms
		Release|x64 = Release|x64
		Release|x86 = Release|x86
	EndGlobalSection
	GlobalSection(ProjectConfigurationPlatforms) = postSolution
		{5CF8F04B-3C21-487B-9760-9479EF2D44B5}.Ad-Hoc|Any CPU.ActiveCfg = Release|Any CPU
		{5CF8F04B-3C21-487B-9760-9479EF2D44B5}.Ad-Hoc|Any CPU.Build.0 = Release|Any CPU
		{5CF8F04B-3C21-487B-9760-9479EF2D44B5}.Ad-Hoc|ARM.ActiveCfg = Release|Any CPU
		{5CF8F04B-3C21-487B-9760-9479EF2D44B5}.Ad-Hoc|ARM.Build.0 = Release|Any CPU
		{5CF8F04B-3C21-487B-9760-9479EF2D44B5}.Ad-Hoc|iPhone.ActiveCfg = Release|Any CPU
		{5CF8F04B-3C21-487B-9760-9479EF2D44B5}.Ad-Hoc|iPhone.Build.0 = Release|Any CPU
		{5CF8F04B-3C21-487B-9760-9479EF2D44B5}.Ad-Hoc|iPhoneSimulator.ActiveCfg = Release|Any CPU
		{5CF8F04B-3C21-487B-9760-9479EF2D44B5}.Ad-Hoc|iPhoneSimulator.Build.0 = Release|Any CPU
		{5CF8F04B-3C21-487B-9760-9479EF2D44B5}.Ad-Hoc|Mixed Platforms.ActiveCfg = Release|Any CPU
		{5CF8F04B-3C21-487B-9760-9479EF2D44B5}.Ad-Hoc|Mixed Platforms.Build.0 = Release|Any CPU
		{5CF8F04B-3C21-487B-9760-9479EF2D44B5}.Ad-Hoc|x64.ActiveCfg = Release|Any CPU
		{5CF8F04B-3C21-487B-9760-9479EF2D44B5}.Ad-Hoc|x64.Build.0 = Release|Any CPU
		{5CF8F04B-3C21-487B-9760-9479EF2D44B5}.Ad-Hoc|x86.ActiveCfg = Release|Any CPU
		{5CF8F04B-3C21-487B-9760-9479EF2D44B5}.Ad-Hoc|x86.Build.0 = Release|Any CPU
		{5CF8F04B-3C21-487B-9760-9479EF2D44B5}.AppStore|Any CPU.ActiveCfg = Release|Any CPU
		{5CF8F04B-3C21-487B-9760-9479EF2D44B5}.AppStore|Any CPU.Build.0 = Release|Any CPU
		{5CF8F04B-3C21-487B-9760-9479EF2D44B5}.AppStore|ARM.ActiveCfg = Release|Any CPU
		{5CF8F04B-3C21-487B-9760-9479EF2D44B5}.AppStore|ARM.Build.0 = Release|Any CPU
		{5CF8F04B-3C21-487B-9760-9479EF2D44B5}.AppStore|iPhone.ActiveCfg = Release|Any CPU
		{5CF8F04B-3C21-487B-9760-9479EF2D44B5}.AppStore|iPhone.Build.0 = Release|Any CPU
		{5CF8F04B-3C21-487B-9760-9479EF2D44B5}.AppStore|iPhoneSimulator.ActiveCfg = Release|Any CPU
		{5CF8F04B-3C21-487B-9760-9479EF2D44B5}.AppStore|iPhoneSimulator.Build.0 = Release|Any CPU
		{5CF8F04B-3C21-487B-9760-9479EF2D44B5}.AppStore|Mixed Platforms.ActiveCfg = Release|Any CPU
		{5CF8F04B-3C21-487B-9760-9479EF2D44B5}.AppStore|Mixed Platforms.Build.0 = Release|Any CPU
		{5CF8F04B-3C21-487B-9760-9479EF2D44B5}.AppStore|x64.ActiveCfg = Release|Any CPU
		{5CF8F04B-3C21-487B-9760-9479EF2D44B5}.AppStore|x64.Build.0 = Release|Any CPU
		{5CF8F04B-3C21-487B-9760-9479EF2D44B5}.AppStore|x86.ActiveCfg = Release|Any CPU
		{5CF8F04B-3C21-487B-9760-9479EF2D44B5}.AppStore|x86.Build.0 = Release|Any CPU
		{5CF8F04B-3C21-487B-9760-9479EF2D44B5}.Debug|Any CPU.ActiveCfg = Debug|Any CPU
		{5CF8F04B-3C21-487B-9760-9479EF2D44B5}.Debug|Any CPU.Build.0 = Debug|Any CPU
		{5CF8F04B-3C21-487B-9760-9479EF2D44B5}.Debug|ARM.ActiveCfg = Debug|Any CPU
		{5CF8F04B-3C21-487B-9760-9479EF2D44B5}.Debug|ARM.Build.0 = Debug|Any CPU
		{5CF8F04B-3C21-487B-9760-9479EF2D44B5}.Debug|iPhone.ActiveCfg = Debug|Any CPU
		{5CF8F04B-3C21-487B-9760-9479EF2D44B5}.Debug|iPhone.Build.0 = Debug|Any CPU
		{5CF8F04B-3C21-487B-9760-9479EF2D44B5}.Debug|iPhoneSimulator.ActiveCfg = Debug|Any CPU
		{5CF8F04B-3C21-487B-9760-9479EF2D44B5}.Debug|iPhoneSimulator.Build.0 = Debug|Any CPU
		{5CF8F04B-3C21-487B-9760-9479EF2D44B5}.Debug|Mixed Platforms.ActiveCfg = Debug|Any CPU
		{5CF8F04B-3C21-487B-9760-9479EF2D44B5}.Debug|Mixed Platforms.Build.0 = Debug|Any CPU
		{5CF8F04B-3C21-487B-9760-9479EF2D44B5}.Debug|x64.ActiveCfg = Debug|Any CPU
		{5CF8F04B-3C21-487B-9760-9479EF2D44B5}.Debug|x64.Build.0 = Debug|Any CPU
		{5CF8F04B-3C21-487B-9760-9479EF2D44B5}.Debug|x86.ActiveCfg = Debug|Any CPU
		{5CF8F04B-3C21-487B-9760-9479EF2D44B5}.Debug|x86.Build.0 = Debug|Any CPU
		{5CF8F04B-3C21-487B-9760-9479EF2D44B5}.Release|Any CPU.ActiveCfg = Release|Any CPU
		{5CF8F04B-3C21-487B-9760-9479EF2D44B5}.Release|Any CPU.Build.0 = Release|Any CPU
		{5CF8F04B-3C21-487B-9760-9479EF2D44B5}.Release|ARM.ActiveCfg = Release|Any CPU
		{5CF8F04B-3C21-487B-9760-9479EF2D44B5}.Release|ARM.Build.0 = Release|Any CPU
		{5CF8F04B-3C21-487B-9760-9479EF2D44B5}.Release|iPhone.ActiveCfg = Release|Any CPU
		{5CF8F04B-3C21-487B-9760-9479EF2D44B5}.Release|iPhone.Build.0 = Release|Any CPU
		{5CF8F04B-3C21-487B-9760-9479EF2D44B5}.Release|iPhoneSimulator.ActiveCfg = Release|Any CPU
		{5CF8F04B-3C21-487B-9760-9479EF2D44B5}.Release|iPhoneSimulator.Build.0 = Release|Any CPU
		{5CF8F04B-3C21-487B-9760-9479EF2D44B5}.Release|Mixed Platforms.ActiveCfg = Release|Any CPU
		{5CF8F04B-3C21-487B-9760-9479EF2D44B5}.Release|Mixed Platforms.Build.0 = Release|Any CPU
		{5CF8F04B-3C21-487B-9760-9479EF2D44B5}.Release|x64.ActiveCfg = Release|Any CPU
		{5CF8F04B-3C21-487B-9760-9479EF2D44B5}.Release|x64.Build.0 = Release|Any CPU
		{5CF8F04B-3C21-487B-9760-9479EF2D44B5}.Release|x86.ActiveCfg = Release|Any CPU
		{5CF8F04B-3C21-487B-9760-9479EF2D44B5}.Release|x86.Build.0 = Release|Any CPU
		{0E202C61-22C1-4679-B91C-03A940C025B7}.Ad-Hoc|Any CPU.ActiveCfg = Release|Any CPU
		{0E202C61-22C1-4679-B91C-03A940C025B7}.Ad-Hoc|Any CPU.Build.0 = Release|Any CPU
		{0E202C61-22C1-4679-B91C-03A940C025B7}.Ad-Hoc|ARM.ActiveCfg = Release|Any CPU
		{0E202C61-22C1-4679-B91C-03A940C025B7}.Ad-Hoc|ARM.Build.0 = Release|Any CPU
		{0E202C61-22C1-4679-B91C-03A940C025B7}.Ad-Hoc|iPhone.ActiveCfg = Release|Any CPU
		{0E202C61-22C1-4679-B91C-03A940C025B7}.Ad-Hoc|iPhone.Build.0 = Release|Any CPU
		{0E202C61-22C1-4679-B91C-03A940C025B7}.Ad-Hoc|iPhoneSimulator.ActiveCfg = Release|Any CPU
		{0E202C61-22C1-4679-B91C-03A940C025B7}.Ad-Hoc|iPhoneSimulator.Build.0 = Release|Any CPU
		{0E202C61-22C1-4679-B91C-03A940C025B7}.Ad-Hoc|Mixed Platforms.ActiveCfg = Release|Any CPU
		{0E202C61-22C1-4679-B91C-03A940C025B7}.Ad-Hoc|Mixed Platforms.Build.0 = Release|Any CPU
		{0E202C61-22C1-4679-B91C-03A940C025B7}.Ad-Hoc|x64.ActiveCfg = Release|Any CPU
		{0E202C61-22C1-4679-B91C-03A940C025B7}.Ad-Hoc|x64.Build.0 = Release|Any CPU
		{0E202C61-22C1-4679-B91C-03A940C025B7}.Ad-Hoc|x86.ActiveCfg = Release|Any CPU
		{0E202C61-22C1-4679-B91C-03A940C025B7}.Ad-Hoc|x86.Build.0 = Release|Any CPU
		{0E202C61-22C1-4679-B91C-03A940C025B7}.AppStore|Any CPU.ActiveCfg = Release|Any CPU
		{0E202C61-22C1-4679-B91C-03A940C025B7}.AppStore|Any CPU.Build.0 = Release|Any CPU
		{0E202C61-22C1-4679-B91C-03A940C025B7}.AppStore|ARM.ActiveCfg = Release|Any CPU
		{0E202C61-22C1-4679-B91C-03A940C025B7}.AppStore|ARM.Build.0 = Release|Any CPU
		{0E202C61-22C1-4679-B91C-03A940C025B7}.AppStore|iPhone.ActiveCfg = Release|Any CPU
		{0E202C61-22C1-4679-B91C-03A940C025B7}.AppStore|iPhone.Build.0 = Release|Any CPU
		{0E202C61-22C1-4679-B91C-03A940C025B7}.AppStore|iPhoneSimulator.ActiveCfg = Release|Any CPU
		{0E202C61-22C1-4679-B91C-03A940C025B7}.AppStore|iPhoneSimulator.Build.0 = Release|Any CPU
		{0E202C61-22C1-4679-B91C-03A940C025B7}.AppStore|Mixed Platforms.ActiveCfg = Release|Any CPU
		{0E202C61-22C1-4679-B91C-03A940C025B7}.AppStore|Mixed Platforms.Build.0 = Release|Any CPU
		{0E202C61-22C1-4679-B91C-03A940C025B7}.AppStore|x64.ActiveCfg = Release|Any CPU
		{0E202C61-22C1-4679-B91C-03A940C025B7}.AppStore|x64.Build.0 = Release|Any CPU
		{0E202C61-22C1-4679-B91C-03A940C025B7}.AppStore|x86.ActiveCfg = Release|Any CPU
		{0E202C61-22C1-4679-B91C-03A940C025B7}.AppStore|x86.Build.0 = Release|Any CPU
		{0E202C61-22C1-4679-B91C-03A940C025B7}.Debug|Any CPU.ActiveCfg = Debug|Any CPU
		{0E202C61-22C1-4679-B91C-03A940C025B7}.Debug|Any CPU.Build.0 = Debug|Any CPU
		{0E202C61-22C1-4679-B91C-03A940C025B7}.Debug|ARM.ActiveCfg = Debug|Any CPU
		{0E202C61-22C1-4679-B91C-03A940C025B7}.Debug|ARM.Build.0 = Debug|Any CPU
		{0E202C61-22C1-4679-B91C-03A940C025B7}.Debug|iPhone.ActiveCfg = Debug|Any CPU
		{0E202C61-22C1-4679-B91C-03A940C025B7}.Debug|iPhone.Build.0 = Debug|Any CPU
		{0E202C61-22C1-4679-B91C-03A940C025B7}.Debug|iPhoneSimulator.ActiveCfg = Debug|Any CPU
		{0E202C61-22C1-4679-B91C-03A940C025B7}.Debug|iPhoneSimulator.Build.0 = Debug|Any CPU
		{0E202C61-22C1-4679-B91C-03A940C025B7}.Debug|Mixed Platforms.ActiveCfg = Debug|Any CPU
		{0E202C61-22C1-4679-B91C-03A940C025B7}.Debug|Mixed Platforms.Build.0 = Debug|Any CPU
		{0E202C61-22C1-4679-B91C-03A940C025B7}.Debug|x64.ActiveCfg = Debug|Any CPU
		{0E202C61-22C1-4679-B91C-03A940C025B7}.Debug|x64.Build.0 = Debug|Any CPU
		{0E202C61-22C1-4679-B91C-03A940C025B7}.Debug|x86.ActiveCfg = Debug|Any CPU
		{0E202C61-22C1-4679-B91C-03A940C025B7}.Debug|x86.Build.0 = Debug|Any CPU
		{0E202C61-22C1-4679-B91C-03A940C025B7}.Release|Any CPU.ActiveCfg = Release|Any CPU
		{0E202C61-22C1-4679-B91C-03A940C025B7}.Release|Any CPU.Build.0 = Release|Any CPU
		{0E202C61-22C1-4679-B91C-03A940C025B7}.Release|ARM.ActiveCfg = Release|Any CPU
		{0E202C61-22C1-4679-B91C-03A940C025B7}.Release|ARM.Build.0 = Release|Any CPU
		{0E202C61-22C1-4679-B91C-03A940C025B7}.Release|iPhone.ActiveCfg = Release|Any CPU
		{0E202C61-22C1-4679-B91C-03A940C025B7}.Release|iPhone.Build.0 = Release|Any CPU
		{0E202C61-22C1-4679-B91C-03A940C025B7}.Release|iPhoneSimulator.ActiveCfg = Release|Any CPU
		{0E202C61-22C1-4679-B91C-03A940C025B7}.Release|iPhoneSimulator.Build.0 = Release|Any CPU
		{0E202C61-22C1-4679-B91C-03A940C025B7}.Release|Mixed Platforms.ActiveCfg = Release|Any CPU
		{0E202C61-22C1-4679-B91C-03A940C025B7}.Release|Mixed Platforms.Build.0 = Release|Any CPU
		{0E202C61-22C1-4679-B91C-03A940C025B7}.Release|x64.ActiveCfg = Release|Any CPU
		{0E202C61-22C1-4679-B91C-03A940C025B7}.Release|x64.Build.0 = Release|Any CPU
		{0E202C61-22C1-4679-B91C-03A940C025B7}.Release|x86.ActiveCfg = Release|Any CPU
		{0E202C61-22C1-4679-B91C-03A940C025B7}.Release|x86.Build.0 = Release|Any CPU
		{398B602B-2A1A-47D0-8E08-DC7BD39C8391}.Ad-Hoc|Any CPU.ActiveCfg = Release|Any CPU
		{398B602B-2A1A-47D0-8E08-DC7BD39C8391}.Ad-Hoc|Any CPU.Build.0 = Release|Any CPU
		{398B602B-2A1A-47D0-8E08-DC7BD39C8391}.Ad-Hoc|ARM.ActiveCfg = Release|Any CPU
		{398B602B-2A1A-47D0-8E08-DC7BD39C8391}.Ad-Hoc|ARM.Build.0 = Release|Any CPU
		{398B602B-2A1A-47D0-8E08-DC7BD39C8391}.Ad-Hoc|iPhone.ActiveCfg = Release|Any CPU
		{398B602B-2A1A-47D0-8E08-DC7BD39C8391}.Ad-Hoc|iPhone.Build.0 = Release|Any CPU
		{398B602B-2A1A-47D0-8E08-DC7BD39C8391}.Ad-Hoc|iPhoneSimulator.ActiveCfg = Release|Any CPU
		{398B602B-2A1A-47D0-8E08-DC7BD39C8391}.Ad-Hoc|iPhoneSimulator.Build.0 = Release|Any CPU
		{398B602B-2A1A-47D0-8E08-DC7BD39C8391}.Ad-Hoc|Mixed Platforms.ActiveCfg = Release|Any CPU
		{398B602B-2A1A-47D0-8E08-DC7BD39C8391}.Ad-Hoc|Mixed Platforms.Build.0 = Release|Any CPU
		{398B602B-2A1A-47D0-8E08-DC7BD39C8391}.Ad-Hoc|x64.ActiveCfg = Release|Any CPU
		{398B602B-2A1A-47D0-8E08-DC7BD39C8391}.Ad-Hoc|x64.Build.0 = Release|Any CPU
		{398B602B-2A1A-47D0-8E08-DC7BD39C8391}.Ad-Hoc|x86.ActiveCfg = Release|Any CPU
		{398B602B-2A1A-47D0-8E08-DC7BD39C8391}.Ad-Hoc|x86.Build.0 = Release|Any CPU
		{398B602B-2A1A-47D0-8E08-DC7BD39C8391}.AppStore|Any CPU.ActiveCfg = Release|Any CPU
		{398B602B-2A1A-47D0-8E08-DC7BD39C8391}.AppStore|Any CPU.Build.0 = Release|Any CPU
		{398B602B-2A1A-47D0-8E08-DC7BD39C8391}.AppStore|ARM.ActiveCfg = Release|Any CPU
		{398B602B-2A1A-47D0-8E08-DC7BD39C8391}.AppStore|ARM.Build.0 = Release|Any CPU
		{398B602B-2A1A-47D0-8E08-DC7BD39C8391}.AppStore|iPhone.ActiveCfg = Release|Any CPU
		{398B602B-2A1A-47D0-8E08-DC7BD39C8391}.AppStore|iPhone.Build.0 = Release|Any CPU
		{398B602B-2A1A-47D0-8E08-DC7BD39C8391}.AppStore|iPhoneSimulator.ActiveCfg = Release|Any CPU
		{398B602B-2A1A-47D0-8E08-DC7BD39C8391}.AppStore|iPhoneSimulator.Build.0 = Release|Any CPU
		{398B602B-2A1A-47D0-8E08-DC7BD39C8391}.AppStore|Mixed Platforms.ActiveCfg = Release|Any CPU
		{398B602B-2A1A-47D0-8E08-DC7BD39C8391}.AppStore|Mixed Platforms.Build.0 = Release|Any CPU
		{398B602B-2A1A-47D0-8E08-DC7BD39C8391}.AppStore|x64.ActiveCfg = Release|Any CPU
		{398B602B-2A1A-47D0-8E08-DC7BD39C8391}.AppStore|x64.Build.0 = Release|Any CPU
		{398B602B-2A1A-47D0-8E08-DC7BD39C8391}.AppStore|x86.ActiveCfg = Release|Any CPU
		{398B602B-2A1A-47D0-8E08-DC7BD39C8391}.AppStore|x86.Build.0 = Release|Any CPU
		{398B602B-2A1A-47D0-8E08-DC7BD39C8391}.Debug|Any CPU.ActiveCfg = Debug|Any CPU
		{398B602B-2A1A-47D0-8E08-DC7BD39C8391}.Debug|Any CPU.Build.0 = Debug|Any CPU
		{398B602B-2A1A-47D0-8E08-DC7BD39C8391}.Debug|ARM.ActiveCfg = Debug|Any CPU
		{398B602B-2A1A-47D0-8E08-DC7BD39C8391}.Debug|ARM.Build.0 = Debug|Any CPU
		{398B602B-2A1A-47D0-8E08-DC7BD39C8391}.Debug|iPhone.ActiveCfg = Debug|Any CPU
		{398B602B-2A1A-47D0-8E08-DC7BD39C8391}.Debug|iPhone.Build.0 = Debug|Any CPU
		{398B602B-2A1A-47D0-8E08-DC7BD39C8391}.Debug|iPhoneSimulator.ActiveCfg = Debug|Any CPU
		{398B602B-2A1A-47D0-8E08-DC7BD39C8391}.Debug|iPhoneSimulator.Build.0 = Debug|Any CPU
		{398B602B-2A1A-47D0-8E08-DC7BD39C8391}.Debug|Mixed Platforms.ActiveCfg = Debug|Any CPU
		{398B602B-2A1A-47D0-8E08-DC7BD39C8391}.Debug|Mixed Platforms.Build.0 = Debug|Any CPU
		{398B602B-2A1A-47D0-8E08-DC7BD39C8391}.Debug|x64.ActiveCfg = Debug|Any CPU
		{398B602B-2A1A-47D0-8E08-DC7BD39C8391}.Debug|x64.Build.0 = Debug|Any CPU
		{398B602B-2A1A-47D0-8E08-DC7BD39C8391}.Debug|x86.ActiveCfg = Debug|Any CPU
		{398B602B-2A1A-47D0-8E08-DC7BD39C8391}.Debug|x86.Build.0 = Debug|Any CPU
		{398B602B-2A1A-47D0-8E08-DC7BD39C8391}.Release|Any CPU.ActiveCfg = Release|Any CPU
		{398B602B-2A1A-47D0-8E08-DC7BD39C8391}.Release|Any CPU.Build.0 = Release|Any CPU
		{398B602B-2A1A-47D0-8E08-DC7BD39C8391}.Release|ARM.ActiveCfg = Release|Any CPU
		{398B602B-2A1A-47D0-8E08-DC7BD39C8391}.Release|ARM.Build.0 = Release|Any CPU
		{398B602B-2A1A-47D0-8E08-DC7BD39C8391}.Release|iPhone.ActiveCfg = Release|Any CPU
		{398B602B-2A1A-47D0-8E08-DC7BD39C8391}.Release|iPhone.Build.0 = Release|Any CPU
		{398B602B-2A1A-47D0-8E08-DC7BD39C8391}.Release|iPhoneSimulator.ActiveCfg = Release|Any CPU
		{398B602B-2A1A-47D0-8E08-DC7BD39C8391}.Release|iPhoneSimulator.Build.0 = Release|Any CPU
		{398B602B-2A1A-47D0-8E08-DC7BD39C8391}.Release|Mixed Platforms.ActiveCfg = Release|Any CPU
		{398B602B-2A1A-47D0-8E08-DC7BD39C8391}.Release|Mixed Platforms.Build.0 = Release|Any CPU
		{398B602B-2A1A-47D0-8E08-DC7BD39C8391}.Release|x64.ActiveCfg = Release|Any CPU
		{398B602B-2A1A-47D0-8E08-DC7BD39C8391}.Release|x64.Build.0 = Release|Any CPU
		{398B602B-2A1A-47D0-8E08-DC7BD39C8391}.Release|x86.ActiveCfg = Release|Any CPU
		{398B602B-2A1A-47D0-8E08-DC7BD39C8391}.Release|x86.Build.0 = Release|Any CPU
		{60CD7610-3E66-41C8-A233-21A33AD3E21F}.Ad-Hoc|Any CPU.ActiveCfg = Release|Any CPU
		{60CD7610-3E66-41C8-A233-21A33AD3E21F}.Ad-Hoc|Any CPU.Build.0 = Release|Any CPU
		{60CD7610-3E66-41C8-A233-21A33AD3E21F}.Ad-Hoc|ARM.ActiveCfg = Release|Any CPU
		{60CD7610-3E66-41C8-A233-21A33AD3E21F}.Ad-Hoc|ARM.Build.0 = Release|Any CPU
		{60CD7610-3E66-41C8-A233-21A33AD3E21F}.Ad-Hoc|iPhone.ActiveCfg = Release|Any CPU
		{60CD7610-3E66-41C8-A233-21A33AD3E21F}.Ad-Hoc|iPhone.Build.0 = Release|Any CPU
		{60CD7610-3E66-41C8-A233-21A33AD3E21F}.Ad-Hoc|iPhoneSimulator.ActiveCfg = Release|Any CPU
		{60CD7610-3E66-41C8-A233-21A33AD3E21F}.Ad-Hoc|iPhoneSimulator.Build.0 = Release|Any CPU
		{60CD7610-3E66-41C8-A233-21A33AD3E21F}.Ad-Hoc|Mixed Platforms.ActiveCfg = Release|Any CPU
		{60CD7610-3E66-41C8-A233-21A33AD3E21F}.Ad-Hoc|Mixed Platforms.Build.0 = Release|Any CPU
		{60CD7610-3E66-41C8-A233-21A33AD3E21F}.Ad-Hoc|x64.ActiveCfg = Release|Any CPU
		{60CD7610-3E66-41C8-A233-21A33AD3E21F}.Ad-Hoc|x64.Build.0 = Release|Any CPU
		{60CD7610-3E66-41C8-A233-21A33AD3E21F}.Ad-Hoc|x86.ActiveCfg = Release|Any CPU
		{60CD7610-3E66-41C8-A233-21A33AD3E21F}.Ad-Hoc|x86.Build.0 = Release|Any CPU
		{60CD7610-3E66-41C8-A233-21A33AD3E21F}.AppStore|Any CPU.ActiveCfg = Release|Any CPU
		{60CD7610-3E66-41C8-A233-21A33AD3E21F}.AppStore|Any CPU.Build.0 = Release|Any CPU
		{60CD7610-3E66-41C8-A233-21A33AD3E21F}.AppStore|ARM.ActiveCfg = Release|Any CPU
		{60CD7610-3E66-41C8-A233-21A33AD3E21F}.AppStore|ARM.Build.0 = Release|Any CPU
		{60CD7610-3E66-41C8-A233-21A33AD3E21F}.AppStore|iPhone.ActiveCfg = Release|Any CPU
		{60CD7610-3E66-41C8-A233-21A33AD3E21F}.AppStore|iPhone.Build.0 = Release|Any CPU
		{60CD7610-3E66-41C8-A233-21A33AD3E21F}.AppStore|iPhoneSimulator.ActiveCfg = Release|Any CPU
		{60CD7610-3E66-41C8-A233-21A33AD3E21F}.AppStore|iPhoneSimulator.Build.0 = Release|Any CPU
		{60CD7610-3E66-41C8-A233-21A33AD3E21F}.AppStore|Mixed Platforms.ActiveCfg = Release|Any CPU
		{60CD7610-3E66-41C8-A233-21A33AD3E21F}.AppStore|Mixed Platforms.Build.0 = Release|Any CPU
		{60CD7610-3E66-41C8-A233-21A33AD3E21F}.AppStore|x64.ActiveCfg = Release|Any CPU
		{60CD7610-3E66-41C8-A233-21A33AD3E21F}.AppStore|x64.Build.0 = Release|Any CPU
		{60CD7610-3E66-41C8-A233-21A33AD3E21F}.AppStore|x86.ActiveCfg = Release|Any CPU
		{60CD7610-3E66-41C8-A233-21A33AD3E21F}.AppStore|x86.Build.0 = Release|Any CPU
		{60CD7610-3E66-41C8-A233-21A33AD3E21F}.Debug|Any CPU.ActiveCfg = Debug|Any CPU
		{60CD7610-3E66-41C8-A233-21A33AD3E21F}.Debug|Any CPU.Build.0 = Debug|Any CPU
		{60CD7610-3E66-41C8-A233-21A33AD3E21F}.Debug|ARM.ActiveCfg = Debug|Any CPU
		{60CD7610-3E66-41C8-A233-21A33AD3E21F}.Debug|ARM.Build.0 = Debug|Any CPU
		{60CD7610-3E66-41C8-A233-21A33AD3E21F}.Debug|iPhone.ActiveCfg = Debug|Any CPU
		{60CD7610-3E66-41C8-A233-21A33AD3E21F}.Debug|iPhone.Build.0 = Debug|Any CPU
		{60CD7610-3E66-41C8-A233-21A33AD3E21F}.Debug|iPhoneSimulator.ActiveCfg = Debug|Any CPU
		{60CD7610-3E66-41C8-A233-21A33AD3E21F}.Debug|iPhoneSimulator.Build.0 = Debug|Any CPU
		{60CD7610-3E66-41C8-A233-21A33AD3E21F}.Debug|Mixed Platforms.ActiveCfg = Debug|Any CPU
		{60CD7610-3E66-41C8-A233-21A33AD3E21F}.Debug|Mixed Platforms.Build.0 = Debug|Any CPU
		{60CD7610-3E66-41C8-A233-21A33AD3E21F}.Debug|x64.ActiveCfg = Debug|Any CPU
		{60CD7610-3E66-41C8-A233-21A33AD3E21F}.Debug|x64.Build.0 = Debug|Any CPU
		{60CD7610-3E66-41C8-A233-21A33AD3E21F}.Debug|x86.ActiveCfg = Debug|Any CPU
		{60CD7610-3E66-41C8-A233-21A33AD3E21F}.Debug|x86.Build.0 = Debug|Any CPU
		{60CD7610-3E66-41C8-A233-21A33AD3E21F}.Release|Any CPU.ActiveCfg = Release|Any CPU
		{60CD7610-3E66-41C8-A233-21A33AD3E21F}.Release|Any CPU.Build.0 = Release|Any CPU
		{60CD7610-3E66-41C8-A233-21A33AD3E21F}.Release|ARM.ActiveCfg = Release|Any CPU
		{60CD7610-3E66-41C8-A233-21A33AD3E21F}.Release|ARM.Build.0 = Release|Any CPU
		{60CD7610-3E66-41C8-A233-21A33AD3E21F}.Release|iPhone.ActiveCfg = Release|Any CPU
		{60CD7610-3E66-41C8-A233-21A33AD3E21F}.Release|iPhone.Build.0 = Release|Any CPU
		{60CD7610-3E66-41C8-A233-21A33AD3E21F}.Release|iPhoneSimulator.ActiveCfg = Release|Any CPU
		{60CD7610-3E66-41C8-A233-21A33AD3E21F}.Release|iPhoneSimulator.Build.0 = Release|Any CPU
		{60CD7610-3E66-41C8-A233-21A33AD3E21F}.Release|Mixed Platforms.ActiveCfg = Release|Any CPU
		{60CD7610-3E66-41C8-A233-21A33AD3E21F}.Release|Mixed Platforms.Build.0 = Release|Any CPU
		{60CD7610-3E66-41C8-A233-21A33AD3E21F}.Release|x64.ActiveCfg = Release|Any CPU
		{60CD7610-3E66-41C8-A233-21A33AD3E21F}.Release|x64.Build.0 = Release|Any CPU
		{60CD7610-3E66-41C8-A233-21A33AD3E21F}.Release|x86.ActiveCfg = Release|Any CPU
		{60CD7610-3E66-41C8-A233-21A33AD3E21F}.Release|x86.Build.0 = Release|Any CPU
		{BBEF46AF-CA4A-410F-93EF-5F6CE23C8CB0}.Ad-Hoc|Any CPU.ActiveCfg = Release|Any CPU
		{BBEF46AF-CA4A-410F-93EF-5F6CE23C8CB0}.Ad-Hoc|Any CPU.Build.0 = Release|Any CPU
		{BBEF46AF-CA4A-410F-93EF-5F6CE23C8CB0}.Ad-Hoc|ARM.ActiveCfg = Release|Any CPU
		{BBEF46AF-CA4A-410F-93EF-5F6CE23C8CB0}.Ad-Hoc|ARM.Build.0 = Release|Any CPU
		{BBEF46AF-CA4A-410F-93EF-5F6CE23C8CB0}.Ad-Hoc|iPhone.ActiveCfg = Release|Any CPU
		{BBEF46AF-CA4A-410F-93EF-5F6CE23C8CB0}.Ad-Hoc|iPhone.Build.0 = Release|Any CPU
		{BBEF46AF-CA4A-410F-93EF-5F6CE23C8CB0}.Ad-Hoc|iPhoneSimulator.ActiveCfg = Release|Any CPU
		{BBEF46AF-CA4A-410F-93EF-5F6CE23C8CB0}.Ad-Hoc|iPhoneSimulator.Build.0 = Release|Any CPU
		{BBEF46AF-CA4A-410F-93EF-5F6CE23C8CB0}.Ad-Hoc|Mixed Platforms.ActiveCfg = Release|Any CPU
		{BBEF46AF-CA4A-410F-93EF-5F6CE23C8CB0}.Ad-Hoc|Mixed Platforms.Build.0 = Release|Any CPU
		{BBEF46AF-CA4A-410F-93EF-5F6CE23C8CB0}.Ad-Hoc|x64.ActiveCfg = Release|Any CPU
		{BBEF46AF-CA4A-410F-93EF-5F6CE23C8CB0}.Ad-Hoc|x64.Build.0 = Release|Any CPU
		{BBEF46AF-CA4A-410F-93EF-5F6CE23C8CB0}.Ad-Hoc|x86.ActiveCfg = Release|Any CPU
		{BBEF46AF-CA4A-410F-93EF-5F6CE23C8CB0}.Ad-Hoc|x86.Build.0 = Release|Any CPU
		{BBEF46AF-CA4A-410F-93EF-5F6CE23C8CB0}.AppStore|Any CPU.ActiveCfg = Release|Any CPU
		{BBEF46AF-CA4A-410F-93EF-5F6CE23C8CB0}.AppStore|Any CPU.Build.0 = Release|Any CPU
		{BBEF46AF-CA4A-410F-93EF-5F6CE23C8CB0}.AppStore|ARM.ActiveCfg = Release|Any CPU
		{BBEF46AF-CA4A-410F-93EF-5F6CE23C8CB0}.AppStore|ARM.Build.0 = Release|Any CPU
		{BBEF46AF-CA4A-410F-93EF-5F6CE23C8CB0}.AppStore|iPhone.ActiveCfg = Release|Any CPU
		{BBEF46AF-CA4A-410F-93EF-5F6CE23C8CB0}.AppStore|iPhone.Build.0 = Release|Any CPU
		{BBEF46AF-CA4A-410F-93EF-5F6CE23C8CB0}.AppStore|iPhoneSimulator.ActiveCfg = Release|Any CPU
		{BBEF46AF-CA4A-410F-93EF-5F6CE23C8CB0}.AppStore|iPhoneSimulator.Build.0 = Release|Any CPU
		{BBEF46AF-CA4A-410F-93EF-5F6CE23C8CB0}.AppStore|Mixed Platforms.ActiveCfg = Release|Any CPU
		{BBEF46AF-CA4A-410F-93EF-5F6CE23C8CB0}.AppStore|Mixed Platforms.Build.0 = Release|Any CPU
		{BBEF46AF-CA4A-410F-93EF-5F6CE23C8CB0}.AppStore|x64.ActiveCfg = Release|Any CPU
		{BBEF46AF-CA4A-410F-93EF-5F6CE23C8CB0}.AppStore|x64.Build.0 = Release|Any CPU
		{BBEF46AF-CA4A-410F-93EF-5F6CE23C8CB0}.AppStore|x86.ActiveCfg = Release|Any CPU
		{BBEF46AF-CA4A-410F-93EF-5F6CE23C8CB0}.AppStore|x86.Build.0 = Release|Any CPU
		{BBEF46AF-CA4A-410F-93EF-5F6CE23C8CB0}.Debug|Any CPU.ActiveCfg = Debug|Any CPU
		{BBEF46AF-CA4A-410F-93EF-5F6CE23C8CB0}.Debug|Any CPU.Build.0 = Debug|Any CPU
		{BBEF46AF-CA4A-410F-93EF-5F6CE23C8CB0}.Debug|ARM.ActiveCfg = Debug|Any CPU
		{BBEF46AF-CA4A-410F-93EF-5F6CE23C8CB0}.Debug|ARM.Build.0 = Debug|Any CPU
		{BBEF46AF-CA4A-410F-93EF-5F6CE23C8CB0}.Debug|iPhone.ActiveCfg = Debug|Any CPU
		{BBEF46AF-CA4A-410F-93EF-5F6CE23C8CB0}.Debug|iPhone.Build.0 = Debug|Any CPU
		{BBEF46AF-CA4A-410F-93EF-5F6CE23C8CB0}.Debug|iPhoneSimulator.ActiveCfg = Debug|Any CPU
		{BBEF46AF-CA4A-410F-93EF-5F6CE23C8CB0}.Debug|iPhoneSimulator.Build.0 = Debug|Any CPU
		{BBEF46AF-CA4A-410F-93EF-5F6CE23C8CB0}.Debug|Mixed Platforms.ActiveCfg = Debug|Any CPU
		{BBEF46AF-CA4A-410F-93EF-5F6CE23C8CB0}.Debug|Mixed Platforms.Build.0 = Debug|Any CPU
		{BBEF46AF-CA4A-410F-93EF-5F6CE23C8CB0}.Debug|x64.ActiveCfg = Debug|Any CPU
		{BBEF46AF-CA4A-410F-93EF-5F6CE23C8CB0}.Debug|x64.Build.0 = Debug|Any CPU
		{BBEF46AF-CA4A-410F-93EF-5F6CE23C8CB0}.Debug|x86.ActiveCfg = Debug|Any CPU
		{BBEF46AF-CA4A-410F-93EF-5F6CE23C8CB0}.Debug|x86.Build.0 = Debug|Any CPU
		{BBEF46AF-CA4A-410F-93EF-5F6CE23C8CB0}.Release|Any CPU.ActiveCfg = Release|Any CPU
		{BBEF46AF-CA4A-410F-93EF-5F6CE23C8CB0}.Release|Any CPU.Build.0 = Release|Any CPU
		{BBEF46AF-CA4A-410F-93EF-5F6CE23C8CB0}.Release|ARM.ActiveCfg = Release|Any CPU
		{BBEF46AF-CA4A-410F-93EF-5F6CE23C8CB0}.Release|ARM.Build.0 = Release|Any CPU
		{BBEF46AF-CA4A-410F-93EF-5F6CE23C8CB0}.Release|iPhone.ActiveCfg = Release|Any CPU
		{BBEF46AF-CA4A-410F-93EF-5F6CE23C8CB0}.Release|iPhone.Build.0 = Release|Any CPU
		{BBEF46AF-CA4A-410F-93EF-5F6CE23C8CB0}.Release|iPhoneSimulator.ActiveCfg = Release|Any CPU
		{BBEF46AF-CA4A-410F-93EF-5F6CE23C8CB0}.Release|iPhoneSimulator.Build.0 = Release|Any CPU
		{BBEF46AF-CA4A-410F-93EF-5F6CE23C8CB0}.Release|Mixed Platforms.ActiveCfg = Release|Any CPU
		{BBEF46AF-CA4A-410F-93EF-5F6CE23C8CB0}.Release|Mixed Platforms.Build.0 = Release|Any CPU
		{BBEF46AF-CA4A-410F-93EF-5F6CE23C8CB0}.Release|x64.ActiveCfg = Release|Any CPU
		{BBEF46AF-CA4A-410F-93EF-5F6CE23C8CB0}.Release|x64.Build.0 = Release|Any CPU
		{BBEF46AF-CA4A-410F-93EF-5F6CE23C8CB0}.Release|x86.ActiveCfg = Release|Any CPU
		{BBEF46AF-CA4A-410F-93EF-5F6CE23C8CB0}.Release|x86.Build.0 = Release|Any CPU
		{5251AF9C-1AF7-4841-A487-043B9EE892EF}.Ad-Hoc|Any CPU.ActiveCfg = Release|Any CPU
		{5251AF9C-1AF7-4841-A487-043B9EE892EF}.Ad-Hoc|Any CPU.Build.0 = Release|Any CPU
		{5251AF9C-1AF7-4841-A487-043B9EE892EF}.Ad-Hoc|ARM.ActiveCfg = Release|Any CPU
		{5251AF9C-1AF7-4841-A487-043B9EE892EF}.Ad-Hoc|ARM.Build.0 = Release|Any CPU
		{5251AF9C-1AF7-4841-A487-043B9EE892EF}.Ad-Hoc|iPhone.ActiveCfg = Release|Any CPU
		{5251AF9C-1AF7-4841-A487-043B9EE892EF}.Ad-Hoc|iPhone.Build.0 = Release|Any CPU
		{5251AF9C-1AF7-4841-A487-043B9EE892EF}.Ad-Hoc|iPhoneSimulator.ActiveCfg = Release|Any CPU
		{5251AF9C-1AF7-4841-A487-043B9EE892EF}.Ad-Hoc|iPhoneSimulator.Build.0 = Release|Any CPU
		{5251AF9C-1AF7-4841-A487-043B9EE892EF}.Ad-Hoc|Mixed Platforms.ActiveCfg = Release|Any CPU
		{5251AF9C-1AF7-4841-A487-043B9EE892EF}.Ad-Hoc|Mixed Platforms.Build.0 = Release|Any CPU
		{5251AF9C-1AF7-4841-A487-043B9EE892EF}.Ad-Hoc|x64.ActiveCfg = Release|Any CPU
		{5251AF9C-1AF7-4841-A487-043B9EE892EF}.Ad-Hoc|x64.Build.0 = Release|Any CPU
		{5251AF9C-1AF7-4841-A487-043B9EE892EF}.Ad-Hoc|x86.ActiveCfg = Release|Any CPU
		{5251AF9C-1AF7-4841-A487-043B9EE892EF}.Ad-Hoc|x86.Build.0 = Release|Any CPU
		{5251AF9C-1AF7-4841-A487-043B9EE892EF}.AppStore|Any CPU.ActiveCfg = Release|Any CPU
		{5251AF9C-1AF7-4841-A487-043B9EE892EF}.AppStore|Any CPU.Build.0 = Release|Any CPU
		{5251AF9C-1AF7-4841-A487-043B9EE892EF}.AppStore|ARM.ActiveCfg = Release|Any CPU
		{5251AF9C-1AF7-4841-A487-043B9EE892EF}.AppStore|ARM.Build.0 = Release|Any CPU
		{5251AF9C-1AF7-4841-A487-043B9EE892EF}.AppStore|iPhone.ActiveCfg = Release|Any CPU
		{5251AF9C-1AF7-4841-A487-043B9EE892EF}.AppStore|iPhone.Build.0 = Release|Any CPU
		{5251AF9C-1AF7-4841-A487-043B9EE892EF}.AppStore|iPhoneSimulator.ActiveCfg = Release|Any CPU
		{5251AF9C-1AF7-4841-A487-043B9EE892EF}.AppStore|iPhoneSimulator.Build.0 = Release|Any CPU
		{5251AF9C-1AF7-4841-A487-043B9EE892EF}.AppStore|Mixed Platforms.ActiveCfg = Release|Any CPU
		{5251AF9C-1AF7-4841-A487-043B9EE892EF}.AppStore|Mixed Platforms.Build.0 = Release|Any CPU
		{5251AF9C-1AF7-4841-A487-043B9EE892EF}.AppStore|x64.ActiveCfg = Release|Any CPU
		{5251AF9C-1AF7-4841-A487-043B9EE892EF}.AppStore|x64.Build.0 = Release|Any CPU
		{5251AF9C-1AF7-4841-A487-043B9EE892EF}.AppStore|x86.ActiveCfg = Release|Any CPU
		{5251AF9C-1AF7-4841-A487-043B9EE892EF}.AppStore|x86.Build.0 = Release|Any CPU
		{5251AF9C-1AF7-4841-A487-043B9EE892EF}.Debug|Any CPU.ActiveCfg = Debug|Any CPU
		{5251AF9C-1AF7-4841-A487-043B9EE892EF}.Debug|Any CPU.Build.0 = Debug|Any CPU
		{5251AF9C-1AF7-4841-A487-043B9EE892EF}.Debug|ARM.ActiveCfg = Debug|Any CPU
		{5251AF9C-1AF7-4841-A487-043B9EE892EF}.Debug|ARM.Build.0 = Debug|Any CPU
		{5251AF9C-1AF7-4841-A487-043B9EE892EF}.Debug|iPhone.ActiveCfg = Debug|Any CPU
		{5251AF9C-1AF7-4841-A487-043B9EE892EF}.Debug|iPhone.Build.0 = Debug|Any CPU
		{5251AF9C-1AF7-4841-A487-043B9EE892EF}.Debug|iPhoneSimulator.ActiveCfg = Debug|Any CPU
		{5251AF9C-1AF7-4841-A487-043B9EE892EF}.Debug|iPhoneSimulator.Build.0 = Debug|Any CPU
		{5251AF9C-1AF7-4841-A487-043B9EE892EF}.Debug|Mixed Platforms.ActiveCfg = Debug|Any CPU
		{5251AF9C-1AF7-4841-A487-043B9EE892EF}.Debug|Mixed Platforms.Build.0 = Debug|Any CPU
		{5251AF9C-1AF7-4841-A487-043B9EE892EF}.Debug|x64.ActiveCfg = Debug|Any CPU
		{5251AF9C-1AF7-4841-A487-043B9EE892EF}.Debug|x64.Build.0 = Debug|Any CPU
		{5251AF9C-1AF7-4841-A487-043B9EE892EF}.Debug|x86.ActiveCfg = Debug|Any CPU
		{5251AF9C-1AF7-4841-A487-043B9EE892EF}.Debug|x86.Build.0 = Debug|Any CPU
		{5251AF9C-1AF7-4841-A487-043B9EE892EF}.Release|Any CPU.ActiveCfg = Release|Any CPU
		{5251AF9C-1AF7-4841-A487-043B9EE892EF}.Release|Any CPU.Build.0 = Release|Any CPU
		{5251AF9C-1AF7-4841-A487-043B9EE892EF}.Release|ARM.ActiveCfg = Release|Any CPU
		{5251AF9C-1AF7-4841-A487-043B9EE892EF}.Release|ARM.Build.0 = Release|Any CPU
		{5251AF9C-1AF7-4841-A487-043B9EE892EF}.Release|iPhone.ActiveCfg = Release|Any CPU
		{5251AF9C-1AF7-4841-A487-043B9EE892EF}.Release|iPhone.Build.0 = Release|Any CPU
		{5251AF9C-1AF7-4841-A487-043B9EE892EF}.Release|iPhoneSimulator.ActiveCfg = Release|Any CPU
		{5251AF9C-1AF7-4841-A487-043B9EE892EF}.Release|iPhoneSimulator.Build.0 = Release|Any CPU
		{5251AF9C-1AF7-4841-A487-043B9EE892EF}.Release|Mixed Platforms.ActiveCfg = Release|Any CPU
		{5251AF9C-1AF7-4841-A487-043B9EE892EF}.Release|Mixed Platforms.Build.0 = Release|Any CPU
		{5251AF9C-1AF7-4841-A487-043B9EE892EF}.Release|x64.ActiveCfg = Release|Any CPU
		{5251AF9C-1AF7-4841-A487-043B9EE892EF}.Release|x64.Build.0 = Release|Any CPU
		{5251AF9C-1AF7-4841-A487-043B9EE892EF}.Release|x86.ActiveCfg = Release|Any CPU
		{5251AF9C-1AF7-4841-A487-043B9EE892EF}.Release|x86.Build.0 = Release|Any CPU
		{D2040BFA-F8D2-43C8-AB0F-B5A4A1258EFF}.Ad-Hoc|Any CPU.ActiveCfg = Release|Any CPU
		{D2040BFA-F8D2-43C8-AB0F-B5A4A1258EFF}.Ad-Hoc|Any CPU.Build.0 = Release|Any CPU
		{D2040BFA-F8D2-43C8-AB0F-B5A4A1258EFF}.Ad-Hoc|ARM.ActiveCfg = Release|Any CPU
		{D2040BFA-F8D2-43C8-AB0F-B5A4A1258EFF}.Ad-Hoc|ARM.Build.0 = Release|Any CPU
		{D2040BFA-F8D2-43C8-AB0F-B5A4A1258EFF}.Ad-Hoc|iPhone.ActiveCfg = Release|Any CPU
		{D2040BFA-F8D2-43C8-AB0F-B5A4A1258EFF}.Ad-Hoc|iPhone.Build.0 = Release|Any CPU
		{D2040BFA-F8D2-43C8-AB0F-B5A4A1258EFF}.Ad-Hoc|iPhoneSimulator.ActiveCfg = Release|Any CPU
		{D2040BFA-F8D2-43C8-AB0F-B5A4A1258EFF}.Ad-Hoc|iPhoneSimulator.Build.0 = Release|Any CPU
		{D2040BFA-F8D2-43C8-AB0F-B5A4A1258EFF}.Ad-Hoc|Mixed Platforms.ActiveCfg = Release|Any CPU
		{D2040BFA-F8D2-43C8-AB0F-B5A4A1258EFF}.Ad-Hoc|Mixed Platforms.Build.0 = Release|Any CPU
		{D2040BFA-F8D2-43C8-AB0F-B5A4A1258EFF}.Ad-Hoc|x64.ActiveCfg = Release|Any CPU
		{D2040BFA-F8D2-43C8-AB0F-B5A4A1258EFF}.Ad-Hoc|x64.Build.0 = Release|Any CPU
		{D2040BFA-F8D2-43C8-AB0F-B5A4A1258EFF}.Ad-Hoc|x86.ActiveCfg = Release|Any CPU
		{D2040BFA-F8D2-43C8-AB0F-B5A4A1258EFF}.Ad-Hoc|x86.Build.0 = Release|Any CPU
		{D2040BFA-F8D2-43C8-AB0F-B5A4A1258EFF}.AppStore|Any CPU.ActiveCfg = Release|Any CPU
		{D2040BFA-F8D2-43C8-AB0F-B5A4A1258EFF}.AppStore|Any CPU.Build.0 = Release|Any CPU
		{D2040BFA-F8D2-43C8-AB0F-B5A4A1258EFF}.AppStore|ARM.ActiveCfg = Release|Any CPU
		{D2040BFA-F8D2-43C8-AB0F-B5A4A1258EFF}.AppStore|ARM.Build.0 = Release|Any CPU
		{D2040BFA-F8D2-43C8-AB0F-B5A4A1258EFF}.AppStore|iPhone.ActiveCfg = Release|Any CPU
		{D2040BFA-F8D2-43C8-AB0F-B5A4A1258EFF}.AppStore|iPhone.Build.0 = Release|Any CPU
		{D2040BFA-F8D2-43C8-AB0F-B5A4A1258EFF}.AppStore|iPhoneSimulator.ActiveCfg = Release|Any CPU
		{D2040BFA-F8D2-43C8-AB0F-B5A4A1258EFF}.AppStore|iPhoneSimulator.Build.0 = Release|Any CPU
		{D2040BFA-F8D2-43C8-AB0F-B5A4A1258EFF}.AppStore|Mixed Platforms.ActiveCfg = Release|Any CPU
		{D2040BFA-F8D2-43C8-AB0F-B5A4A1258EFF}.AppStore|Mixed Platforms.Build.0 = Release|Any CPU
		{D2040BFA-F8D2-43C8-AB0F-B5A4A1258EFF}.AppStore|x64.ActiveCfg = Release|Any CPU
		{D2040BFA-F8D2-43C8-AB0F-B5A4A1258EFF}.AppStore|x64.Build.0 = Release|Any CPU
		{D2040BFA-F8D2-43C8-AB0F-B5A4A1258EFF}.AppStore|x86.ActiveCfg = Release|Any CPU
		{D2040BFA-F8D2-43C8-AB0F-B5A4A1258EFF}.AppStore|x86.Build.0 = Release|Any CPU
		{D2040BFA-F8D2-43C8-AB0F-B5A4A1258EFF}.Debug|Any CPU.ActiveCfg = Debug|Any CPU
		{D2040BFA-F8D2-43C8-AB0F-B5A4A1258EFF}.Debug|Any CPU.Build.0 = Debug|Any CPU
		{D2040BFA-F8D2-43C8-AB0F-B5A4A1258EFF}.Debug|ARM.ActiveCfg = Debug|Any CPU
		{D2040BFA-F8D2-43C8-AB0F-B5A4A1258EFF}.Debug|ARM.Build.0 = Debug|Any CPU
		{D2040BFA-F8D2-43C8-AB0F-B5A4A1258EFF}.Debug|iPhone.ActiveCfg = Debug|Any CPU
		{D2040BFA-F8D2-43C8-AB0F-B5A4A1258EFF}.Debug|iPhone.Build.0 = Debug|Any CPU
		{D2040BFA-F8D2-43C8-AB0F-B5A4A1258EFF}.Debug|iPhoneSimulator.ActiveCfg = Debug|Any CPU
		{D2040BFA-F8D2-43C8-AB0F-B5A4A1258EFF}.Debug|iPhoneSimulator.Build.0 = Debug|Any CPU
		{D2040BFA-F8D2-43C8-AB0F-B5A4A1258EFF}.Debug|Mixed Platforms.ActiveCfg = Debug|Any CPU
		{D2040BFA-F8D2-43C8-AB0F-B5A4A1258EFF}.Debug|Mixed Platforms.Build.0 = Debug|Any CPU
		{D2040BFA-F8D2-43C8-AB0F-B5A4A1258EFF}.Debug|x64.ActiveCfg = Debug|Any CPU
		{D2040BFA-F8D2-43C8-AB0F-B5A4A1258EFF}.Debug|x64.Build.0 = Debug|Any CPU
		{D2040BFA-F8D2-43C8-AB0F-B5A4A1258EFF}.Debug|x86.ActiveCfg = Debug|Any CPU
		{D2040BFA-F8D2-43C8-AB0F-B5A4A1258EFF}.Debug|x86.Build.0 = Debug|Any CPU
		{D2040BFA-F8D2-43C8-AB0F-B5A4A1258EFF}.Release|Any CPU.ActiveCfg = Release|Any CPU
		{D2040BFA-F8D2-43C8-AB0F-B5A4A1258EFF}.Release|Any CPU.Build.0 = Release|Any CPU
		{D2040BFA-F8D2-43C8-AB0F-B5A4A1258EFF}.Release|ARM.ActiveCfg = Release|Any CPU
		{D2040BFA-F8D2-43C8-AB0F-B5A4A1258EFF}.Release|ARM.Build.0 = Release|Any CPU
		{D2040BFA-F8D2-43C8-AB0F-B5A4A1258EFF}.Release|iPhone.ActiveCfg = Release|Any CPU
		{D2040BFA-F8D2-43C8-AB0F-B5A4A1258EFF}.Release|iPhone.Build.0 = Release|Any CPU
		{D2040BFA-F8D2-43C8-AB0F-B5A4A1258EFF}.Release|iPhoneSimulator.ActiveCfg = Release|Any CPU
		{D2040BFA-F8D2-43C8-AB0F-B5A4A1258EFF}.Release|iPhoneSimulator.Build.0 = Release|Any CPU
		{D2040BFA-F8D2-43C8-AB0F-B5A4A1258EFF}.Release|Mixed Platforms.ActiveCfg = Release|Any CPU
		{D2040BFA-F8D2-43C8-AB0F-B5A4A1258EFF}.Release|Mixed Platforms.Build.0 = Release|Any CPU
		{D2040BFA-F8D2-43C8-AB0F-B5A4A1258EFF}.Release|x64.ActiveCfg = Release|Any CPU
		{D2040BFA-F8D2-43C8-AB0F-B5A4A1258EFF}.Release|x64.Build.0 = Release|Any CPU
		{D2040BFA-F8D2-43C8-AB0F-B5A4A1258EFF}.Release|x86.ActiveCfg = Release|Any CPU
		{D2040BFA-F8D2-43C8-AB0F-B5A4A1258EFF}.Release|x86.Build.0 = Release|Any CPU
		{426BC868-968D-46F0-A44F-0AFA36CAD51D}.Ad-Hoc|Any CPU.ActiveCfg = Release|Any CPU
		{426BC868-968D-46F0-A44F-0AFA36CAD51D}.Ad-Hoc|Any CPU.Build.0 = Release|Any CPU
		{426BC868-968D-46F0-A44F-0AFA36CAD51D}.Ad-Hoc|ARM.ActiveCfg = Release|Any CPU
		{426BC868-968D-46F0-A44F-0AFA36CAD51D}.Ad-Hoc|ARM.Build.0 = Release|Any CPU
		{426BC868-968D-46F0-A44F-0AFA36CAD51D}.Ad-Hoc|iPhone.ActiveCfg = Release|Any CPU
		{426BC868-968D-46F0-A44F-0AFA36CAD51D}.Ad-Hoc|iPhone.Build.0 = Release|Any CPU
		{426BC868-968D-46F0-A44F-0AFA36CAD51D}.Ad-Hoc|iPhoneSimulator.ActiveCfg = Release|Any CPU
		{426BC868-968D-46F0-A44F-0AFA36CAD51D}.Ad-Hoc|iPhoneSimulator.Build.0 = Release|Any CPU
		{426BC868-968D-46F0-A44F-0AFA36CAD51D}.Ad-Hoc|Mixed Platforms.ActiveCfg = Release|Any CPU
		{426BC868-968D-46F0-A44F-0AFA36CAD51D}.Ad-Hoc|Mixed Platforms.Build.0 = Release|Any CPU
		{426BC868-968D-46F0-A44F-0AFA36CAD51D}.Ad-Hoc|x64.ActiveCfg = Release|Any CPU
		{426BC868-968D-46F0-A44F-0AFA36CAD51D}.Ad-Hoc|x64.Build.0 = Release|Any CPU
		{426BC868-968D-46F0-A44F-0AFA36CAD51D}.Ad-Hoc|x86.ActiveCfg = Release|Any CPU
		{426BC868-968D-46F0-A44F-0AFA36CAD51D}.Ad-Hoc|x86.Build.0 = Release|Any CPU
		{426BC868-968D-46F0-A44F-0AFA36CAD51D}.AppStore|Any CPU.ActiveCfg = Release|Any CPU
		{426BC868-968D-46F0-A44F-0AFA36CAD51D}.AppStore|Any CPU.Build.0 = Release|Any CPU
		{426BC868-968D-46F0-A44F-0AFA36CAD51D}.AppStore|ARM.ActiveCfg = Release|Any CPU
		{426BC868-968D-46F0-A44F-0AFA36CAD51D}.AppStore|ARM.Build.0 = Release|Any CPU
		{426BC868-968D-46F0-A44F-0AFA36CAD51D}.AppStore|iPhone.ActiveCfg = Release|Any CPU
		{426BC868-968D-46F0-A44F-0AFA36CAD51D}.AppStore|iPhone.Build.0 = Release|Any CPU
		{426BC868-968D-46F0-A44F-0AFA36CAD51D}.AppStore|iPhoneSimulator.ActiveCfg = Release|Any CPU
		{426BC868-968D-46F0-A44F-0AFA36CAD51D}.AppStore|iPhoneSimulator.Build.0 = Release|Any CPU
		{426BC868-968D-46F0-A44F-0AFA36CAD51D}.AppStore|Mixed Platforms.ActiveCfg = Release|Any CPU
		{426BC868-968D-46F0-A44F-0AFA36CAD51D}.AppStore|Mixed Platforms.Build.0 = Release|Any CPU
		{426BC868-968D-46F0-A44F-0AFA36CAD51D}.AppStore|x64.ActiveCfg = Release|Any CPU
		{426BC868-968D-46F0-A44F-0AFA36CAD51D}.AppStore|x64.Build.0 = Release|Any CPU
		{426BC868-968D-46F0-A44F-0AFA36CAD51D}.AppStore|x86.ActiveCfg = Release|Any CPU
		{426BC868-968D-46F0-A44F-0AFA36CAD51D}.AppStore|x86.Build.0 = Release|Any CPU
		{426BC868-968D-46F0-A44F-0AFA36CAD51D}.Debug|Any CPU.ActiveCfg = Debug|Any CPU
		{426BC868-968D-46F0-A44F-0AFA36CAD51D}.Debug|Any CPU.Build.0 = Debug|Any CPU
		{426BC868-968D-46F0-A44F-0AFA36CAD51D}.Debug|ARM.ActiveCfg = Debug|Any CPU
		{426BC868-968D-46F0-A44F-0AFA36CAD51D}.Debug|ARM.Build.0 = Debug|Any CPU
		{426BC868-968D-46F0-A44F-0AFA36CAD51D}.Debug|iPhone.ActiveCfg = Debug|Any CPU
		{426BC868-968D-46F0-A44F-0AFA36CAD51D}.Debug|iPhone.Build.0 = Debug|Any CPU
		{426BC868-968D-46F0-A44F-0AFA36CAD51D}.Debug|iPhoneSimulator.ActiveCfg = Debug|Any CPU
		{426BC868-968D-46F0-A44F-0AFA36CAD51D}.Debug|iPhoneSimulator.Build.0 = Debug|Any CPU
		{426BC868-968D-46F0-A44F-0AFA36CAD51D}.Debug|Mixed Platforms.ActiveCfg = Debug|Any CPU
		{426BC868-968D-46F0-A44F-0AFA36CAD51D}.Debug|Mixed Platforms.Build.0 = Debug|Any CPU
		{426BC868-968D-46F0-A44F-0AFA36CAD51D}.Debug|x64.ActiveCfg = Debug|Any CPU
		{426BC868-968D-46F0-A44F-0AFA36CAD51D}.Debug|x64.Build.0 = Debug|Any CPU
		{426BC868-968D-46F0-A44F-0AFA36CAD51D}.Debug|x86.ActiveCfg = Debug|Any CPU
		{426BC868-968D-46F0-A44F-0AFA36CAD51D}.Debug|x86.Build.0 = Debug|Any CPU
		{426BC868-968D-46F0-A44F-0AFA36CAD51D}.Release|Any CPU.ActiveCfg = Release|Any CPU
		{426BC868-968D-46F0-A44F-0AFA36CAD51D}.Release|Any CPU.Build.0 = Release|Any CPU
		{426BC868-968D-46F0-A44F-0AFA36CAD51D}.Release|ARM.ActiveCfg = Release|Any CPU
		{426BC868-968D-46F0-A44F-0AFA36CAD51D}.Release|ARM.Build.0 = Release|Any CPU
		{426BC868-968D-46F0-A44F-0AFA36CAD51D}.Release|iPhone.ActiveCfg = Release|Any CPU
		{426BC868-968D-46F0-A44F-0AFA36CAD51D}.Release|iPhone.Build.0 = Release|Any CPU
		{426BC868-968D-46F0-A44F-0AFA36CAD51D}.Release|iPhoneSimulator.ActiveCfg = Release|Any CPU
		{426BC868-968D-46F0-A44F-0AFA36CAD51D}.Release|iPhoneSimulator.Build.0 = Release|Any CPU
		{426BC868-968D-46F0-A44F-0AFA36CAD51D}.Release|Mixed Platforms.ActiveCfg = Release|Any CPU
		{426BC868-968D-46F0-A44F-0AFA36CAD51D}.Release|Mixed Platforms.Build.0 = Release|Any CPU
		{426BC868-968D-46F0-A44F-0AFA36CAD51D}.Release|x64.ActiveCfg = Release|Any CPU
		{426BC868-968D-46F0-A44F-0AFA36CAD51D}.Release|x64.Build.0 = Release|Any CPU
		{426BC868-968D-46F0-A44F-0AFA36CAD51D}.Release|x86.ActiveCfg = Release|Any CPU
		{426BC868-968D-46F0-A44F-0AFA36CAD51D}.Release|x86.Build.0 = Release|Any CPU
		{5BB894B0-B3EE-4085-BBD9-3CF243FD57EA}.Ad-Hoc|Any CPU.ActiveCfg = Release|Any CPU
		{5BB894B0-B3EE-4085-BBD9-3CF243FD57EA}.Ad-Hoc|Any CPU.Build.0 = Release|Any CPU
		{5BB894B0-B3EE-4085-BBD9-3CF243FD57EA}.Ad-Hoc|ARM.ActiveCfg = Release|Any CPU
		{5BB894B0-B3EE-4085-BBD9-3CF243FD57EA}.Ad-Hoc|ARM.Build.0 = Release|Any CPU
		{5BB894B0-B3EE-4085-BBD9-3CF243FD57EA}.Ad-Hoc|iPhone.ActiveCfg = Release|Any CPU
		{5BB894B0-B3EE-4085-BBD9-3CF243FD57EA}.Ad-Hoc|iPhone.Build.0 = Release|Any CPU
		{5BB894B0-B3EE-4085-BBD9-3CF243FD57EA}.Ad-Hoc|iPhoneSimulator.ActiveCfg = Release|Any CPU
		{5BB894B0-B3EE-4085-BBD9-3CF243FD57EA}.Ad-Hoc|iPhoneSimulator.Build.0 = Release|Any CPU
		{5BB894B0-B3EE-4085-BBD9-3CF243FD57EA}.Ad-Hoc|Mixed Platforms.ActiveCfg = Release|Any CPU
		{5BB894B0-B3EE-4085-BBD9-3CF243FD57EA}.Ad-Hoc|Mixed Platforms.Build.0 = Release|Any CPU
		{5BB894B0-B3EE-4085-BBD9-3CF243FD57EA}.Ad-Hoc|x64.ActiveCfg = Release|Any CPU
		{5BB894B0-B3EE-4085-BBD9-3CF243FD57EA}.Ad-Hoc|x64.Build.0 = Release|Any CPU
		{5BB894B0-B3EE-4085-BBD9-3CF243FD57EA}.Ad-Hoc|x86.ActiveCfg = Release|Any CPU
		{5BB894B0-B3EE-4085-BBD9-3CF243FD57EA}.Ad-Hoc|x86.Build.0 = Release|Any CPU
		{5BB894B0-B3EE-4085-BBD9-3CF243FD57EA}.AppStore|Any CPU.ActiveCfg = Release|Any CPU
		{5BB894B0-B3EE-4085-BBD9-3CF243FD57EA}.AppStore|Any CPU.Build.0 = Release|Any CPU
		{5BB894B0-B3EE-4085-BBD9-3CF243FD57EA}.AppStore|ARM.ActiveCfg = Release|Any CPU
		{5BB894B0-B3EE-4085-BBD9-3CF243FD57EA}.AppStore|ARM.Build.0 = Release|Any CPU
		{5BB894B0-B3EE-4085-BBD9-3CF243FD57EA}.AppStore|iPhone.ActiveCfg = Release|Any CPU
		{5BB894B0-B3EE-4085-BBD9-3CF243FD57EA}.AppStore|iPhone.Build.0 = Release|Any CPU
		{5BB894B0-B3EE-4085-BBD9-3CF243FD57EA}.AppStore|iPhoneSimulator.ActiveCfg = Release|Any CPU
		{5BB894B0-B3EE-4085-BBD9-3CF243FD57EA}.AppStore|iPhoneSimulator.Build.0 = Release|Any CPU
		{5BB894B0-B3EE-4085-BBD9-3CF243FD57EA}.AppStore|Mixed Platforms.ActiveCfg = Release|Any CPU
		{5BB894B0-B3EE-4085-BBD9-3CF243FD57EA}.AppStore|Mixed Platforms.Build.0 = Release|Any CPU
		{5BB894B0-B3EE-4085-BBD9-3CF243FD57EA}.AppStore|x64.ActiveCfg = Release|Any CPU
		{5BB894B0-B3EE-4085-BBD9-3CF243FD57EA}.AppStore|x64.Build.0 = Release|Any CPU
		{5BB894B0-B3EE-4085-BBD9-3CF243FD57EA}.AppStore|x86.ActiveCfg = Release|Any CPU
		{5BB894B0-B3EE-4085-BBD9-3CF243FD57EA}.AppStore|x86.Build.0 = Release|Any CPU
		{5BB894B0-B3EE-4085-BBD9-3CF243FD57EA}.Debug|Any CPU.ActiveCfg = Debug|Any CPU
		{5BB894B0-B3EE-4085-BBD9-3CF243FD57EA}.Debug|Any CPU.Build.0 = Debug|Any CPU
		{5BB894B0-B3EE-4085-BBD9-3CF243FD57EA}.Debug|ARM.ActiveCfg = Debug|Any CPU
		{5BB894B0-B3EE-4085-BBD9-3CF243FD57EA}.Debug|ARM.Build.0 = Debug|Any CPU
		{5BB894B0-B3EE-4085-BBD9-3CF243FD57EA}.Debug|iPhone.ActiveCfg = Debug|Any CPU
		{5BB894B0-B3EE-4085-BBD9-3CF243FD57EA}.Debug|iPhone.Build.0 = Debug|Any CPU
		{5BB894B0-B3EE-4085-BBD9-3CF243FD57EA}.Debug|iPhoneSimulator.ActiveCfg = Debug|Any CPU
		{5BB894B0-B3EE-4085-BBD9-3CF243FD57EA}.Debug|iPhoneSimulator.Build.0 = Debug|Any CPU
		{5BB894B0-B3EE-4085-BBD9-3CF243FD57EA}.Debug|Mixed Platforms.ActiveCfg = Debug|Any CPU
		{5BB894B0-B3EE-4085-BBD9-3CF243FD57EA}.Debug|Mixed Platforms.Build.0 = Debug|Any CPU
		{5BB894B0-B3EE-4085-BBD9-3CF243FD57EA}.Debug|x64.ActiveCfg = Debug|Any CPU
		{5BB894B0-B3EE-4085-BBD9-3CF243FD57EA}.Debug|x64.Build.0 = Debug|Any CPU
		{5BB894B0-B3EE-4085-BBD9-3CF243FD57EA}.Debug|x86.ActiveCfg = Debug|Any CPU
		{5BB894B0-B3EE-4085-BBD9-3CF243FD57EA}.Debug|x86.Build.0 = Debug|Any CPU
		{5BB894B0-B3EE-4085-BBD9-3CF243FD57EA}.Release|Any CPU.ActiveCfg = Release|Any CPU
		{5BB894B0-B3EE-4085-BBD9-3CF243FD57EA}.Release|Any CPU.Build.0 = Release|Any CPU
		{5BB894B0-B3EE-4085-BBD9-3CF243FD57EA}.Release|ARM.ActiveCfg = Release|Any CPU
		{5BB894B0-B3EE-4085-BBD9-3CF243FD57EA}.Release|ARM.Build.0 = Release|Any CPU
		{5BB894B0-B3EE-4085-BBD9-3CF243FD57EA}.Release|iPhone.ActiveCfg = Release|Any CPU
		{5BB894B0-B3EE-4085-BBD9-3CF243FD57EA}.Release|iPhone.Build.0 = Release|Any CPU
		{5BB894B0-B3EE-4085-BBD9-3CF243FD57EA}.Release|iPhoneSimulator.ActiveCfg = Release|Any CPU
		{5BB894B0-B3EE-4085-BBD9-3CF243FD57EA}.Release|iPhoneSimulator.Build.0 = Release|Any CPU
		{5BB894B0-B3EE-4085-BBD9-3CF243FD57EA}.Release|Mixed Platforms.ActiveCfg = Release|Any CPU
		{5BB894B0-B3EE-4085-BBD9-3CF243FD57EA}.Release|Mixed Platforms.Build.0 = Release|Any CPU
		{5BB894B0-B3EE-4085-BBD9-3CF243FD57EA}.Release|x64.ActiveCfg = Release|Any CPU
		{5BB894B0-B3EE-4085-BBD9-3CF243FD57EA}.Release|x64.Build.0 = Release|Any CPU
		{5BB894B0-B3EE-4085-BBD9-3CF243FD57EA}.Release|x86.ActiveCfg = Release|Any CPU
		{5BB894B0-B3EE-4085-BBD9-3CF243FD57EA}.Release|x86.Build.0 = Release|Any CPU
		{6D25AA30-C3AF-4AE0-B567-0F2653120CDC}.Ad-Hoc|Any CPU.ActiveCfg = Release|Any CPU
		{6D25AA30-C3AF-4AE0-B567-0F2653120CDC}.Ad-Hoc|Any CPU.Build.0 = Release|Any CPU
		{6D25AA30-C3AF-4AE0-B567-0F2653120CDC}.Ad-Hoc|ARM.ActiveCfg = Release|Any CPU
		{6D25AA30-C3AF-4AE0-B567-0F2653120CDC}.Ad-Hoc|ARM.Build.0 = Release|Any CPU
		{6D25AA30-C3AF-4AE0-B567-0F2653120CDC}.Ad-Hoc|iPhone.ActiveCfg = Release|Any CPU
		{6D25AA30-C3AF-4AE0-B567-0F2653120CDC}.Ad-Hoc|iPhone.Build.0 = Release|Any CPU
		{6D25AA30-C3AF-4AE0-B567-0F2653120CDC}.Ad-Hoc|iPhoneSimulator.ActiveCfg = Release|Any CPU
		{6D25AA30-C3AF-4AE0-B567-0F2653120CDC}.Ad-Hoc|iPhoneSimulator.Build.0 = Release|Any CPU
		{6D25AA30-C3AF-4AE0-B567-0F2653120CDC}.Ad-Hoc|Mixed Platforms.ActiveCfg = Release|Any CPU
		{6D25AA30-C3AF-4AE0-B567-0F2653120CDC}.Ad-Hoc|Mixed Platforms.Build.0 = Release|Any CPU
		{6D25AA30-C3AF-4AE0-B567-0F2653120CDC}.Ad-Hoc|x64.ActiveCfg = Release|Any CPU
		{6D25AA30-C3AF-4AE0-B567-0F2653120CDC}.Ad-Hoc|x64.Build.0 = Release|Any CPU
		{6D25AA30-C3AF-4AE0-B567-0F2653120CDC}.Ad-Hoc|x86.ActiveCfg = Release|Any CPU
		{6D25AA30-C3AF-4AE0-B567-0F2653120CDC}.Ad-Hoc|x86.Build.0 = Release|Any CPU
		{6D25AA30-C3AF-4AE0-B567-0F2653120CDC}.AppStore|Any CPU.ActiveCfg = Release|Any CPU
		{6D25AA30-C3AF-4AE0-B567-0F2653120CDC}.AppStore|Any CPU.Build.0 = Release|Any CPU
		{6D25AA30-C3AF-4AE0-B567-0F2653120CDC}.AppStore|ARM.ActiveCfg = Release|Any CPU
		{6D25AA30-C3AF-4AE0-B567-0F2653120CDC}.AppStore|ARM.Build.0 = Release|Any CPU
		{6D25AA30-C3AF-4AE0-B567-0F2653120CDC}.AppStore|iPhone.ActiveCfg = Release|Any CPU
		{6D25AA30-C3AF-4AE0-B567-0F2653120CDC}.AppStore|iPhone.Build.0 = Release|Any CPU
		{6D25AA30-C3AF-4AE0-B567-0F2653120CDC}.AppStore|iPhoneSimulator.ActiveCfg = Release|Any CPU
		{6D25AA30-C3AF-4AE0-B567-0F2653120CDC}.AppStore|iPhoneSimulator.Build.0 = Release|Any CPU
		{6D25AA30-C3AF-4AE0-B567-0F2653120CDC}.AppStore|Mixed Platforms.ActiveCfg = Release|Any CPU
		{6D25AA30-C3AF-4AE0-B567-0F2653120CDC}.AppStore|Mixed Platforms.Build.0 = Release|Any CPU
		{6D25AA30-C3AF-4AE0-B567-0F2653120CDC}.AppStore|x64.ActiveCfg = Release|Any CPU
		{6D25AA30-C3AF-4AE0-B567-0F2653120CDC}.AppStore|x64.Build.0 = Release|Any CPU
		{6D25AA30-C3AF-4AE0-B567-0F2653120CDC}.AppStore|x86.ActiveCfg = Release|Any CPU
		{6D25AA30-C3AF-4AE0-B567-0F2653120CDC}.AppStore|x86.Build.0 = Release|Any CPU
		{6D25AA30-C3AF-4AE0-B567-0F2653120CDC}.Debug|Any CPU.ActiveCfg = Debug|Any CPU
		{6D25AA30-C3AF-4AE0-B567-0F2653120CDC}.Debug|Any CPU.Build.0 = Debug|Any CPU
		{6D25AA30-C3AF-4AE0-B567-0F2653120CDC}.Debug|ARM.ActiveCfg = Debug|Any CPU
		{6D25AA30-C3AF-4AE0-B567-0F2653120CDC}.Debug|ARM.Build.0 = Debug|Any CPU
		{6D25AA30-C3AF-4AE0-B567-0F2653120CDC}.Debug|iPhone.ActiveCfg = Debug|Any CPU
		{6D25AA30-C3AF-4AE0-B567-0F2653120CDC}.Debug|iPhone.Build.0 = Debug|Any CPU
		{6D25AA30-C3AF-4AE0-B567-0F2653120CDC}.Debug|iPhoneSimulator.ActiveCfg = Debug|Any CPU
		{6D25AA30-C3AF-4AE0-B567-0F2653120CDC}.Debug|iPhoneSimulator.Build.0 = Debug|Any CPU
		{6D25AA30-C3AF-4AE0-B567-0F2653120CDC}.Debug|Mixed Platforms.ActiveCfg = Debug|Any CPU
		{6D25AA30-C3AF-4AE0-B567-0F2653120CDC}.Debug|Mixed Platforms.Build.0 = Debug|Any CPU
		{6D25AA30-C3AF-4AE0-B567-0F2653120CDC}.Debug|x64.ActiveCfg = Debug|Any CPU
		{6D25AA30-C3AF-4AE0-B567-0F2653120CDC}.Debug|x64.Build.0 = Debug|Any CPU
		{6D25AA30-C3AF-4AE0-B567-0F2653120CDC}.Debug|x86.ActiveCfg = Debug|Any CPU
		{6D25AA30-C3AF-4AE0-B567-0F2653120CDC}.Debug|x86.Build.0 = Debug|Any CPU
		{6D25AA30-C3AF-4AE0-B567-0F2653120CDC}.Release|Any CPU.ActiveCfg = Release|Any CPU
		{6D25AA30-C3AF-4AE0-B567-0F2653120CDC}.Release|Any CPU.Build.0 = Release|Any CPU
		{6D25AA30-C3AF-4AE0-B567-0F2653120CDC}.Release|ARM.ActiveCfg = Release|Any CPU
		{6D25AA30-C3AF-4AE0-B567-0F2653120CDC}.Release|ARM.Build.0 = Release|Any CPU
		{6D25AA30-C3AF-4AE0-B567-0F2653120CDC}.Release|iPhone.ActiveCfg = Release|Any CPU
		{6D25AA30-C3AF-4AE0-B567-0F2653120CDC}.Release|iPhone.Build.0 = Release|Any CPU
		{6D25AA30-C3AF-4AE0-B567-0F2653120CDC}.Release|iPhoneSimulator.ActiveCfg = Release|Any CPU
		{6D25AA30-C3AF-4AE0-B567-0F2653120CDC}.Release|iPhoneSimulator.Build.0 = Release|Any CPU
		{6D25AA30-C3AF-4AE0-B567-0F2653120CDC}.Release|Mixed Platforms.ActiveCfg = Release|Any CPU
		{6D25AA30-C3AF-4AE0-B567-0F2653120CDC}.Release|Mixed Platforms.Build.0 = Release|Any CPU
		{6D25AA30-C3AF-4AE0-B567-0F2653120CDC}.Release|x64.ActiveCfg = Release|Any CPU
		{6D25AA30-C3AF-4AE0-B567-0F2653120CDC}.Release|x64.Build.0 = Release|Any CPU
		{6D25AA30-C3AF-4AE0-B567-0F2653120CDC}.Release|x86.ActiveCfg = Release|Any CPU
		{6D25AA30-C3AF-4AE0-B567-0F2653120CDC}.Release|x86.Build.0 = Release|Any CPU

	EndGlobalSection
	GlobalSection(SolutionProperties) = preSolution
		HideSolutionNode = FALSE
	EndGlobalSection
	GlobalSection(NestedProjects) = preSolution
		{6D25AA30-C3AF-4AE0-B567-0F2653120CDC} = {B627375D-D8C2-408C-BEDF-99060EC757BA}

	EndGlobalSection
EndGlobal
