Microsoft Visual Studio Solution File, Format Version 12.00
# Visual Studio 15
VisualStudioVersion = 15.0.26228.9
MinimumVisualStudioVersion = 10.0.40219.1
Project("{FAE04EC0-301F-11D3-BF4B-00C04F79EFBC}") = "Elmah.WebApiControllers", "Elmah\WebApiControllers\Elmah.WebApiControllers.csproj", "{5CF8F04B-3C21-487B-9760-9479EF2D44B5}"
EndProject
Project("{FAE04EC0-301F-11D3-BF4B-00C04F79EFBC}") = "Elmah.Services", "Elmah\Services\Elmah.Services.csproj", "{0E202C61-22C1-4679-B91C-03A940C025B7}"
EndProject
Project("{FAE04EC0-301F-11D3-BF4B-00C04F79EFBC}") = "Elmah.RepositoryContracts", "Elmah\RepositoryContracts\Elmah.RepositoryContracts.csproj", "{398B602B-2A1A-47D0-8E08-DC7BD39C8391}"
EndProject
Project("{FAE04EC0-301F-11D3-BF4B-00C04F79EFBC}") = "Elmah.ModelContracts", "Elmah\ModelContracts\Elmah.ModelContracts.csproj", "{60CD7610-3E66-41C8-A233-21A33AD3E21F}"
EndProject
Project("{FAE04EC0-301F-11D3-BF4B-00C04F79EFBC}") = "Elmah.Models", "Elmah\Models\Elmah.Models.csproj", "{BBEF46AF-CA4A-410F-93EF-5F6CE23C8CB0}"
EndProject
Project("{FAE04EC0-301F-11D3-BF4B-00C04F79EFBC}") = "Elmah.EFCoreContext", "Elmah\EFCoreContext\Elmah.EFCoreContext.csproj", "{5251AF9C-1AF7-4841-A487-043B9EE892EF}"
EndProject
Project("{FAE04EC0-301F-11D3-BF4B-00C04F79EFBC}") = "Elmah.EFCoreRepositories", "Elmah\EFCoreRepositories\Elmah.EFCoreRepositories.csproj", "{D2040BFA-F8D2-43C8-AB0F-B5A4A1258EFF}"
EndProject
Project("{FAE04EC0-301F-11D3-BF4B-00C04F79EFBC}") = "Elmah.Resx", "Elmah\Resx\Elmah.Resx.csproj", "{426BC868-968D-46F0-A44F-0AFA36CAD51D}"
EndProject
Project("{FAE04EC0-301F-11D3-BF4B-00C04F79EFBC}") = "Elmah.ServiceContracts", "Elmah\ServiceContracts\Elmah.ServiceContracts.csproj", "{5BB894B0-B3EE-4085-BBD9-3CF243FD57EA}"
EndProject
Project("{FAE04EC0-301F-11D3-BF4B-00C04F79EFBC}") = "Framework", "Frameworks\Framework\Framework.csproj", "{6D25AA30-C3AF-4AE0-B567-0F2653120CDC}"
EndProject
Project("{2150E333-8FDC-42A3-9474-1A3956D46DE8}") = "1.A.1.", "1.A.1.", "{2de48dd9-908a-4881-af27-121dff17f3bb}"
EndProject
Project("{2150E333-8FDC-42A3-9474-1A3956D46DE8}") = "1.A.2.", "1.A.2.", "{23a5519d-158b-4907-941a-baf58bb490ed}"
EndProject
Project("{2150E333-8FDC-42A3-9474-1A3956D46DE8}") = "1.A.3.", "1.A.3.", "{1c9459cf-9218-4c28-8c76-4e10817e5b02}"
EndProject
Project("{2150E333-8FDC-42A3-9474-1A3956D46DE8}") = "1.B.1.", "1.B.1.", "{5adae702-3932-4d63-a7e5-49d8f5687977}"
EndProject
Project("{2150E333-8FDC-42A3-9474-1A3956D46DE8}") = "1.B.2.", "1.B.2.", "{68fce379-e2ea-4f58-8482-bc69257be2d1}"
EndProject
Project("{2150E333-8FDC-42A3-9474-1A3956D46DE8}") = "1.B.3.", "1.B.3.", "{99c00974-2ea1-452b-a45c-dd23d9d2048b}"
EndProject
Project("{2150E333-8FDC-42A3-9474-1A3956D46DE8}") = "1.B.4.", "1.B.4.", "{86978270-9a1c-4b4b-9370-647debfc7639}"
EndProject
Project("{2150E333-8FDC-42A3-9474-1A3956D46DE8}") = "1.C.1.", "1.C.1.", "{135f7894-b51d-48fb-8e5c-6feaa5ceca96}"
EndProject
Project("{2150E333-8FDC-42A3-9474-1A3956D46DE8}") = "1.C.2.", "1.C.2.", "{22081560-52b3-4de3-98d7-b43ac79dec25}"
EndProject
Project("{2150E333-8FDC-42A3-9474-1A3956D46DE8}") = "1.D.1.", "1.D.1.", "{4a621eb1-02e5-4558-bbbf-8694ae854c5d}"
EndProject
Project("{2150E333-8FDC-42A3-9474-1A3956D46DE8}") = "1.D.2.", "1.D.2.", "{bc311bab-2261-4f78-8754-7ed48e00c8f1}"
EndProject
Project("{2150E333-8FDC-42A3-9474-1A3956D46DE8}") = "2.A.1.", "2.A.1.", "{d2ea2239-f0ba-4750-8750-37cd9c231af7}"
EndProject
Project("{2150E333-8FDC-42A3-9474-1A3956D46DE8}") = "2.A.2.", "2.A.2.", "{c12033db-cc34-4950-a0fb-4e368a350d23}"
EndProject
Project("{2150E333-8FDC-42A3-9474-1A3956D46DE8}") = "2.A.3.", "2.A.3.", "{43fa57bd-a4c3-450b-8aed-ee6c09598d0c}"
EndProject
Project("{2150E333-8FDC-42A3-9474-1A3956D46DE8}") = "2.B.1.", "2.B.1.", "{17b3a55e-b199-41ef-b530-232f4b4d0c11}"
EndProject
Project("{2150E333-8FDC-42A3-9474-1A3956D46DE8}") = "2.B.2.", "2.B.2.", "{6d84af1b-527c-4f67-82e9-c9f57a619d0a}"
EndProject
Project("{2150E333-8FDC-42A3-9474-1A3956D46DE8}") = "2.B.3.", "2.B.3.", "{42ef76b9-9968-4c93-bd48-b3c6bd47de35}"
EndProject
Project("{2150E333-8FDC-42A3-9474-1A3956D46DE8}") = "2.B.4.", "2.B.4.", "{e33f19e6-ae29-49a2-9505-65680690a935}"
EndProject
Project("{2150E333-8FDC-42A3-9474-1A3956D46DE8}") = "2.C.1.", "2.C.1.", "{d71dd286-a989-486d-9d9d-66e11e2e8b1f}"
EndProject
Project("{2150E333-8FDC-42A3-9474-1A3956D46DE8}") = "2.C.2.", "2.C.2.", "{e34b5b15-1121-43e5-8390-81d4790504a3}"
EndProject
Project("{2150E333-8FDC-42A3-9474-1A3956D46DE8}") = "2.D.1.", "2.D.1.", "{6adff0ad-d80c-4703-a692-4997477ebde6}"
EndProject
Project("{2150E333-8FDC-42A3-9474-1A3956D46DE8}") = "2.D.2.", "2.D.2.", "{81b8a46d-eb62-4dd2-8b85-6094b2d5ffc9}"
EndProject
Project("{2150E333-8FDC-42A3-9474-1A3956D46DE8}") = "2.Z.1.", "2.Z.1.", "{f17ea7a6-d2c0-470c-b0e9-d08ef598de86}"
EndProject
Project("{2150E333-8FDC-42A3-9474-1A3956D46DE8}") = "2.Z.2.", "2.Z.2.", "{1d4581cb-63fe-4a3b-a636-eeb29962e386}"
EndProject
Project("{2150E333-8FDC-42A3-9474-1A3956D46DE8}") = "2.Z.3.", "2.Z.3.", "{da1cac13-db17-40d7-8dac-ebce6daa48a9}"
EndProject
Global
	GlobalSection(SolutionConfigurationPlatforms) = preSolution
		Debug|Any CPU = Debug|Any CPU
		Release|Any CPU = Release|Any CPU
	EndGlobalSection
	GlobalSection(ProjectConfigurationPlatforms) = postSolution
		{5CF8F04B-3C21-487B-9760-9479EF2D44B5}.Debug|Any CPU.ActiveCfg = Debug|Any CPU
		{5CF8F04B-3C21-487B-9760-9479EF2D44B5}.Debug|Any CPU.Build.0 = Debug|Any CPU
		{5CF8F04B-3C21-487B-9760-9479EF2D44B5}.Release|Any CPU.ActiveCfg = Release|Any CPU
		{5CF8F04B-3C21-487B-9760-9479EF2D44B5}.Debug|Any CPU.Build.0 = Debug|Any CPU
		{0E202C61-22C1-4679-B91C-03A940C025B7}.Debug|Any CPU.ActiveCfg = Debug|Any CPU
		{0E202C61-22C1-4679-B91C-03A940C025B7}.Debug|Any CPU.Build.0 = Debug|Any CPU
		{0E202C61-22C1-4679-B91C-03A940C025B7}.Release|Any CPU.ActiveCfg = Release|Any CPU
		{0E202C61-22C1-4679-B91C-03A940C025B7}.Debug|Any CPU.Build.0 = Debug|Any CPU
		{398B602B-2A1A-47D0-8E08-DC7BD39C8391}.Debug|Any CPU.ActiveCfg = Debug|Any CPU
		{398B602B-2A1A-47D0-8E08-DC7BD39C8391}.Debug|Any CPU.Build.0 = Debug|Any CPU
		{398B602B-2A1A-47D0-8E08-DC7BD39C8391}.Release|Any CPU.ActiveCfg = Release|Any CPU
		{398B602B-2A1A-47D0-8E08-DC7BD39C8391}.Debug|Any CPU.Build.0 = Debug|Any CPU
		{60CD7610-3E66-41C8-A233-21A33AD3E21F}.Debug|Any CPU.ActiveCfg = Debug|Any CPU
		{60CD7610-3E66-41C8-A233-21A33AD3E21F}.Debug|Any CPU.Build.0 = Debug|Any CPU
		{60CD7610-3E66-41C8-A233-21A33AD3E21F}.Release|Any CPU.ActiveCfg = Release|Any CPU
		{60CD7610-3E66-41C8-A233-21A33AD3E21F}.Debug|Any CPU.Build.0 = Debug|Any CPU
		{BBEF46AF-CA4A-410F-93EF-5F6CE23C8CB0}.Debug|Any CPU.ActiveCfg = Debug|Any CPU
		{BBEF46AF-CA4A-410F-93EF-5F6CE23C8CB0}.Debug|Any CPU.Build.0 = Debug|Any CPU
		{BBEF46AF-CA4A-410F-93EF-5F6CE23C8CB0}.Release|Any CPU.ActiveCfg = Release|Any CPU
		{BBEF46AF-CA4A-410F-93EF-5F6CE23C8CB0}.Debug|Any CPU.Build.0 = Debug|Any CPU
		{5251AF9C-1AF7-4841-A487-043B9EE892EF}.Debug|Any CPU.ActiveCfg = Debug|Any CPU
		{5251AF9C-1AF7-4841-A487-043B9EE892EF}.Debug|Any CPU.Build.0 = Debug|Any CPU
		{5251AF9C-1AF7-4841-A487-043B9EE892EF}.Release|Any CPU.ActiveCfg = Release|Any CPU
		{5251AF9C-1AF7-4841-A487-043B9EE892EF}.Debug|Any CPU.Build.0 = Debug|Any CPU
		{D2040BFA-F8D2-43C8-AB0F-B5A4A1258EFF}.Debug|Any CPU.ActiveCfg = Debug|Any CPU
		{D2040BFA-F8D2-43C8-AB0F-B5A4A1258EFF}.Debug|Any CPU.Build.0 = Debug|Any CPU
		{D2040BFA-F8D2-43C8-AB0F-B5A4A1258EFF}.Release|Any CPU.ActiveCfg = Release|Any CPU
		{D2040BFA-F8D2-43C8-AB0F-B5A4A1258EFF}.Debug|Any CPU.Build.0 = Debug|Any CPU
		{426BC868-968D-46F0-A44F-0AFA36CAD51D}.Debug|Any CPU.ActiveCfg = Debug|Any CPU
		{426BC868-968D-46F0-A44F-0AFA36CAD51D}.Debug|Any CPU.Build.0 = Debug|Any CPU
		{426BC868-968D-46F0-A44F-0AFA36CAD51D}.Release|Any CPU.ActiveCfg = Release|Any CPU
		{426BC868-968D-46F0-A44F-0AFA36CAD51D}.Debug|Any CPU.Build.0 = Debug|Any CPU
		{5BB894B0-B3EE-4085-BBD9-3CF243FD57EA}.Debug|Any CPU.ActiveCfg = Debug|Any CPU
		{5BB894B0-B3EE-4085-BBD9-3CF243FD57EA}.Debug|Any CPU.Build.0 = Debug|Any CPU
		{5BB894B0-B3EE-4085-BBD9-3CF243FD57EA}.Release|Any CPU.ActiveCfg = Release|Any CPU
		{5BB894B0-B3EE-4085-BBD9-3CF243FD57EA}.Debug|Any CPU.Build.0 = Debug|Any CPU
		{6D25AA30-C3AF-4AE0-B567-0F2653120CDC}.Debug|Any CPU.ActiveCfg = Debug|Any CPU
		{6D25AA30-C3AF-4AE0-B567-0F2653120CDC}.Debug|Any CPU.Build.0 = Debug|Any CPU
		{6D25AA30-C3AF-4AE0-B567-0F2653120CDC}.Release|Any CPU.ActiveCfg = Release|Any CPU
		{6D25AA30-C3AF-4AE0-B567-0F2653120CDC}.Debug|Any CPU.Build.0 = Debug|Any CPU
	EndGlobalSection
	GlobalSection(SolutionProperties) = preSolution
		HideSolutionNode = FALSE
	EndGlobalSection
	GlobalSection(NestedProjects) = preSolution
		{6d25aa30-c3af-4ae0-b567-0f2653120cdc} = {2de48dd9-908a-4881-af27-121dff17f3bb}
		{398b602b-2a1a-47d0-8e08-dc7bd39c8391} = {d2ea2239-f0ba-4750-8750-37cd9c231af7}
		{5251af9c-1af7-4841-a487-043b9ee892ef} = {d2ea2239-f0ba-4750-8750-37cd9c231af7}
		{d2040bfa-f8d2-43c8-ab0f-b5a4a1258eff} = {d2ea2239-f0ba-4750-8750-37cd9c231af7}
		{426bc868-968d-46f0-a44f-0afa36cad51d} = {c12033db-cc34-4950-a0fb-4e368a350d23}
		{0e202c61-22c1-4679-b91c-03a940c025b7} = {6d84af1b-527c-4f67-82e9-c9f57a619d0a}
		{5bb894b0-b3ee-4085-bbd9-3cf243fd57ea} = {6d84af1b-527c-4f67-82e9-c9f57a619d0a}
		{60cd7610-3e66-41c8-a233-21a33ad3e21f} = {42ef76b9-9968-4c93-bd48-b3c6bd47de35}
		{bbef46af-ca4a-410f-93ef-5f6ce23c8cb0} = {42ef76b9-9968-4c93-bd48-b3c6bd47de35}
		{5cf8f04b-3c21-487b-9760-9479ef2d44b5} = {6adff0ad-d80c-4703-a692-4997477ebde6}

    EndGlobal
EndGlobalSection

